// !$*UTF8*$!
{
	archiveVersion = 1;
	classes = {
	};
	objectVersion = 46;
	objects = {

/* Begin PBXAggregateTarget section */
		1E5F8F5118AA91330045A477 /* libs */ = {
			isa = PBXAggregateTarget;
			buildConfigurationList = 1E5F8F5218AA91330045A477 /* Build configuration list for PBXAggregateTarget "libs" */;
			buildPhases = (
			);
			dependencies = (
				1EDADF331D8B0C6500D47689 /* PBXTargetDependency */,
				AC3FFDFE1D8835900049666E /* PBXTargetDependency */,
				AC7762A51D1ACE550006A58E /* PBXTargetDependency */,
				ACD67C001CEC9D1000DD2CFE /* PBXTargetDependency */,
				1E15253A1CA9CD8D0056C506 /* PBXTargetDependency */,
				1E15253C1CA9CD8D0056C506 /* PBXTargetDependency */,
				1E1525381CA9CD8D0056C506 /* PBXTargetDependency */,
				1E15253E1CA9CD8D0056C506 /* PBXTargetDependency */,
				1E1525401CA9CD8D0056C506 /* PBXTargetDependency */,
				D7A1964818B2242E00F412DA /* PBXTargetDependency */,
				1E5F8F5818AA913D0045A477 /* PBXTargetDependency */,
				1E12F4BD1CC6594E00105A34 /* PBXTargetDependency */,
				1E5F8F5A18AA913D0045A477 /* PBXTargetDependency */,
			);
			name = libs;
			productName = libs;
		};
		1EADE5DC18AA404400EF3180 /* all */ = {
			isa = PBXAggregateTarget;
			buildConfigurationList = 1EADE5DD18AA404400EF3180 /* Build configuration list for PBXAggregateTarget "all" */;
			buildPhases = (
			);
			dependencies = (
				1E306DFF1C4949BA00BAC6E3 /* PBXTargetDependency */,
				1E306E031C4949C900BAC6E3 /* PBXTargetDependency */,
				1EADE5FF18AA408B00EF3180 /* PBXTargetDependency */,
				1ED800511E198C6B0021BEC0 /* PBXTargetDependency */,
				1E306E011C4949BE00BAC6E3 /* PBXTargetDependency */,
			);
			name = all;
			productName = all;
		};
		1EADE5F818AA407D00EF3180 /* Tests */ = {
			isa = PBXAggregateTarget;
			buildConfigurationList = 1EADE5F918AA407D00EF3180 /* Build configuration list for PBXAggregateTarget "Tests" */;
			buildPhases = (
				1E5F8F5018AA911E0045A477 /* ShellScript */,
			);
			dependencies = (
				1E5F8F5C18AA91430045A477 /* PBXTargetDependency */,
				1E306DFD1C4949AB00BAC6E3 /* PBXTargetDependency */,
			);
			name = Tests;
			productName = Tests;
		};
		AC4AA6331C480E7F00C92E12 /* Natron */ = {
			isa = PBXAggregateTarget;
			buildConfigurationList = AC4AA6341C480E7F00C92E12 /* Build configuration list for PBXAggregateTarget "Natron" */;
			buildPhases = (
				1E11781C1D8BD83E00024C91 /* CopyFiles */,
			);
			dependencies = (
				AC4AA6381C480E8700C92E12 /* PBXTargetDependency */,
				1E1178141D8BD50E00024C91 /* PBXTargetDependency */,
				1E306E051C4949D700BAC6E3 /* PBXTargetDependency */,
			);
			name = Natron;
			productName = Natron;
		};
/* End PBXAggregateTarget section */

/* Begin PBXBuildFile section */
		1E11781D1D8BD87100024C91 /* NatronProjectConverter in CopyFiles */ = {isa = PBXBuildFile; fileRef = AC07FAE21D6F65D100A5A9D8 /* NatronProjectConverter */; };
/* End PBXBuildFile section */

/* Begin PBXContainerItemProxy section */
		1E1178131D8BD50E00024C91 /* PBXContainerItemProxy */ = {
			isa = PBXContainerItemProxy;
			containerPortal = AC07FADB1D6F65D100A5A9D8 /* NatronProjectConverter.xcodeproj */;
			proxyType = 1;
			remoteGlobalIDString = 923D21C3763E39C9804AEAFB;
			remoteInfo = NatronProjectConverter;
		};
		1E12F4BA1CC6593300105A34 /* PBXContainerItemProxy */ = {
			isa = PBXContainerItemProxy;
			containerPortal = 1E12F4B41CC6593300105A34 /* qhttpserver.xcodeproj */;
			proxyType = 2;
			remoteGlobalIDString = 1E12F4B71CC6593300105A34;
			remoteInfo = qhttpserver;
		};
		1E12F4BC1CC6594E00105A34 /* PBXContainerItemProxy */ = {
			isa = PBXContainerItemProxy;
			containerPortal = 1E12F4B41CC6593300105A34 /* qhttpserver.xcodeproj */;
			proxyType = 1;
			remoteGlobalIDString = 7B66319A2D661600E54F0DA9;
			remoteInfo = qhttpserver;
		};
		1E15250D1CA9CCA70056C506 /* PBXContainerItemProxy */ = {
			isa = PBXContainerItemProxy;
			containerPortal = 1E1524F31CA9CCA60056C506 /* ceres.xcodeproj */;
			proxyType = 2;
			remoteGlobalIDString = 1E1524F61CA9CCA60056C506;
			remoteInfo = ceres;
		};
		1E1525101CA9CCA70056C506 /* PBXContainerItemProxy */ = {
			isa = PBXContainerItemProxy;
			containerPortal = 1E1524F81CA9CCA60056C506 /* gflags.xcodeproj */;
			proxyType = 2;
			remoteGlobalIDString = 1E1524FB1CA9CCA60056C506;
			remoteInfo = gflags;
		};
		1E1525131CA9CCA70056C506 /* PBXContainerItemProxy */ = {
			isa = PBXContainerItemProxy;
			containerPortal = 1E1524FD1CA9CCA60056C506 /* glog.xcodeproj */;
			proxyType = 2;
			remoteGlobalIDString = 1E1525001CA9CCA60056C506;
			remoteInfo = glog;
		};
		1E1525161CA9CCA70056C506 /* PBXContainerItemProxy */ = {
			isa = PBXContainerItemProxy;
			containerPortal = 1E1525021CA9CCA60056C506 /* LibMV.xcodeproj */;
			proxyType = 2;
			remoteGlobalIDString = 1E1525051CA9CCA60056C506;
			remoteInfo = LibMV;
		};
		1E1525191CA9CCA70056C506 /* PBXContainerItemProxy */ = {
			isa = PBXContainerItemProxy;
			containerPortal = 1E1525071CA9CCA60056C506 /* openMVG.xcodeproj */;
			proxyType = 2;
			remoteGlobalIDString = 1E15250A1CA9CCA60056C506;
			remoteInfo = openMVG;
		};
		1E1525371CA9CD8D0056C506 /* PBXContainerItemProxy */ = {
			isa = PBXContainerItemProxy;
			containerPortal = 1E1524F31CA9CCA60056C506 /* ceres.xcodeproj */;
			proxyType = 1;
			remoteGlobalIDString = F8CC1206D116CA04F4C59E76;
			remoteInfo = ceres;
		};
		1E1525391CA9CD8D0056C506 /* PBXContainerItemProxy */ = {
			isa = PBXContainerItemProxy;
			containerPortal = 1E1524F81CA9CCA60056C506 /* gflags.xcodeproj */;
			proxyType = 1;
			remoteGlobalIDString = AE1AD09FA66E17B98A648194;
			remoteInfo = gflags;
		};
		1E15253B1CA9CD8D0056C506 /* PBXContainerItemProxy */ = {
			isa = PBXContainerItemProxy;
			containerPortal = 1E1524FD1CA9CCA60056C506 /* glog.xcodeproj */;
			proxyType = 1;
			remoteGlobalIDString = 7569DD78B40A8DF6A62CFA3E;
			remoteInfo = glog;
		};
		1E15253D1CA9CD8D0056C506 /* PBXContainerItemProxy */ = {
			isa = PBXContainerItemProxy;
			containerPortal = 1E1525021CA9CCA60056C506 /* LibMV.xcodeproj */;
			proxyType = 1;
			remoteGlobalIDString = C7E53A7AD172AE9320949229;
			remoteInfo = LibMV;
		};
		1E15253F1CA9CD8D0056C506 /* PBXContainerItemProxy */ = {
			isa = PBXContainerItemProxy;
			containerPortal = 1E1525071CA9CCA60056C506 /* openMVG.xcodeproj */;
			proxyType = 1;
			remoteGlobalIDString = 328590AF750A79D2CF9DFB9A;
			remoteInfo = openMVG;
		};
		1E189EC31C49475E00F1FD20 /* PBXContainerItemProxy */ = {
			isa = PBXContainerItemProxy;
			containerPortal = 1E189EBF1C49475E00F1FD20 /* Natron.xcodeproj */;
			proxyType = 2;
			remoteGlobalIDString = 1E189EBD1C49475600F1FD20;
			remoteInfo = Natron;
		};
		1E306DF61C49497200BAC6E3 /* PBXContainerItemProxy */ = {
			isa = PBXContainerItemProxy;
			containerPortal = 1E306DED1C49497200BAC6E3 /* NatronRenderer.xcodeproj */;
			proxyType = 2;
			remoteGlobalIDString = 1E306DF01C49497200BAC6E3;
			remoteInfo = NatronRenderer;
		};
		1E306DFC1C4949AB00BAC6E3 /* PBXContainerItemProxy */ = {
			isa = PBXContainerItemProxy;
			containerPortal = 1EADE5C718AA403700EF3180 /* Tests.xcodeproj */;
			proxyType = 1;
			remoteGlobalIDString = DC7FDCA340DAC7F023377B78;
			remoteInfo = Tests;
		};
		1E306DFE1C4949BA00BAC6E3 /* PBXContainerItemProxy */ = {
			isa = PBXContainerItemProxy;
			containerPortal = 1EADE5B818AA400B00EF3180 /* Project object */;
			proxyType = 1;
			remoteGlobalIDString = 1E5F8F5118AA91330045A477;
			remoteInfo = libs;
		};
		1E306E001C4949BE00BAC6E3 /* PBXContainerItemProxy */ = {
			isa = PBXContainerItemProxy;
			containerPortal = 1EADE5B818AA400B00EF3180 /* Project object */;
			proxyType = 1;
			remoteGlobalIDString = AC4AA6331C480E7F00C92E12;
			remoteInfo = Natron;
		};
		1E306E021C4949C900BAC6E3 /* PBXContainerItemProxy */ = {
			isa = PBXContainerItemProxy;
			containerPortal = 1E306DED1C49497200BAC6E3 /* NatronRenderer.xcodeproj */;
			proxyType = 1;
			remoteGlobalIDString = 32D9C4266EC8DC770A644D29;
			remoteInfo = NatronRenderer;
		};
		1E306E041C4949D700BAC6E3 /* PBXContainerItemProxy */ = {
			isa = PBXContainerItemProxy;
			containerPortal = 1E189EBF1C49475E00F1FD20 /* Natron.xcodeproj */;
			proxyType = 1;
			remoteGlobalIDString = 782793A212D0A946A2611559;
			remoteInfo = Natron;
		};
		1E5F8F5718AA913D0045A477 /* PBXContainerItemProxy */ = {
			isa = PBXContainerItemProxy;
			containerPortal = 1EADE5C118AA403700EF3180 /* Engine.xcodeproj */;
			proxyType = 1;
			remoteGlobalIDString = F82FF8B1AB092B635B8D3C44;
			remoteInfo = Engine;
		};
		1E5F8F5918AA913D0045A477 /* PBXContainerItemProxy */ = {
			isa = PBXContainerItemProxy;
			containerPortal = 1EADE5C418AA403700EF3180 /* Gui.xcodeproj */;
			proxyType = 1;
			remoteGlobalIDString = 9B38B1D5C33AF4E4B0F859F7;
			remoteInfo = Gui;
		};
		1E5F8F5B18AA91430045A477 /* PBXContainerItemProxy */ = {
			isa = PBXContainerItemProxy;
			containerPortal = 1EADE5B818AA400B00EF3180 /* Project object */;
			proxyType = 1;
			remoteGlobalIDString = 1E5F8F5118AA91330045A477;
			remoteInfo = libs;
		};
		1E7DE01E1FA1FCDB0060E9E7 /* PBXContainerItemProxy */ = {
			isa = PBXContainerItemProxy;
			containerPortal = 1EE439561FA1FC690027344A /* natron-python.xcodeproj */;
			proxyType = 1;
			remoteGlobalIDString = 4A14BB0D5723D26F545CC2E0;
			remoteInfo = "natron-python";
		};
		1EADE5CE18AA403700EF3180 /* PBXContainerItemProxy */ = {
			isa = PBXContainerItemProxy;
			containerPortal = 1EADE5C118AA403700EF3180 /* Engine.xcodeproj */;
			proxyType = 2;
			remoteGlobalIDString = 1EADE59E18AA3E9300EF3180;
			remoteInfo = Engine;
		};
		1EADE5D118AA403700EF3180 /* PBXContainerItemProxy */ = {
			isa = PBXContainerItemProxy;
			containerPortal = 1EADE5C418AA403700EF3180 /* Gui.xcodeproj */;
			proxyType = 2;
			remoteGlobalIDString = 1EADE5A018AA3E9300EF3180;
			remoteInfo = Gui;
		};
		1EADE5DA18AA403700EF3180 /* PBXContainerItemProxy */ = {
			isa = PBXContainerItemProxy;
			containerPortal = 1EADE5C718AA403700EF3180 /* Tests.xcodeproj */;
			proxyType = 2;
			remoteGlobalIDString = 1EADE5A218AA3E9300EF3180;
			remoteInfo = Tests;
		};
		1EADE5FE18AA408B00EF3180 /* PBXContainerItemProxy */ = {
			isa = PBXContainerItemProxy;
			containerPortal = 1EADE5B818AA400B00EF3180 /* Project object */;
			proxyType = 1;
			remoteGlobalIDString = 1EADE5F818AA407D00EF3180;
			remoteInfo = Tests;
		};
		1ED800501E198C6B0021BEC0 /* PBXContainerItemProxy */ = {
			isa = PBXContainerItemProxy;
			containerPortal = AC07FADB1D6F65D100A5A9D8 /* NatronProjectConverter.xcodeproj */;
			proxyType = 1;
			remoteGlobalIDString = 923D21C3763E39C9804AEAFB;
			remoteInfo = NatronProjectConverter;
		};
		1EDADF321D8B0C6500D47689 /* PBXContainerItemProxy */ = {
			isa = PBXContainerItemProxy;
			containerPortal = 1EDADF2A1D8B0C4D00D47689 /* yaml-cpp-natron.xcodeproj */;
			proxyType = 1;
			remoteGlobalIDString = F1893DC41316C2EF4D083C17;
			remoteInfo = "yaml-cpp-natron";
		};
		1EE90EF61DD79AB400FA7BFE /* PBXContainerItemProxy */ = {
			isa = PBXContainerItemProxy;
			containerPortal = 1EDADF2A1D8B0C4D00D47689 /* yaml-cpp-natron.xcodeproj */;
			proxyType = 2;
			remoteGlobalIDString = 1EE90EEB1DD79A9400FA7BFE;
			remoteInfo = "yaml-cpp-natron";
		};
		AC07FAD91D6F65BE00A5A9D8 /* PBXContainerItemProxy */ = {
			isa = PBXContainerItemProxy;
			containerPortal = AC07FAD31D6F65BE00A5A9D8 /* Serialization.xcodeproj */;
			proxyType = 2;
			remoteGlobalIDString = AC07FAD61D6F65BE00A5A9D8;
			remoteInfo = Serialization;
		};
		AC07FAE11D6F65D100A5A9D8 /* PBXContainerItemProxy */ = {
			isa = PBXContainerItemProxy;
			containerPortal = AC07FADB1D6F65D100A5A9D8 /* NatronProjectConverter.xcodeproj */;
			proxyType = 2;
			remoteGlobalIDString = AC07FADE1D6F65D100A5A9D8;
			remoteInfo = NatronProjectConverter;
		};
		AC3FFDFD1D8835900049666E /* PBXContainerItemProxy */ = {
			isa = PBXContainerItemProxy;
			containerPortal = AC07FAD31D6F65BE00A5A9D8 /* Serialization.xcodeproj */;
			proxyType = 1;
			remoteGlobalIDString = F08B6EF92C65365D1012666D;
			remoteInfo = Serialization;
		};
		AC4999B01E8021110012C02D /* PBXContainerItemProxy */ = {
			isa = PBXContainerItemProxy;
			containerPortal = AC4999AA1E8021110012C02D /* natron-python.xcodeproj */;
			proxyType = 2;
			remoteGlobalIDString = AC4999AD1E8021110012C02D;
			remoteInfo = "natron-python";
		};
		AC4AA6371C480E8700C92E12 /* PBXContainerItemProxy */ = {
			isa = PBXContainerItemProxy;
			containerPortal = 1EADE5B818AA400B00EF3180 /* Project object */;
			proxyType = 1;
			remoteGlobalIDString = 1E5F8F5118AA91330045A477;
			remoteInfo = libs;
		};
		AC7762A21D1ACE460006A58E /* PBXContainerItemProxy */ = {
			isa = PBXContainerItemProxy;
			containerPortal = AC77629C1D1ACE460006A58E /* tess.xcodeproj */;
			proxyType = 2;
			remoteGlobalIDString = AC77629F1D1ACE460006A58E;
			remoteInfo = tess;
		};
		AC7762A41D1ACE550006A58E /* PBXContainerItemProxy */ = {
			isa = PBXContainerItemProxy;
			containerPortal = AC77629C1D1ACE460006A58E /* tess.xcodeproj */;
			proxyType = 1;
			remoteGlobalIDString = 4CC5E6935FD17005E28F4818;
			remoteInfo = tess;
		};
		ACD67BFD1CEC9D0900DD2CFE /* PBXContainerItemProxy */ = {
			isa = PBXContainerItemProxy;
			containerPortal = ACD67BF71CEC9D0900DD2CFE /* hoedown.xcodeproj */;
			proxyType = 2;
			remoteGlobalIDString = ACD67BFA1CEC9D0900DD2CFE;
			remoteInfo = hoedown;
		};
		ACD67BFF1CEC9D1000DD2CFE /* PBXContainerItemProxy */ = {
			isa = PBXContainerItemProxy;
			containerPortal = ACD67BF71CEC9D0900DD2CFE /* hoedown.xcodeproj */;
			proxyType = 1;
			remoteGlobalIDString = 547B056CEA92922A2FCFC8AF;
			remoteInfo = hoedown;
		};
		D7A1964518B2242500F412DA /* PBXContainerItemProxy */ = {
			isa = PBXContainerItemProxy;
			containerPortal = D7A1963F18B2242500F412DA /* HostSupport.xcodeproj */;
			proxyType = 2;
			remoteGlobalIDString = D7A1964218B2242500F412DA;
			remoteInfo = HostSupport;
		};
		D7A1964718B2242E00F412DA /* PBXContainerItemProxy */ = {
			isa = PBXContainerItemProxy;
			containerPortal = D7A1963F18B2242500F412DA /* HostSupport.xcodeproj */;
			proxyType = 1;
			remoteGlobalIDString = 0E116598542859DA9320C015;
			remoteInfo = HostSupport;
		};
/* End PBXContainerItemProxy section */

/* Begin PBXCopyFilesBuildPhase section */
		1E11781C1D8BD83E00024C91 /* CopyFiles */ = {
			isa = PBXCopyFilesBuildPhase;
			buildActionMask = 2147483647;
			dstPath = "$(SOURCE_ROOT)/App/build/$(CONFIGURATION)/Natron.app/Contents/MacOS";
			dstSubfolderSpec = 0;
			files = (
				1E11781D1D8BD87100024C91 /* NatronProjectConverter in CopyFiles */,
			);
			runOnlyForDeploymentPostprocessing = 0;
		};
/* End PBXCopyFilesBuildPhase section */

/* Begin PBXFileReference section */
		1E12F4B41CC6593300105A34 /* qhttpserver.xcodeproj */ = {isa = PBXFileReference; lastKnownFileType = "wrapper.pb-project"; name = qhttpserver.xcodeproj; path = libs/qhttpserver/src/qhttpserver.xcodeproj; sourceTree = "<group>"; };
		1E1524F31CA9CCA60056C506 /* ceres.xcodeproj */ = {isa = PBXFileReference; lastKnownFileType = "wrapper.pb-project"; name = ceres.xcodeproj; path = libs/ceres/ceres.xcodeproj; sourceTree = "<group>"; };
		1E1524F81CA9CCA60056C506 /* gflags.xcodeproj */ = {isa = PBXFileReference; lastKnownFileType = "wrapper.pb-project"; name = gflags.xcodeproj; path = libs/gflags/gflags.xcodeproj; sourceTree = "<group>"; };
		1E1524FD1CA9CCA60056C506 /* glog.xcodeproj */ = {isa = PBXFileReference; lastKnownFileType = "wrapper.pb-project"; name = glog.xcodeproj; path = libs/glog/glog.xcodeproj; sourceTree = "<group>"; };
		1E1525021CA9CCA60056C506 /* LibMV.xcodeproj */ = {isa = PBXFileReference; lastKnownFileType = "wrapper.pb-project"; name = LibMV.xcodeproj; path = libs/libmv/LibMV.xcodeproj; sourceTree = "<group>"; };
		1E1525071CA9CCA60056C506 /* openMVG.xcodeproj */ = {isa = PBXFileReference; lastKnownFileType = "wrapper.pb-project"; name = openMVG.xcodeproj; path = libs/openMVG/openMVG.xcodeproj; sourceTree = "<group>"; };
		1E189EBF1C49475E00F1FD20 /* Natron.xcodeproj */ = {isa = PBXFileReference; lastKnownFileType = "wrapper.pb-project"; name = Natron.xcodeproj; path = App/Natron.xcodeproj; sourceTree = "<group>"; };
		1E1FB6211DA7BBD1009F547D /* DropShadow.png */ = {isa = PBXFileReference; lastKnownFileType = image.png; path = DropShadow.png; sourceTree = "<group>"; };
		1E1FB6231DA7BBD1009F547D /* Fill.png */ = {isa = PBXFileReference; lastKnownFileType = image.png; path = Fill.png; sourceTree = "<group>"; };
		1E1FB6251DA7BBD1009F547D /* Glow.png */ = {isa = PBXFileReference; lastKnownFileType = image.png; path = Glow.png; sourceTree = "<group>"; };
		1E1FB6271DA7BBD2009F547D /* LightWrap.png */ = {isa = PBXFileReference; lastKnownFileType = image.png; path = LightWrap.png; sourceTree = "<group>"; };
		1E1FB62A1DA7BBD2009F547D /* SplitAndJoin.py */ = {isa = PBXFileReference; fileEncoding = 4; lastKnownFileType = text.script.python; path = SplitAndJoin.py; sourceTree = "<group>"; };
		1E1FB62C1DA7BBD2009F547D /* ZRemap.png */ = {isa = PBXFileReference; lastKnownFileType = image.png; path = ZRemap.png; sourceTree = "<group>"; };
		1E306DED1C49497200BAC6E3 /* NatronRenderer.xcodeproj */ = {isa = PBXFileReference; lastKnownFileType = "wrapper.pb-project"; name = NatronRenderer.xcodeproj; path = Renderer/NatronRenderer.xcodeproj; sourceTree = "<group>"; };
		1E5EBABC1D4DF2640005A5A8 /* ofx_plugin_programming_guide.html */ = {isa = PBXFileReference; fileEncoding = 4; lastKnownFileType = text.html.documentation; name = ofx_plugin_programming_guide.html; path = Documentation/ofx_plugin_programming_guide.html; sourceTree = "<group>"; };
		1E5EBABD1D4DF2640005A5A8 /* ofxActionsSupported.rtf */ = {isa = PBXFileReference; fileEncoding = 4; lastKnownFileType = text.rtf; name = ofxActionsSupported.rtf; path = Documentation/ofxActionsSupported.rtf; sourceTree = "<group>"; };
		1E5EBABE1D4DF2640005A5A8 /* ofxPropSupported.rtf */ = {isa = PBXFileReference; fileEncoding = 4; lastKnownFileType = text.rtf; name = ofxPropSupported.rtf; path = Documentation/ofxPropSupported.rtf; sourceTree = "<group>"; };
		1E5EBABF1D4DF2640005A5A8 /* Presentation.md */ = {isa = PBXFileReference; fileEncoding = 4; lastKnownFileType = net.daringfireball.markdown; name = Presentation.md; path = Documentation/Presentation.md; sourceTree = "<group>"; };
		1E5EBAC01D4DF2640005A5A8 /* source */ = {isa = PBXFileReference; lastKnownFileType = folder; name = source; path = Documentation/source; sourceTree = "<group>"; };
		1E5EBAC11D4DF2640005A5A8 /* TuttleOFX-README.txt */ = {isa = PBXFileReference; fileEncoding = 4; lastKnownFileType = text; name = "TuttleOFX-README.txt"; path = "Documentation/TuttleOFX-README.txt"; sourceTree = "<group>"; };
		1E5FBCF91DDCAD4800348B8B /* Natron.spec */ = {isa = PBXFileReference; fileEncoding = 4; lastKnownFileType = text; path = Natron.spec; sourceTree = "<group>"; };
		1E70D14F1CF33A0C000D2932 /* BUGS.md */ = {isa = PBXFileReference; fileEncoding = 4; lastKnownFileType = net.daringfireball.markdown; path = BUGS.md; sourceTree = "<group>"; };
		1E70D1501CF33A0C000D2932 /* CHANGELOG.md */ = {isa = PBXFileReference; fileEncoding = 4; lastKnownFileType = net.daringfireball.markdown; path = CHANGELOG.md; sourceTree = "<group>"; };
		1E70D1511CF33A0C000D2932 /* config.pri */ = {isa = PBXFileReference; fileEncoding = 4; lastKnownFileType = text; path = config.pri; sourceTree = "<group>"; };
		1E70D1521CF33A0C000D2932 /* CONTRIBUTING.md */ = {isa = PBXFileReference; fileEncoding = 4; lastKnownFileType = net.daringfireball.markdown; path = CONTRIBUTING.md; sourceTree = "<group>"; };
		1E70D1531CF33A0C000D2932 /* CONTRIBUTORS.txt */ = {isa = PBXFileReference; fileEncoding = 4; lastKnownFileType = text; path = CONTRIBUTORS.txt; sourceTree = "<group>"; };
		1E70D1541CF33A0C000D2932 /* global.pri */ = {isa = PBXFileReference; fileEncoding = 4; lastKnownFileType = text; path = global.pri; sourceTree = "<group>"; };
		1E70D1551CF33A0C000D2932 /* INSTALL_FREEBSD.md */ = {isa = PBXFileReference; fileEncoding = 4; lastKnownFileType = net.daringfireball.markdown; path = INSTALL_FREEBSD.md; sourceTree = "<group>"; };
		1E70D1561CF33A0C000D2932 /* INSTALL_LINUX.md */ = {isa = PBXFileReference; fileEncoding = 4; lastKnownFileType = net.daringfireball.markdown; path = INSTALL_LINUX.md; sourceTree = "<group>"; };
		1E70D1571CF33A0C000D2932 /* INSTALL_OSX.md */ = {isa = PBXFileReference; fileEncoding = 4; lastKnownFileType = net.daringfireball.markdown; path = INSTALL_OSX.md; sourceTree = "<group>"; };
		1E70D1581CF33A0C000D2932 /* INSTALL_WINDOWS.md */ = {isa = PBXFileReference; fileEncoding = 4; lastKnownFileType = net.daringfireball.markdown; path = INSTALL_WINDOWS.md; sourceTree = "<group>"; };
		1E70D15A1CF33A0C000D2932 /* libs.pri */ = {isa = PBXFileReference; fileEncoding = 4; lastKnownFileType = text; path = libs.pri; sourceTree = "<group>"; };
		1E70D15B1CF33A0C000D2932 /* LICENSE_SHORT.txt */ = {isa = PBXFileReference; fileEncoding = 4; lastKnownFileType = text; path = LICENSE_SHORT.txt; sourceTree = "<group>"; };
		1E70D15C1CF33A0C000D2932 /* LICENSE.txt */ = {isa = PBXFileReference; fileEncoding = 4; lastKnownFileType = text; path = LICENSE.txt; sourceTree = "<group>"; };
		1E70D15D1CF33A0C000D2932 /* Natron.rc */ = {isa = PBXFileReference; fileEncoding = 4; lastKnownFileType = text; path = Natron.rc; sourceTree = "<group>"; };
		1E70D15E1CF33A0C000D2932 /* OpenColorIO-Configs-README.md */ = {isa = PBXFileReference; fileEncoding = 4; lastKnownFileType = net.daringfireball.markdown; path = "OpenColorIO-Configs-README.md"; sourceTree = "<group>"; };
		1E70D15F1CF33A0C000D2932 /* OpenColorIO-Configs.pri */ = {isa = PBXFileReference; fileEncoding = 4; lastKnownFileType = text; path = "OpenColorIO-Configs.pri"; sourceTree = "<group>"; };
		1E70D1601CF33A0C000D2932 /* Project.pro */ = {isa = PBXFileReference; fileEncoding = 4; lastKnownFileType = text; path = Project.pro; sourceTree = "<group>"; };
		1E70D1611CF33A0C000D2932 /* README.md */ = {isa = PBXFileReference; fileEncoding = 4; lastKnownFileType = net.daringfireball.markdown; path = README.md; sourceTree = "<group>"; };
		1E7698DA1D951A0B00AF3860 /* LATEST_VERSION_README.txt */ = {isa = PBXFileReference; fileEncoding = 4; lastKnownFileType = text; path = LATEST_VERSION_README.txt; sourceTree = "<group>"; };
		1E769A631D95563500AF3860 /* I18N-HOWTO.txt */ = {isa = PBXFileReference; fileEncoding = 4; lastKnownFileType = text; name = "I18N-HOWTO.txt"; path = "Documentation/I18N-HOWTO.txt"; sourceTree = "<group>"; };
		1EA7E2EE1E93D013001E9FDA /* alg-outline */ = {isa = PBXFileReference; fileEncoding = 4; lastKnownFileType = text; path = "alg-outline"; sourceTree = "<group>"; };
		1EA7E2EF1E93D013001E9FDA /* README */ = {isa = PBXFileReference; fileEncoding = 4; lastKnownFileType = text; path = README; sourceTree = "<group>"; };
		1EA7E2F01E93D013001E9FDA /* README.natron.md */ = {isa = PBXFileReference; fileEncoding = 4; lastKnownFileType = net.daringfireball.markdown; path = README.natron.md; sourceTree = "<group>"; };
		1EA7E33E1E93D124001E9FDA /* apiChanges_1_2_Chapter.xml */ = {isa = PBXFileReference; fileEncoding = 4; lastKnownFileType = text.xml; name = apiChanges_1_2_Chapter.xml; path = Documentation/apiChanges_1_2_Chapter.xml; sourceTree = "<group>"; };
		1EA7E33F1E93D124001E9FDA /* clipPreferencesChapter.xml */ = {isa = PBXFileReference; fileEncoding = 4; lastKnownFileType = text.xml; name = clipPreferencesChapter.xml; path = Documentation/clipPreferencesChapter.xml; sourceTree = "<group>"; };
		1EA7E3401E93D124001E9FDA /* header.xml */ = {isa = PBXFileReference; fileEncoding = 4; lastKnownFileType = text.xml; name = header.xml; path = Documentation/header.xml; sourceTree = "<group>"; };
		1EA7E3411E93D124001E9FDA /* imageEffectActionsChapter.xml */ = {isa = PBXFileReference; fileEncoding = 4; lastKnownFileType = text.xml; name = imageEffectActionsChapter.xml; path = Documentation/imageEffectActionsChapter.xml; sourceTree = "<group>"; };
		1EA7E3421E93D124001E9FDA /* imageEffectsAPIChapter.xml */ = {isa = PBXFileReference; fileEncoding = 4; lastKnownFileType = text.xml; name = imageEffectsAPIChapter.xml; path = Documentation/imageEffectsAPIChapter.xml; sourceTree = "<group>"; };
		1EA7E3431E93D124001E9FDA /* interactActionsChapter.xml */ = {isa = PBXFileReference; fileEncoding = 4; lastKnownFileType = text.xml; name = interactActionsChapter.xml; path = Documentation/interactActionsChapter.xml; sourceTree = "<group>"; };
		1EA7E3441E93D124001E9FDA /* ofxHostStruct.xml */ = {isa = PBXFileReference; fileEncoding = 4; lastKnownFileType = text.xml; name = ofxHostStruct.xml; path = Documentation/ofxHostStruct.xml; sourceTree = "<group>"; };
		1EA7E3451E93D124001E9FDA /* ofxLoadingSequence.xml */ = {isa = PBXFileReference; fileEncoding = 4; lastKnownFileType = text.xml; name = ofxLoadingSequence.xml; path = Documentation/ofxLoadingSequence.xml; sourceTree = "<group>"; };
		1EA7E3461E93D124001E9FDA /* ofxPackaging.xml */ = {isa = PBXFileReference; fileEncoding = 4; lastKnownFileType = text.xml; name = ofxPackaging.xml; path = Documentation/ofxPackaging.xml; sourceTree = "<group>"; };
		1EA7E3471E93D124001E9FDA /* ofxParameterChapter.xml */ = {isa = PBXFileReference; fileEncoding = 4; lastKnownFileType = text.xml; name = ofxParameterChapter.xml; path = Documentation/ofxParameterChapter.xml; sourceTree = "<group>"; };
		1EA7E3481E93D124001E9FDA /* ofxPluginStruct.xml */ = {isa = PBXFileReference; fileEncoding = 4; lastKnownFileType = text.xml; name = ofxPluginStruct.xml; path = Documentation/ofxPluginStruct.xml; sourceTree = "<group>"; };
		1EA7E3491E93D124001E9FDA /* ofxProgrammingGuide.xml */ = {isa = PBXFileReference; fileEncoding = 4; lastKnownFileType = text.xml; name = ofxProgrammingGuide.xml; path = Documentation/ofxProgrammingGuide.xml; sourceTree = "<group>"; };
		1EA7E34A1E93D124001E9FDA /* ofxProgrammingReference.xml */ = {isa = PBXFileReference; fileEncoding = 4; lastKnownFileType = text.xml; name = ofxProgrammingReference.xml; path = Documentation/ofxProgrammingReference.xml; sourceTree = "<group>"; };
		1EA7E34B1E93D124001E9FDA /* ofxPropertiesByObject.xml */ = {isa = PBXFileReference; fileEncoding = 4; lastKnownFileType = text.xml; name = ofxPropertiesByObject.xml; path = Documentation/ofxPropertiesByObject.xml; sourceTree = "<group>"; };
		1EA7E34C1E93D124001E9FDA /* README.txt */ = {isa = PBXFileReference; fileEncoding = 4; lastKnownFileType = text; name = README.txt; path = Documentation/README.txt; sourceTree = "<group>"; };
		1EA7E34D1E93D124001E9FDA /* index.html */ = {isa = PBXFileReference; fileEncoding = 4; lastKnownFileType = text.html.documentation; name = index.html; path = Documentation/sourceforge/index.html; sourceTree = "<group>"; };
		1EA7E34E1E93D124001E9FDA /* statusCodesChapter.xml */ = {isa = PBXFileReference; fileEncoding = 4; lastKnownFileType = text.xml; name = statusCodesChapter.xml; path = Documentation/statusCodesChapter.xml; sourceTree = "<group>"; };
		1EA7E34F1E93D124001E9FDA /* readme-ofxa.md */ = {isa = PBXFileReference; fileEncoding = 4; lastKnownFileType = net.daringfireball.markdown; path = "readme-ofxa.md"; sourceTree = "<group>"; };
		1EA7E3501E93D124001E9FDA /* README.md */ = {isa = PBXFileReference; fileEncoding = 4; lastKnownFileType = net.daringfireball.markdown; path = README.md; sourceTree = "<group>"; };
		1EA7E3511E93D124001E9FDA /* release-notes.md */ = {isa = PBXFileReference; fileEncoding = 4; lastKnownFileType = net.daringfireball.markdown; path = "release-notes.md"; sourceTree = "<group>"; };
		1EA7E3531E93D152001E9FDA /* readme.txt */ = {isa = PBXFileReference; fileEncoding = 4; lastKnownFileType = text; path = readme.txt; sourceTree = "<group>"; };
		1EADE5C118AA403700EF3180 /* Engine.xcodeproj */ = {isa = PBXFileReference; lastKnownFileType = "wrapper.pb-project"; name = Engine.xcodeproj; path = Engine/Engine.xcodeproj; sourceTree = "<group>"; };
		1EADE5C418AA403700EF3180 /* Gui.xcodeproj */ = {isa = PBXFileReference; lastKnownFileType = "wrapper.pb-project"; name = Gui.xcodeproj; path = Gui/Gui.xcodeproj; sourceTree = "<group>"; };
		1EADE5C718AA403700EF3180 /* Tests.xcodeproj */ = {isa = PBXFileReference; lastKnownFileType = "wrapper.pb-project"; name = Tests.xcodeproj; path = Tests/Tests.xcodeproj; sourceTree = "<group>"; };
		1EDADF2A1D8B0C4D00D47689 /* yaml-cpp-natron.xcodeproj */ = {isa = PBXFileReference; lastKnownFileType = "wrapper.pb-project"; name = "yaml-cpp-natron.xcodeproj"; path = "libs/yaml-cpp/yaml-cpp-natron.xcodeproj"; sourceTree = "<group>"; };
		1EDF0EA31E1FDF3E00C12A4C /* README-Natron-documentation.md */ = {isa = PBXFileReference; fileEncoding = 4; lastKnownFileType = net.daringfireball.markdown; name = "README-Natron-documentation.md"; path = "Documentation/README-Natron-documentation.md"; sourceTree = "<group>"; };
		1EE90EED1DD79AB400FA7BFE /* AngleBlur.nps */ = {isa = PBXFileReference; fileEncoding = 4; lastKnownFileType = text; path = AngleBlur.nps; sourceTree = "<group>"; };
		1EE90EEE1DD79AB400FA7BFE /* DropShadow.nps */ = {isa = PBXFileReference; fileEncoding = 4; lastKnownFileType = text; path = DropShadow.nps; sourceTree = "<group>"; };
		1EE90EEF1DD79AB400FA7BFE /* Fill.nps */ = {isa = PBXFileReference; fileEncoding = 4; lastKnownFileType = text; path = Fill.nps; sourceTree = "<group>"; };
		1EE90EF01DD79AB400FA7BFE /* Glow.nps */ = {isa = PBXFileReference; fileEncoding = 4; lastKnownFileType = text; path = Glow.nps; sourceTree = "<group>"; };
		1EE90EF11DD79AB400FA7BFE /* LightWrap.nps */ = {isa = PBXFileReference; fileEncoding = 4; lastKnownFileType = text; path = LightWrap.nps; sourceTree = "<group>"; };
		1EE90EF21DD79AB400FA7BFE /* PIKColor.nps */ = {isa = PBXFileReference; fileEncoding = 4; lastKnownFileType = text; path = PIKColor.nps; sourceTree = "<group>"; };
		1EE90EF31DD79AB400FA7BFE /* ViewerOCIO.nps */ = {isa = PBXFileReference; fileEncoding = 4; lastKnownFileType = text; path = ViewerOCIO.nps; sourceTree = "<group>"; };
		1EE90EF41DD79AB400FA7BFE /* ZMask.nps */ = {isa = PBXFileReference; fileEncoding = 4; lastKnownFileType = text; path = ZMask.nps; sourceTree = "<group>"; };
		1EE90EF51DD79AB400FA7BFE /* ZRemap.nps */ = {isa = PBXFileReference; fileEncoding = 4; lastKnownFileType = text; path = ZRemap.nps; sourceTree = "<group>"; };
		1EE90F1C1DD79F0C00FA7BFE /* EdgeBlur.nps */ = {isa = PBXFileReference; fileEncoding = 4; lastKnownFileType = text; path = EdgeBlur.nps; sourceTree = "<group>"; };
		1EEB0B5B1D1ADF4D00F0D43D /* LICENSE-AGPL-3.0.txt */ = {isa = PBXFileReference; fileEncoding = 4; lastKnownFileType = text; path = "LICENSE-AGPL-3.0.txt"; sourceTree = "<group>"; };
		1EEB0B5C1D1ADF4D00F0D43D /* LICENSE-Apache-2.0.txt */ = {isa = PBXFileReference; fileEncoding = 4; lastKnownFileType = text; path = "LICENSE-Apache-2.0.txt"; sourceTree = "<group>"; };
		1EEB0B5D1D1ADF4D00F0D43D /* LICENSE-Boost.txt */ = {isa = PBXFileReference; fileEncoding = 4; lastKnownFileType = text; path = "LICENSE-Boost.txt"; sourceTree = "<group>"; };
		1EEB0B5E1D1ADF4D00F0D43D /* LICENSE-bzip2.txt */ = {isa = PBXFileReference; fileEncoding = 4; lastKnownFileType = text; path = "LICENSE-bzip2.txt"; sourceTree = "<group>"; };
		1EEB0B5F1D1ADF4D00F0D43D /* LICENSE-CeresSolver.txt */ = {isa = PBXFileReference; fileEncoding = 4; lastKnownFileType = text; path = "LICENSE-CeresSolver.txt"; sourceTree = "<group>"; };
		1EEB0B601D1ADF4D00F0D43D /* LICENSE-expat.txt */ = {isa = PBXFileReference; fileEncoding = 4; lastKnownFileType = text; path = "LICENSE-expat.txt"; sourceTree = "<group>"; };
		1EEB0B611D1ADF4D00F0D43D /* LICENSE-Field3D.txt */ = {isa = PBXFileReference; fileEncoding = 4; lastKnownFileType = text; path = "LICENSE-Field3D.txt"; sourceTree = "<group>"; };
		1EEB0B621D1ADF4D00F0D43D /* LICENSE-fontconfig.txt */ = {isa = PBXFileReference; fileEncoding = 4; lastKnownFileType = text; path = "LICENSE-fontconfig.txt"; sourceTree = "<group>"; };
		1EEB0B631D1ADF4D00F0D43D /* LICENSE-FreeType.txt */ = {isa = PBXFileReference; fileEncoding = 4; lastKnownFileType = text; path = "LICENSE-FreeType.txt"; sourceTree = "<group>"; };
		1EEB0B641D1ADF4D00F0D43D /* LICENSE-gflags.txt */ = {isa = PBXFileReference; fileEncoding = 4; lastKnownFileType = text; path = "LICENSE-gflags.txt"; sourceTree = "<group>"; };
		1EEB0B651D1ADF4D00F0D43D /* LICENSE-GIFLIB.txt */ = {isa = PBXFileReference; fileEncoding = 4; lastKnownFileType = text; path = "LICENSE-GIFLIB.txt"; sourceTree = "<group>"; };
		1EEB0B661D1ADF4D00F0D43D /* LICENSE-GLAD.txt */ = {isa = PBXFileReference; fileEncoding = 4; lastKnownFileType = text; path = "LICENSE-GLAD.txt"; sourceTree = "<group>"; };
		1EEB0B671D1ADF4D00F0D43D /* LICENSE-GLFW.txt */ = {isa = PBXFileReference; fileEncoding = 4; lastKnownFileType = text; path = "LICENSE-GLFW.txt"; sourceTree = "<group>"; };
		1EEB0B681D1ADF4D00F0D43D /* LICENSE-glog.txt */ = {isa = PBXFileReference; fileEncoding = 4; lastKnownFileType = text; path = "LICENSE-glog.txt"; sourceTree = "<group>"; };
		1EEB0B691D1ADF4D00F0D43D /* LICENSE-GPL-2.0.txt */ = {isa = PBXFileReference; fileEncoding = 4; lastKnownFileType = text; path = "LICENSE-GPL-2.0.txt"; sourceTree = "<group>"; };
		1EEB0B6A1D1ADF4D00F0D43D /* LICENSE-HarfBuzz.txt */ = {isa = PBXFileReference; fileEncoding = 4; lastKnownFileType = text; path = "LICENSE-HarfBuzz.txt"; sourceTree = "<group>"; };
		1EEB0B6B1D1ADF4D00F0D43D /* LICENSE-HDF5.txt */ = {isa = PBXFileReference; fileEncoding = 4; lastKnownFileType = text; path = "LICENSE-HDF5.txt"; sourceTree = "<group>"; };
		1EEB0B6C1D1ADF4D00F0D43D /* LICENSE-hoedown.txt */ = {isa = PBXFileReference; fileEncoding = 4; lastKnownFileType = text; path = "LICENSE-hoedown.txt"; sourceTree = "<group>"; };
		1EEB0B6D1D1ADF4D00F0D43D /* LICENSE-ICU.txt */ = {isa = PBXFileReference; fileEncoding = 4; lastKnownFileType = text; path = "LICENSE-ICU.txt"; sourceTree = "<group>"; };
		1EEB0B6E1D1ADF4D00F0D43D /* LICENSE-ImageMagick.txt */ = {isa = PBXFileReference; fileEncoding = 4; lastKnownFileType = text; path = "LICENSE-ImageMagick.txt"; sourceTree = "<group>"; };
		1EEB0B6F1D1ADF4D00F0D43D /* LICENSE-JasPer.txt */ = {isa = PBXFileReference; fileEncoding = 4; lastKnownFileType = text; path = "LICENSE-JasPer.txt"; sourceTree = "<group>"; };
		1EEB0B701D1ADF4D00F0D43D /* LICENSE-LGPL-2.1.txt */ = {isa = PBXFileReference; fileEncoding = 4; lastKnownFileType = text; path = "LICENSE-LGPL-2.1.txt"; sourceTree = "<group>"; };
		1EEB0B711D1ADF4D00F0D43D /* LICENSE-libedit.txt */ = {isa = PBXFileReference; fileEncoding = 4; lastKnownFileType = text; path = "LICENSE-libedit.txt"; sourceTree = "<group>"; };
		1EEB0B721D1ADF4D00F0D43D /* LICENSE-libffi.txt */ = {isa = PBXFileReference; fileEncoding = 4; lastKnownFileType = text; path = "LICENSE-libffi.txt"; sourceTree = "<group>"; };
		1EEB0B731D1ADF4D00F0D43D /* LICENSE-libjpeg.txt */ = {isa = PBXFileReference; fileEncoding = 4; lastKnownFileType = text; path = "LICENSE-libjpeg.txt"; sourceTree = "<group>"; };
		1EEB0B741D1ADF4D00F0D43D /* LICENSE-libmng.txt */ = {isa = PBXFileReference; fileEncoding = 4; lastKnownFileType = text; path = "LICENSE-libmng.txt"; sourceTree = "<group>"; };
		1EEB0B751D1ADF4D00F0D43D /* LICENSE-libmv.txt */ = {isa = PBXFileReference; fileEncoding = 4; lastKnownFileType = text; path = "LICENSE-libmv.txt"; sourceTree = "<group>"; };
		1EEB0B761D1ADF4D00F0D43D /* LICENSE-libogg.txt */ = {isa = PBXFileReference; fileEncoding = 4; lastKnownFileType = text; path = "LICENSE-libogg.txt"; sourceTree = "<group>"; };
		1EEB0B771D1ADF4D00F0D43D /* LICENSE-libopus.txt */ = {isa = PBXFileReference; fileEncoding = 4; lastKnownFileType = text; path = "LICENSE-libopus.txt"; sourceTree = "<group>"; };
		1EEB0B781D1ADF4D00F0D43D /* LICENSE-libpng.txt */ = {isa = PBXFileReference; fileEncoding = 4; lastKnownFileType = text; path = "LICENSE-libpng.txt"; sourceTree = "<group>"; };
		1EEB0B791D1ADF4D00F0D43D /* LICENSE-libspeex.txt */ = {isa = PBXFileReference; fileEncoding = 4; lastKnownFileType = text; path = "LICENSE-libspeex.txt"; sourceTree = "<group>"; };
		1EEB0B7A1D1ADF4D00F0D43D /* LICENSE-libtheora.txt */ = {isa = PBXFileReference; fileEncoding = 4; lastKnownFileType = text; path = "LICENSE-libtheora.txt"; sourceTree = "<group>"; };
		1EEB0B7B1D1ADF4D00F0D43D /* LICENSE-libtiff.txt */ = {isa = PBXFileReference; fileEncoding = 4; lastKnownFileType = text; path = "LICENSE-libtiff.txt"; sourceTree = "<group>"; };
		1EEB0B7C1D1ADF4D00F0D43D /* LICENSE-libvorbis.txt */ = {isa = PBXFileReference; fileEncoding = 4; lastKnownFileType = text; path = "LICENSE-libvorbis.txt"; sourceTree = "<group>"; };
		1EEB0B7D1D1ADF4D00F0D43D /* LICENSE-libxml.txt */ = {isa = PBXFileReference; fileEncoding = 4; lastKnownFileType = text; path = "LICENSE-libxml.txt"; sourceTree = "<group>"; };
		1EEB0B7E1D1ADF4D00F0D43D /* LICENSE-libxml2.txt */ = {isa = PBXFileReference; fileEncoding = 4; lastKnownFileType = text; path = "LICENSE-libxml2.txt"; sourceTree = "<group>"; };
		1EEB0B7F1D1ADF4D00F0D43D /* LICENSE-Little-CMS.txt */ = {isa = PBXFileReference; fileEncoding = 4; lastKnownFileType = text; path = "LICENSE-Little-CMS.txt"; sourceTree = "<group>"; };
		1EEB0B801D1ADF4D00F0D43D /* LICENSE-Mesa.txt */ = {isa = PBXFileReference; fileEncoding = 4; lastKnownFileType = text; path = "LICENSE-Mesa.txt"; sourceTree = "<group>"; };
		1EEB0B811D1ADF4D00F0D43D /* LICENSE-MPL-2.0.txt */ = {isa = PBXFileReference; fileEncoding = 4; lastKnownFileType = text; path = "LICENSE-MPL-2.0.txt"; sourceTree = "<group>"; };
		1EEB0B821D1ADF4D00F0D43D /* LICENSE-OpenColorIO.txt */ = {isa = PBXFileReference; fileEncoding = 4; lastKnownFileType = text; path = "LICENSE-OpenColorIO.txt"; sourceTree = "<group>"; };
		1EEB0B831D1ADF4D00F0D43D /* LICENSE-OpenEXR.txt */ = {isa = PBXFileReference; fileEncoding = 4; lastKnownFileType = text; path = "LICENSE-OpenEXR.txt"; sourceTree = "<group>"; };
		1EEB0B841D1ADF4D00F0D43D /* LICENSE-openfx.txt */ = {isa = PBXFileReference; fileEncoding = 4; lastKnownFileType = text; path = "LICENSE-openfx.txt"; sourceTree = "<group>"; };
		1EEB0B851D1ADF4D00F0D43D /* LICENSE-openh264.txt */ = {isa = PBXFileReference; fileEncoding = 4; lastKnownFileType = text; path = "LICENSE-openh264.txt"; sourceTree = "<group>"; };
		1EEB0B861D1ADF4D00F0D43D /* LICENSE-OpenImageIO.txt */ = {isa = PBXFileReference; fileEncoding = 4; lastKnownFileType = text; path = "LICENSE-OpenImageIO.txt"; sourceTree = "<group>"; };
		1EEB0B871D1ADF4D00F0D43D /* LICENSE-openjpeg.txt */ = {isa = PBXFileReference; fileEncoding = 4; lastKnownFileType = text; path = "LICENSE-openjpeg.txt"; sourceTree = "<group>"; };
		1EEB0B881D1ADF4D00F0D43D /* LICENSE-OpenSSL.txt */ = {isa = PBXFileReference; fileEncoding = 4; lastKnownFileType = text; path = "LICENSE-OpenSSL.txt"; sourceTree = "<group>"; };
		1EEB0B891D1ADF4D00F0D43D /* LICENSE-orc.txt */ = {isa = PBXFileReference; fileEncoding = 4; lastKnownFileType = text; path = "LICENSE-orc.txt"; sourceTree = "<group>"; };
		1EEB0B8A1D1ADF4D00F0D43D /* LICENSE-Pixman.txt */ = {isa = PBXFileReference; fileEncoding = 4; lastKnownFileType = text; path = "LICENSE-Pixman.txt"; sourceTree = "<group>"; };
		1EEB0B8B1D1ADF4D00F0D43D /* LICENSE-Python.txt */ = {isa = PBXFileReference; fileEncoding = 4; lastKnownFileType = text; path = "LICENSE-Python.txt"; sourceTree = "<group>"; };
		1EEB0B8C1D1ADF4D00F0D43D /* LICENSE-qhttpserver.txt */ = {isa = PBXFileReference; fileEncoding = 4; lastKnownFileType = text; path = "LICENSE-qhttpserver.txt"; sourceTree = "<group>"; };
		1EEB0B8D1D1ADF4D00F0D43D /* LICENSE-Qt-LGPL.txt */ = {isa = PBXFileReference; fileEncoding = 4; lastKnownFileType = text; path = "LICENSE-Qt-LGPL.txt"; sourceTree = "<group>"; };
		1EEB0B8E1D1ADF4D00F0D43D /* LICENSE-Schroedinger.txt */ = {isa = PBXFileReference; fileEncoding = 4; lastKnownFileType = text; path = "LICENSE-Schroedinger.txt"; sourceTree = "<group>"; };
		1EEB0B8F1D1ADF4D00F0D43D /* LICENSE-SeExpr.txt */ = {isa = PBXFileReference; fileEncoding = 4; lastKnownFileType = text; path = "LICENSE-SeExpr.txt"; sourceTree = "<group>"; };
		1EEB0B901D1ADF4D00F0D43D /* LICENSE-TinyXML.txt */ = {isa = PBXFileReference; fileEncoding = 4; lastKnownFileType = text; path = "LICENSE-TinyXML.txt"; sourceTree = "<group>"; };
		1EEB0B911D1ADF4D00F0D43D /* LICENSE-webp.txt */ = {isa = PBXFileReference; fileEncoding = 4; lastKnownFileType = text; path = "LICENSE-webp.txt"; sourceTree = "<group>"; };
		1EEB0B921D1ADF4D00F0D43D /* LICENSE-zlib.txt */ = {isa = PBXFileReference; fileEncoding = 4; lastKnownFileType = text; path = "LICENSE-zlib.txt"; sourceTree = "<group>"; };
		1EEB0B931D1ADF4D00F0D43D /* README.md */ = {isa = PBXFileReference; fileEncoding = 4; lastKnownFileType = net.daringfireball.markdown; path = README.md; sourceTree = "<group>"; };
		1EF958A91DD798AD00245C3F /* PIKColor.png */ = {isa = PBXFileReference; lastKnownFileType = image.png; path = PIKColor.png; sourceTree = "<group>"; };
		1EF958AA1DD798AD00245C3F /* PIKColor.svg */ = {isa = PBXFileReference; fileEncoding = 4; lastKnownFileType = text.xml; path = PIKColor.svg; sourceTree = "<group>"; };
		AC07FAD31D6F65BE00A5A9D8 /* Serialization.xcodeproj */ = {isa = PBXFileReference; lastKnownFileType = "wrapper.pb-project"; name = Serialization.xcodeproj; path = Serialization/Serialization.xcodeproj; sourceTree = "<group>"; };
		AC07FADB1D6F65D100A5A9D8 /* NatronProjectConverter.xcodeproj */ = {isa = PBXFileReference; lastKnownFileType = "wrapper.pb-project"; name = NatronProjectConverter.xcodeproj; path = ProjectConverter/NatronProjectConverter.xcodeproj; sourceTree = "<group>"; };
		AC4999AA1E8021110012C02D /* natron-python.xcodeproj */ = {isa = PBXFileReference; lastKnownFileType = "wrapper.pb-project"; name = "natron-python.xcodeproj"; path = "PythonBin/natron-python.xcodeproj"; sourceTree = "<group>"; };
		AC77629C1D1ACE460006A58E /* tess.xcodeproj */ = {isa = PBXFileReference; lastKnownFileType = "wrapper.pb-project"; name = tess.xcodeproj; path = libs/libtess/tess.xcodeproj; sourceTree = "<group>"; };
		ACD67BF71CEC9D0900DD2CFE /* hoedown.xcodeproj */ = {isa = PBXFileReference; lastKnownFileType = "wrapper.pb-project"; name = hoedown.xcodeproj; path = libs/hoedown/hoedown.xcodeproj; sourceTree = "<group>"; };
		D7A1963F18B2242500F412DA /* HostSupport.xcodeproj */ = {isa = PBXFileReference; lastKnownFileType = "wrapper.pb-project"; name = HostSupport.xcodeproj; path = HostSupport/HostSupport.xcodeproj; sourceTree = "<group>"; };
/* End PBXFileReference section */

/* Begin PBXGroup section */
		1E12F4B51CC6593300105A34 /* Products */ = {
			isa = PBXGroup;
			children = (
				1E12F4BB1CC6593300105A34 /* libqhttpserver.a */,
			);
			name = Products;
			sourceTree = "<group>";
		};
		1E1524F41CA9CCA60056C506 /* Products */ = {
			isa = PBXGroup;
			children = (
				1E15250E1CA9CCA70056C506 /* libceres.a */,
			);
			name = Products;
			sourceTree = "<group>";
		};
		1E1524F91CA9CCA60056C506 /* Products */ = {
			isa = PBXGroup;
			children = (
				1E1525111CA9CCA70056C506 /* libgflags.a */,
			);
			name = Products;
			sourceTree = "<group>";
		};
		1E1524FE1CA9CCA60056C506 /* Products */ = {
			isa = PBXGroup;
			children = (
				1E1525141CA9CCA70056C506 /* libglog.a */,
			);
			name = Products;
			sourceTree = "<group>";
		};
		1E1525031CA9CCA60056C506 /* Products */ = {
			isa = PBXGroup;
			children = (
				1E1525171CA9CCA70056C506 /* libLibMV.a */,
			);
			name = Products;
			sourceTree = "<group>";
		};
		1E1525081CA9CCA60056C506 /* Products */ = {
			isa = PBXGroup;
			children = (
				1E15251A1CA9CCA70056C506 /* libopenMVG.a */,
			);
			name = Products;
			sourceTree = "<group>";
		};
		1E189EC01C49475E00F1FD20 /* Products */ = {
			isa = PBXGroup;
			children = (
				1E189EC41C49475E00F1FD20 /* Natron.app */,
			);
			name = Products;
			sourceTree = "<group>";
		};
		1E1FB61F1DA7BB8B009F547D /* PyPlugs */ = {
			isa = PBXGroup;
			children = (
				1EE90EED1DD79AB400FA7BFE /* AngleBlur.nps */,
				1EE90EEE1DD79AB400FA7BFE /* DropShadow.nps */,
				1E1FB6211DA7BBD1009F547D /* DropShadow.png */,
				1EE90F1C1DD79F0C00FA7BFE /* EdgeBlur.nps */,
				1EE90EEF1DD79AB400FA7BFE /* Fill.nps */,
				1E1FB6231DA7BBD1009F547D /* Fill.png */,
				1EE90EF01DD79AB400FA7BFE /* Glow.nps */,
				1E1FB6251DA7BBD1009F547D /* Glow.png */,
				1EE90EF11DD79AB400FA7BFE /* LightWrap.nps */,
				1E1FB6271DA7BBD2009F547D /* LightWrap.png */,
				1EE90EF21DD79AB400FA7BFE /* PIKColor.nps */,
				1EF958A91DD798AD00245C3F /* PIKColor.png */,
				1EF958AA1DD798AD00245C3F /* PIKColor.svg */,
				1E1FB62A1DA7BBD2009F547D /* SplitAndJoin.py */,
				1EE90EF31DD79AB400FA7BFE /* ViewerOCIO.nps */,
				1EE90EF41DD79AB400FA7BFE /* ZMask.nps */,
				1EE90EF51DD79AB400FA7BFE /* ZRemap.nps */,
				1E1FB62C1DA7BBD2009F547D /* ZRemap.png */,
			);
			name = PyPlugs;
			path = Gui/Resources/PyPlugs;
			sourceTree = "<group>";
		};
		1E306DEE1C49497200BAC6E3 /* Products */ = {
			isa = PBXGroup;
			children = (
				1E306DF71C49497200BAC6E3 /* NatronRenderer */,
			);
			name = Products;
			sourceTree = "<group>";
		};
		1E70D1621CF33AF3000D2932 /* QMake files */ = {
			isa = PBXGroup;
			children = (
				1E70D1601CF33A0C000D2932 /* Project.pro */,
				1E70D1541CF33A0C000D2932 /* global.pri */,
				1E70D1511CF33A0C000D2932 /* config.pri */,
				1E70D15A1CF33A0C000D2932 /* libs.pri */,
				1E70D15F1CF33A0C000D2932 /* OpenColorIO-Configs.pri */,
			);
			name = "QMake files";
			sourceTree = "<group>";
		};
		1E70D1631CF33B22000D2932 /* Documentation */ = {
			isa = PBXGroup;
			children = (
				1EDF0EA31E1FDF3E00C12A4C /* README-Natron-documentation.md */,
				1E70D14F1CF33A0C000D2932 /* BUGS.md */,
				1E70D1501CF33A0C000D2932 /* CHANGELOG.md */,
				1E70D1521CF33A0C000D2932 /* CONTRIBUTING.md */,
				1E70D1531CF33A0C000D2932 /* CONTRIBUTORS.txt */,
				1E769A631D95563500AF3860 /* I18N-HOWTO.txt */,
				1E70D1551CF33A0C000D2932 /* INSTALL_FREEBSD.md */,
				1E70D1561CF33A0C000D2932 /* INSTALL_LINUX.md */,
				1E70D1571CF33A0C000D2932 /* INSTALL_OSX.md */,
				1E70D1581CF33A0C000D2932 /* INSTALL_WINDOWS.md */,
				1E7698DA1D951A0B00AF3860 /* LATEST_VERSION_README.txt */,
				1E70D15B1CF33A0C000D2932 /* LICENSE_SHORT.txt */,
				1E70D15C1CF33A0C000D2932 /* LICENSE.txt */,
				1E70D15D1CF33A0C000D2932 /* Natron.rc */,
				1E70D15E1CF33A0C000D2932 /* OpenColorIO-Configs-README.md */,
				1E70D1611CF33A0C000D2932 /* README.md */,
				1E5EBABC1D4DF2640005A5A8 /* ofx_plugin_programming_guide.html */,
				1E5EBABD1D4DF2640005A5A8 /* ofxActionsSupported.rtf */,
				1E5EBABE1D4DF2640005A5A8 /* ofxPropSupported.rtf */,
				1E5EBABF1D4DF2640005A5A8 /* Presentation.md */,
				1E5EBAC11D4DF2640005A5A8 /* TuttleOFX-README.txt */,
				1E5FBCF91DDCAD4800348B8B /* Natron.spec */,
				1E5EBAC01D4DF2640005A5A8 /* source */,
				1EA7E3271E93D093001E9FDA /* OpenFX */,
				1EA7E3521E93D140001E9FDA /* exprtk */,
				1EA7E2EC1E93CFE7001E9FDA /* libtess */,
				1EEB0B211D1ADC9A00F0D43D /* components */,
			);
			name = Documentation;
			sourceTree = "<group>";
		};
		1EA7E2EC1E93CFE7001E9FDA /* libtess */ = {
			isa = PBXGroup;
			children = (
				1EA7E2EE1E93D013001E9FDA /* alg-outline */,
				1EA7E2EF1E93D013001E9FDA /* README */,
				1EA7E2F01E93D013001E9FDA /* README.natron.md */,
			);
			name = libtess;
			path = libs/libtess;
			sourceTree = "<group>";
		};
		1EA7E3271E93D093001E9FDA /* OpenFX */ = {
			isa = PBXGroup;
			children = (
				1EA7E33E1E93D124001E9FDA /* apiChanges_1_2_Chapter.xml */,
				1EA7E33F1E93D124001E9FDA /* clipPreferencesChapter.xml */,
				1EA7E3401E93D124001E9FDA /* header.xml */,
				1EA7E3411E93D124001E9FDA /* imageEffectActionsChapter.xml */,
				1EA7E3421E93D124001E9FDA /* imageEffectsAPIChapter.xml */,
				1EA7E3431E93D124001E9FDA /* interactActionsChapter.xml */,
				1EA7E3441E93D124001E9FDA /* ofxHostStruct.xml */,
				1EA7E3451E93D124001E9FDA /* ofxLoadingSequence.xml */,
				1EA7E3461E93D124001E9FDA /* ofxPackaging.xml */,
				1EA7E3471E93D124001E9FDA /* ofxParameterChapter.xml */,
				1EA7E3481E93D124001E9FDA /* ofxPluginStruct.xml */,
				1EA7E3491E93D124001E9FDA /* ofxProgrammingGuide.xml */,
				1EA7E34A1E93D124001E9FDA /* ofxProgrammingReference.xml */,
				1EA7E34B1E93D124001E9FDA /* ofxPropertiesByObject.xml */,
				1EA7E34C1E93D124001E9FDA /* README.txt */,
				1EA7E34D1E93D124001E9FDA /* index.html */,
				1EA7E34E1E93D124001E9FDA /* statusCodesChapter.xml */,
				1EA7E34F1E93D124001E9FDA /* readme-ofxa.md */,
				1EA7E3501E93D124001E9FDA /* README.md */,
				1EA7E3511E93D124001E9FDA /* release-notes.md */,
			);
			name = OpenFX;
			path = libs/OpenFX;
			sourceTree = "<group>";
		};
		1EA7E3521E93D140001E9FDA /* exprtk */ = {
			isa = PBXGroup;
			children = (
				1EA7E3531E93D152001E9FDA /* readme.txt */,
			);
			name = exprtk;
			path = libs/exprtk;
			sourceTree = "<group>";
		};
		1EADE5B718AA400B00EF3180 = {
			isa = PBXGroup;
			children = (
				1EE439561FA1FC690027344A /* natron-python.xcodeproj */,
				1E70D1631CF33B22000D2932 /* Documentation */,
				1E1FB61F1DA7BB8B009F547D /* PyPlugs */,
				1E70D1621CF33AF3000D2932 /* QMake files */,
				ACD67BF71CEC9D0900DD2CFE /* hoedown.xcodeproj */,
				AC77629C1D1ACE460006A58E /* tess.xcodeproj */,
				1E1524F31CA9CCA60056C506 /* ceres.xcodeproj */,
				1E1524F81CA9CCA60056C506 /* gflags.xcodeproj */,
				1E1524FD1CA9CCA60056C506 /* glog.xcodeproj */,
				1E1525021CA9CCA60056C506 /* LibMV.xcodeproj */,
				1E1525071CA9CCA60056C506 /* openMVG.xcodeproj */,
				1E12F4B41CC6593300105A34 /* qhttpserver.xcodeproj */,
				1EDADF2A1D8B0C4D00D47689 /* yaml-cpp-natron.xcodeproj */,
				D7A1963F18B2242500F412DA /* HostSupport.xcodeproj */,
				AC4999AA1E8021110012C02D /* natron-python.xcodeproj */,
				1E306DED1C49497200BAC6E3 /* NatronRenderer.xcodeproj */,
				AC07FADB1D6F65D100A5A9D8 /* NatronProjectConverter.xcodeproj */,
				1E189EBF1C49475E00F1FD20 /* Natron.xcodeproj */,
				1EADE5C118AA403700EF3180 /* Engine.xcodeproj */,
				1EADE5C418AA403700EF3180 /* Gui.xcodeproj */,
				AC07FAD31D6F65BE00A5A9D8 /* Serialization.xcodeproj */,
				1EADE5C718AA403700EF3180 /* Tests.xcodeproj */,
			);
			sourceTree = "<group>";
		};
		1EADE5C218AA403700EF3180 /* Products */ = {
			isa = PBXGroup;
			children = (
				1EADE5CF18AA403700EF3180 /* libEngine.a */,
			);
			name = Products;
			sourceTree = "<group>";
		};
		1EADE5C518AA403700EF3180 /* Products */ = {
			isa = PBXGroup;
			children = (
				1EADE5D218AA403700EF3180 /* libGui.a */,
			);
			name = Products;
			sourceTree = "<group>";
		};
		1EADE5C818AA403700EF3180 /* Products */ = {
			isa = PBXGroup;
			children = (
				1EADE5DB18AA403700EF3180 /* Tests */,
			);
			name = Products;
			sourceTree = "<group>";
		};
		1EDADF2B1D8B0C4D00D47689 /* Products */ = {
			isa = PBXGroup;
			children = (
				1EE90EF71DD79AB400FA7BFE /* libyaml-cpp-natron.a */,
			);
			name = Products;
			sourceTree = "<group>";
		};
		1EE439571FA1FC690027344A /* Products */ = {
			isa = PBXGroup;
			children = (
				1EE4395D1FA1FC690027344A /* natron-python */,
			);
			name = Products;
			sourceTree = "<group>";
		};
		1EEB0B211D1ADC9A00F0D43D /* components */ = {
			isa = PBXGroup;
			children = (
				1EEB0B931D1ADF4D00F0D43D /* README.md */,
				1EEB0B5B1D1ADF4D00F0D43D /* LICENSE-AGPL-3.0.txt */,
				1EEB0B5C1D1ADF4D00F0D43D /* LICENSE-Apache-2.0.txt */,
				1EEB0B5D1D1ADF4D00F0D43D /* LICENSE-Boost.txt */,
				1EEB0B5E1D1ADF4D00F0D43D /* LICENSE-bzip2.txt */,
				1EEB0B5F1D1ADF4D00F0D43D /* LICENSE-CeresSolver.txt */,
				1EEB0B601D1ADF4D00F0D43D /* LICENSE-expat.txt */,
				1EEB0B611D1ADF4D00F0D43D /* LICENSE-Field3D.txt */,
				1EEB0B621D1ADF4D00F0D43D /* LICENSE-fontconfig.txt */,
				1EEB0B631D1ADF4D00F0D43D /* LICENSE-FreeType.txt */,
				1EEB0B641D1ADF4D00F0D43D /* LICENSE-gflags.txt */,
				1EEB0B651D1ADF4D00F0D43D /* LICENSE-GIFLIB.txt */,
				1EEB0B661D1ADF4D00F0D43D /* LICENSE-GLAD.txt */,
				1EEB0B671D1ADF4D00F0D43D /* LICENSE-GLFW.txt */,
				1EEB0B681D1ADF4D00F0D43D /* LICENSE-glog.txt */,
				1EEB0B691D1ADF4D00F0D43D /* LICENSE-GPL-2.0.txt */,
				1EEB0B6A1D1ADF4D00F0D43D /* LICENSE-HarfBuzz.txt */,
				1EEB0B6B1D1ADF4D00F0D43D /* LICENSE-HDF5.txt */,
				1EEB0B6C1D1ADF4D00F0D43D /* LICENSE-hoedown.txt */,
				1EEB0B6D1D1ADF4D00F0D43D /* LICENSE-ICU.txt */,
				1EEB0B6E1D1ADF4D00F0D43D /* LICENSE-ImageMagick.txt */,
				1EEB0B6F1D1ADF4D00F0D43D /* LICENSE-JasPer.txt */,
				1EEB0B701D1ADF4D00F0D43D /* LICENSE-LGPL-2.1.txt */,
				1EEB0B711D1ADF4D00F0D43D /* LICENSE-libedit.txt */,
				1EEB0B721D1ADF4D00F0D43D /* LICENSE-libffi.txt */,
				1EEB0B731D1ADF4D00F0D43D /* LICENSE-libjpeg.txt */,
				1EEB0B741D1ADF4D00F0D43D /* LICENSE-libmng.txt */,
				1EEB0B751D1ADF4D00F0D43D /* LICENSE-libmv.txt */,
				1EEB0B761D1ADF4D00F0D43D /* LICENSE-libogg.txt */,
				1EEB0B771D1ADF4D00F0D43D /* LICENSE-libopus.txt */,
				1EEB0B781D1ADF4D00F0D43D /* LICENSE-libpng.txt */,
				1EEB0B791D1ADF4D00F0D43D /* LICENSE-libspeex.txt */,
				1EEB0B7A1D1ADF4D00F0D43D /* LICENSE-libtheora.txt */,
				1EEB0B7B1D1ADF4D00F0D43D /* LICENSE-libtiff.txt */,
				1EEB0B7C1D1ADF4D00F0D43D /* LICENSE-libvorbis.txt */,
				1EEB0B7D1D1ADF4D00F0D43D /* LICENSE-libxml.txt */,
				1EEB0B7E1D1ADF4D00F0D43D /* LICENSE-libxml2.txt */,
				1EEB0B7F1D1ADF4D00F0D43D /* LICENSE-Little-CMS.txt */,
				1EEB0B801D1ADF4D00F0D43D /* LICENSE-Mesa.txt */,
				1EEB0B811D1ADF4D00F0D43D /* LICENSE-MPL-2.0.txt */,
				1EEB0B821D1ADF4D00F0D43D /* LICENSE-OpenColorIO.txt */,
				1EEB0B831D1ADF4D00F0D43D /* LICENSE-OpenEXR.txt */,
				1EEB0B841D1ADF4D00F0D43D /* LICENSE-openfx.txt */,
				1EEB0B851D1ADF4D00F0D43D /* LICENSE-openh264.txt */,
				1EEB0B861D1ADF4D00F0D43D /* LICENSE-OpenImageIO.txt */,
				1EEB0B871D1ADF4D00F0D43D /* LICENSE-openjpeg.txt */,
				1EEB0B881D1ADF4D00F0D43D /* LICENSE-OpenSSL.txt */,
				1EEB0B891D1ADF4D00F0D43D /* LICENSE-orc.txt */,
				1EEB0B8A1D1ADF4D00F0D43D /* LICENSE-Pixman.txt */,
				1EEB0B8B1D1ADF4D00F0D43D /* LICENSE-Python.txt */,
				1EEB0B8C1D1ADF4D00F0D43D /* LICENSE-qhttpserver.txt */,
				1EEB0B8D1D1ADF4D00F0D43D /* LICENSE-Qt-LGPL.txt */,
				1EEB0B8E1D1ADF4D00F0D43D /* LICENSE-Schroedinger.txt */,
				1EEB0B8F1D1ADF4D00F0D43D /* LICENSE-SeExpr.txt */,
				1EEB0B901D1ADF4D00F0D43D /* LICENSE-TinyXML.txt */,
				1EEB0B911D1ADF4D00F0D43D /* LICENSE-webp.txt */,
				1EEB0B921D1ADF4D00F0D43D /* LICENSE-zlib.txt */,
			);
			name = components;
			path = tools/license/components;
			sourceTree = "<group>";
		};
		AC07FAD41D6F65BE00A5A9D8 /* Products */ = {
			isa = PBXGroup;
			children = (
				AC07FADA1D6F65BE00A5A9D8 /* libSerialization.a */,
			);
			name = Products;
			sourceTree = "<group>";
		};
		AC07FADC1D6F65D100A5A9D8 /* Products */ = {
			isa = PBXGroup;
			children = (
				AC07FAE21D6F65D100A5A9D8 /* NatronProjectConverter */,
			);
			name = Products;
			sourceTree = "<group>";
		};
		AC4999AB1E8021110012C02D /* Products */ = {
			isa = PBXGroup;
			children = (
				AC4999B11E8021110012C02D /* natron-python */,
			);
			name = Products;
			sourceTree = "<group>";
		};
		AC77629D1D1ACE460006A58E /* Products */ = {
			isa = PBXGroup;
			children = (
				AC7762A31D1ACE460006A58E /* libtess.a */,
			);
			name = Products;
			sourceTree = "<group>";
		};
		ACD67BF81CEC9D0900DD2CFE /* Products */ = {
			isa = PBXGroup;
			children = (
				ACD67BFE1CEC9D0900DD2CFE /* libhoedown.a */,
			);
			name = Products;
			sourceTree = "<group>";
		};
		D7A1964018B2242500F412DA /* Products */ = {
			isa = PBXGroup;
			children = (
				D7A1964618B2242500F412DA /* libHostSupport.a */,
			);
			name = Products;
			sourceTree = "<group>";
		};
/* End PBXGroup section */

/* Begin PBXProject section */
		1EADE5B818AA400B00EF3180 /* Project object */ = {
			isa = PBXProject;
			attributes = {
				LastUpgradeCheck = 0500;
				TargetAttributes = {
					AC4AA6331C480E7F00C92E12 = {
						CreatedOnToolsVersion = 7.2;
					};
				};
			};
			buildConfigurationList = 1EADE5BB18AA400B00EF3180 /* Build configuration list for PBXProject "Project-xcode" */;
			compatibilityVersion = "Xcode 3.2";
			developmentRegion = English;
			hasScannedForEncodings = 0;
			knownRegions = (
				en,
			);
			mainGroup = 1EADE5B718AA400B00EF3180;
			projectDirPath = "";
			projectReferences = (
				{
					ProductGroup = 1E1524F41CA9CCA60056C506 /* Products */;
					ProjectRef = 1E1524F31CA9CCA60056C506 /* ceres.xcodeproj */;
				},
				{
					ProductGroup = 1EADE5C218AA403700EF3180 /* Products */;
					ProjectRef = 1EADE5C118AA403700EF3180 /* Engine.xcodeproj */;
				},
				{
					ProductGroup = 1E1524F91CA9CCA60056C506 /* Products */;
					ProjectRef = 1E1524F81CA9CCA60056C506 /* gflags.xcodeproj */;
				},
				{
					ProductGroup = 1E1524FE1CA9CCA60056C506 /* Products */;
					ProjectRef = 1E1524FD1CA9CCA60056C506 /* glog.xcodeproj */;
				},
				{
					ProductGroup = 1EADE5C518AA403700EF3180 /* Products */;
					ProjectRef = 1EADE5C418AA403700EF3180 /* Gui.xcodeproj */;
				},
				{
					ProductGroup = ACD67BF81CEC9D0900DD2CFE /* Products */;
					ProjectRef = ACD67BF71CEC9D0900DD2CFE /* hoedown.xcodeproj */;
				},
				{
					ProductGroup = D7A1964018B2242500F412DA /* Products */;
					ProjectRef = D7A1963F18B2242500F412DA /* HostSupport.xcodeproj */;
				},
				{
					ProductGroup = 1E1525031CA9CCA60056C506 /* Products */;
					ProjectRef = 1E1525021CA9CCA60056C506 /* LibMV.xcodeproj */;
				},
				{
					ProductGroup = AC4999AB1E8021110012C02D /* Products */;
					ProjectRef = AC4999AA1E8021110012C02D /* natron-python.xcodeproj */;
				},
				{
					ProductGroup = 1E189EC01C49475E00F1FD20 /* Products */;
					ProjectRef = 1E189EBF1C49475E00F1FD20 /* Natron.xcodeproj */;
				},
				{
					ProductGroup = AC07FADC1D6F65D100A5A9D8 /* Products */;
					ProjectRef = AC07FADB1D6F65D100A5A9D8 /* NatronProjectConverter.xcodeproj */;
				},
				{
					ProductGroup = 1E306DEE1C49497200BAC6E3 /* Products */;
					ProjectRef = 1E306DED1C49497200BAC6E3 /* NatronRenderer.xcodeproj */;
				},
				{
					ProductGroup = 1E1525081CA9CCA60056C506 /* Products */;
					ProjectRef = 1E1525071CA9CCA60056C506 /* openMVG.xcodeproj */;
				},
				{
					ProductGroup = 1E12F4B51CC6593300105A34 /* Products */;
					ProjectRef = 1E12F4B41CC6593300105A34 /* qhttpserver.xcodeproj */;
				},
				{
					ProductGroup = AC07FAD41D6F65BE00A5A9D8 /* Products */;
					ProjectRef = AC07FAD31D6F65BE00A5A9D8 /* Serialization.xcodeproj */;
				},
				{
					ProductGroup = AC77629D1D1ACE460006A58E /* Products */;
					ProjectRef = AC77629C1D1ACE460006A58E /* tess.xcodeproj */;
				},
				{
					ProductGroup = 1EADE5C818AA403700EF3180 /* Products */;
					ProjectRef = 1EADE5C718AA403700EF3180 /* Tests.xcodeproj */;
				},
				{
					ProductGroup = 1EDADF2B1D8B0C4D00D47689 /* Products */;
					ProjectRef = 1EDADF2A1D8B0C4D00D47689 /* yaml-cpp-natron.xcodeproj */;
				},
			);
			projectRoot = "";
			targets = (
				1EADE5DC18AA404400EF3180 /* all */,
				1EADE5F818AA407D00EF3180 /* Tests */,
				1E5F8F5118AA91330045A477 /* libs */,
				AC4AA6331C480E7F00C92E12 /* Natron */,
			);
		};
/* End PBXProject section */

/* Begin PBXReferenceProxy section */
		1E12F4BB1CC6593300105A34 /* libqhttpserver.a */ = {
			isa = PBXReferenceProxy;
			fileType = archive.ar;
			path = libqhttpserver.a;
			remoteRef = 1E12F4BA1CC6593300105A34 /* PBXContainerItemProxy */;
			sourceTree = BUILT_PRODUCTS_DIR;
		};
		1E15250E1CA9CCA70056C506 /* libceres.a */ = {
			isa = PBXReferenceProxy;
			fileType = archive.ar;
			path = libceres.a;
			remoteRef = 1E15250D1CA9CCA70056C506 /* PBXContainerItemProxy */;
			sourceTree = BUILT_PRODUCTS_DIR;
		};
		1E1525111CA9CCA70056C506 /* libgflags.a */ = {
			isa = PBXReferenceProxy;
			fileType = archive.ar;
			path = libgflags.a;
			remoteRef = 1E1525101CA9CCA70056C506 /* PBXContainerItemProxy */;
			sourceTree = BUILT_PRODUCTS_DIR;
		};
		1E1525141CA9CCA70056C506 /* libglog.a */ = {
			isa = PBXReferenceProxy;
			fileType = archive.ar;
			path = libglog.a;
			remoteRef = 1E1525131CA9CCA70056C506 /* PBXContainerItemProxy */;
			sourceTree = BUILT_PRODUCTS_DIR;
		};
		1E1525171CA9CCA70056C506 /* libLibMV.a */ = {
			isa = PBXReferenceProxy;
			fileType = archive.ar;
			path = libLibMV.a;
			remoteRef = 1E1525161CA9CCA70056C506 /* PBXContainerItemProxy */;
			sourceTree = BUILT_PRODUCTS_DIR;
		};
		1E15251A1CA9CCA70056C506 /* libopenMVG.a */ = {
			isa = PBXReferenceProxy;
			fileType = archive.ar;
			path = libopenMVG.a;
			remoteRef = 1E1525191CA9CCA70056C506 /* PBXContainerItemProxy */;
			sourceTree = BUILT_PRODUCTS_DIR;
		};
		1E189EC41C49475E00F1FD20 /* Natron.app */ = {
			isa = PBXReferenceProxy;
			fileType = wrapper.application;
			path = Natron.app;
			remoteRef = 1E189EC31C49475E00F1FD20 /* PBXContainerItemProxy */;
			sourceTree = BUILT_PRODUCTS_DIR;
		};
		1E306DF71C49497200BAC6E3 /* NatronRenderer */ = {
			isa = PBXReferenceProxy;
			fileType = "compiled.mach-o.executable";
			path = NatronRenderer;
			remoteRef = 1E306DF61C49497200BAC6E3 /* PBXContainerItemProxy */;
			sourceTree = BUILT_PRODUCTS_DIR;
		};
		1EADE5CF18AA403700EF3180 /* libEngine.a */ = {
			isa = PBXReferenceProxy;
			fileType = archive.ar;
			path = libEngine.a;
			remoteRef = 1EADE5CE18AA403700EF3180 /* PBXContainerItemProxy */;
			sourceTree = BUILT_PRODUCTS_DIR;
		};
		1EADE5D218AA403700EF3180 /* libGui.a */ = {
			isa = PBXReferenceProxy;
			fileType = archive.ar;
			path = libGui.a;
			remoteRef = 1EADE5D118AA403700EF3180 /* PBXContainerItemProxy */;
			sourceTree = BUILT_PRODUCTS_DIR;
		};
		1EADE5DB18AA403700EF3180 /* Tests */ = {
			isa = PBXReferenceProxy;
			fileType = "compiled.mach-o.executable";
			path = Tests;
			remoteRef = 1EADE5DA18AA403700EF3180 /* PBXContainerItemProxy */;
			sourceTree = BUILT_PRODUCTS_DIR;
		};
		1EE90EF71DD79AB400FA7BFE /* libyaml-cpp-natron.a */ = {
			isa = PBXReferenceProxy;
			fileType = archive.ar;
			path = "libyaml-cpp-natron.a";
			remoteRef = 1EE90EF61DD79AB400FA7BFE /* PBXContainerItemProxy */;
			sourceTree = BUILT_PRODUCTS_DIR;
		};
		AC07FADA1D6F65BE00A5A9D8 /* libSerialization.a */ = {
			isa = PBXReferenceProxy;
			fileType = archive.ar;
			path = libSerialization.a;
			remoteRef = AC07FAD91D6F65BE00A5A9D8 /* PBXContainerItemProxy */;
			sourceTree = BUILT_PRODUCTS_DIR;
		};
		AC07FAE21D6F65D100A5A9D8 /* NatronProjectConverter */ = {
			isa = PBXReferenceProxy;
			fileType = "compiled.mach-o.executable";
			path = NatronProjectConverter;
			remoteRef = AC07FAE11D6F65D100A5A9D8 /* PBXContainerItemProxy */;
			sourceTree = BUILT_PRODUCTS_DIR;
		};
		AC4999B11E8021110012C02D /* natron-python */ = {
			isa = PBXReferenceProxy;
			fileType = "compiled.mach-o.executable";
			path = "natron-python";
			remoteRef = AC4999B01E8021110012C02D /* PBXContainerItemProxy */;
			sourceTree = BUILT_PRODUCTS_DIR;
		};
		AC7762A31D1ACE460006A58E /* libtess.a */ = {
			isa = PBXReferenceProxy;
			fileType = archive.ar;
			path = libtess.a;
			remoteRef = AC7762A21D1ACE460006A58E /* PBXContainerItemProxy */;
			sourceTree = BUILT_PRODUCTS_DIR;
		};
		ACD67BFE1CEC9D0900DD2CFE /* libhoedown.a */ = {
			isa = PBXReferenceProxy;
			fileType = archive.ar;
			path = libhoedown.a;
			remoteRef = ACD67BFD1CEC9D0900DD2CFE /* PBXContainerItemProxy */;
			sourceTree = BUILT_PRODUCTS_DIR;
		};
		D7A1964618B2242500F412DA /* libHostSupport.a */ = {
			isa = PBXReferenceProxy;
			fileType = archive.ar;
			path = libHostSupport.a;
			remoteRef = D7A1964518B2242500F412DA /* PBXContainerItemProxy */;
			sourceTree = BUILT_PRODUCTS_DIR;
		};
/* End PBXReferenceProxy section */

/* Begin PBXShellScriptBuildPhase section */
		1E5F8F5018AA911E0045A477 /* ShellScript */ = {
			isa = PBXShellScriptBuildPhase;
			buildActionMask = 2147483647;
			files = (
			);
			inputPaths = (
			);
			outputPaths = (
			);
			runOnlyForDeploymentPostprocessing = 0;
			shellPath = /bin/sh;
			shellScript = "xcodebuild -project Tests/Tests.xcodeproj -configuration $CONFIGURATION";
			showEnvVarsInLog = 0;
		};
/* End PBXShellScriptBuildPhase section */

/* Begin PBXTargetDependency section */
		1E1178141D8BD50E00024C91 /* PBXTargetDependency */ = {
			isa = PBXTargetDependency;
			name = NatronProjectConverter;
			targetProxy = 1E1178131D8BD50E00024C91 /* PBXContainerItemProxy */;
		};
		1E12F4BD1CC6594E00105A34 /* PBXTargetDependency */ = {
			isa = PBXTargetDependency;
			name = qhttpserver;
			targetProxy = 1E12F4BC1CC6594E00105A34 /* PBXContainerItemProxy */;
		};
		1E1525381CA9CD8D0056C506 /* PBXTargetDependency */ = {
			isa = PBXTargetDependency;
			name = ceres;
			targetProxy = 1E1525371CA9CD8D0056C506 /* PBXContainerItemProxy */;
		};
		1E15253A1CA9CD8D0056C506 /* PBXTargetDependency */ = {
			isa = PBXTargetDependency;
			name = gflags;
			targetProxy = 1E1525391CA9CD8D0056C506 /* PBXContainerItemProxy */;
		};
		1E15253C1CA9CD8D0056C506 /* PBXTargetDependency */ = {
			isa = PBXTargetDependency;
			name = glog;
			targetProxy = 1E15253B1CA9CD8D0056C506 /* PBXContainerItemProxy */;
		};
		1E15253E1CA9CD8D0056C506 /* PBXTargetDependency */ = {
			isa = PBXTargetDependency;
			name = LibMV;
			targetProxy = 1E15253D1CA9CD8D0056C506 /* PBXContainerItemProxy */;
		};
		1E1525401CA9CD8D0056C506 /* PBXTargetDependency */ = {
			isa = PBXTargetDependency;
			name = openMVG;
			targetProxy = 1E15253F1CA9CD8D0056C506 /* PBXContainerItemProxy */;
		};
		1E306DFD1C4949AB00BAC6E3 /* PBXTargetDependency */ = {
			isa = PBXTargetDependency;
			name = Tests;
			targetProxy = 1E306DFC1C4949AB00BAC6E3 /* PBXContainerItemProxy */;
		};
		1E306DFF1C4949BA00BAC6E3 /* PBXTargetDependency */ = {
			isa = PBXTargetDependency;
			target = 1E5F8F5118AA91330045A477 /* libs */;
			targetProxy = 1E306DFE1C4949BA00BAC6E3 /* PBXContainerItemProxy */;
		};
		1E306E011C4949BE00BAC6E3 /* PBXTargetDependency */ = {
			isa = PBXTargetDependency;
			target = AC4AA6331C480E7F00C92E12 /* Natron */;
			targetProxy = 1E306E001C4949BE00BAC6E3 /* PBXContainerItemProxy */;
		};
		1E306E031C4949C900BAC6E3 /* PBXTargetDependency */ = {
			isa = PBXTargetDependency;
			name = NatronRenderer;
			targetProxy = 1E306E021C4949C900BAC6E3 /* PBXContainerItemProxy */;
		};
		1E306E051C4949D700BAC6E3 /* PBXTargetDependency */ = {
			isa = PBXTargetDependency;
			name = Natron;
			targetProxy = 1E306E041C4949D700BAC6E3 /* PBXContainerItemProxy */;
		};
		1E5F8F5818AA913D0045A477 /* PBXTargetDependency */ = {
			isa = PBXTargetDependency;
			name = Engine;
			targetProxy = 1E5F8F5718AA913D0045A477 /* PBXContainerItemProxy */;
		};
		1E5F8F5A18AA913D0045A477 /* PBXTargetDependency */ = {
			isa = PBXTargetDependency;
			name = Gui;
			targetProxy = 1E5F8F5918AA913D0045A477 /* PBXContainerItemProxy */;
		};
		1E5F8F5C18AA91430045A477 /* PBXTargetDependency */ = {
			isa = PBXTargetDependency;
			target = 1E5F8F5118AA91330045A477 /* libs */;
			targetProxy = 1E5F8F5B18AA91430045A477 /* PBXContainerItemProxy */;
		};
		1E7DE01F1FA1FCDB0060E9E7 /* PBXTargetDependency */ = {
			isa = PBXTargetDependency;
			name = "natron-python";
			targetProxy = 1E7DE01E1FA1FCDB0060E9E7 /* PBXContainerItemProxy */;
		};
		1EADE5FF18AA408B00EF3180 /* PBXTargetDependency */ = {
			isa = PBXTargetDependency;
			target = 1EADE5F818AA407D00EF3180 /* Tests */;
			targetProxy = 1EADE5FE18AA408B00EF3180 /* PBXContainerItemProxy */;
		};
		1ED800511E198C6B0021BEC0 /* PBXTargetDependency */ = {
			isa = PBXTargetDependency;
			name = NatronProjectConverter;
			targetProxy = 1ED800501E198C6B0021BEC0 /* PBXContainerItemProxy */;
		};
		1EDADF331D8B0C6500D47689 /* PBXTargetDependency */ = {
			isa = PBXTargetDependency;
			name = "yaml-cpp-natron";
			targetProxy = 1EDADF321D8B0C6500D47689 /* PBXContainerItemProxy */;
		};
		AC3FFDFE1D8835900049666E /* PBXTargetDependency */ = {
			isa = PBXTargetDependency;
			name = Serialization;
			targetProxy = AC3FFDFD1D8835900049666E /* PBXContainerItemProxy */;
		};
		AC4AA6381C480E8700C92E12 /* PBXTargetDependency */ = {
			isa = PBXTargetDependency;
			target = 1E5F8F5118AA91330045A477 /* libs */;
			targetProxy = AC4AA6371C480E8700C92E12 /* PBXContainerItemProxy */;
		};
		AC7762A51D1ACE550006A58E /* PBXTargetDependency */ = {
			isa = PBXTargetDependency;
			name = tess;
			targetProxy = AC7762A41D1ACE550006A58E /* PBXContainerItemProxy */;
		};
		ACD67C001CEC9D1000DD2CFE /* PBXTargetDependency */ = {
			isa = PBXTargetDependency;
			name = hoedown;
			targetProxy = ACD67BFF1CEC9D1000DD2CFE /* PBXContainerItemProxy */;
		};
		D7A1964818B2242E00F412DA /* PBXTargetDependency */ = {
			isa = PBXTargetDependency;
			name = HostSupport;
			targetProxy = D7A1964718B2242E00F412DA /* PBXContainerItemProxy */;
		};
/* End PBXTargetDependency section */

/* Begin XCBuildConfiguration section */
		1E5F8F5318AA91330045A477 /* Debug */ = {
			isa = XCBuildConfiguration;
			buildSettings = {
				PRODUCT_NAME = "$(TARGET_NAME)";
			};
			name = Debug;
		};
		1E5F8F5418AA91330045A477 /* Release */ = {
			isa = XCBuildConfiguration;
			buildSettings = {
				PRODUCT_NAME = "$(TARGET_NAME)";
			};
			name = Release;
		};
		1EADE5BC18AA400B00EF3180 /* Debug */ = {
			isa = XCBuildConfiguration;
			buildSettings = {
				GCC_TREAT_IMPLICIT_FUNCTION_DECLARATIONS_AS_ERRORS = YES;
				GCC_WARN_ABOUT_MISSING_PROTOTYPES = YES;
			};
			name = Debug;
		};
		1EADE5BD18AA400B00EF3180 /* Release */ = {
			isa = XCBuildConfiguration;
			buildSettings = {
				GCC_TREAT_IMPLICIT_FUNCTION_DECLARATIONS_AS_ERRORS = YES;
				GCC_WARN_ABOUT_MISSING_PROTOTYPES = YES;
			};
			name = Release;
		};
		1EADE5DE18AA404400EF3180 /* Debug */ = {
			isa = XCBuildConfiguration;
			buildSettings = {
				PRODUCT_NAME = "$(TARGET_NAME)";
			};
			name = Debug;
		};
		1EADE5DF18AA404400EF3180 /* Release */ = {
			isa = XCBuildConfiguration;
			buildSettings = {
				PRODUCT_NAME = "$(TARGET_NAME)";
			};
			name = Release;
		};
		1EADE5FA18AA407D00EF3180 /* Debug */ = {
			isa = XCBuildConfiguration;
			buildSettings = {
				PRODUCT_NAME = "$(TARGET_NAME)";
			};
			name = Debug;
		};
		1EADE5FB18AA407D00EF3180 /* Release */ = {
			isa = XCBuildConfiguration;
			buildSettings = {
				PRODUCT_NAME = "$(TARGET_NAME)";
			};
			name = Release;
		};
		AC4AA6351C480E7F00C92E12 /* Debug */ = {
			isa = XCBuildConfiguration;
			buildSettings = {
				PRODUCT_NAME = "$(TARGET_NAME)";
			};
			name = Debug;
		};
		AC4AA6361C480E7F00C92E12 /* Release */ = {
			isa = XCBuildConfiguration;
			buildSettings = {
				PRODUCT_NAME = "$(TARGET_NAME)";
			};
			name = Release;
		};
/* End XCBuildConfiguration section */

/* Begin XCConfigurationList section */
		1E5F8F5218AA91330045A477 /* Build configuration list for PBXAggregateTarget "libs" */ = {
			isa = XCConfigurationList;
			buildConfigurations = (
				1E5F8F5318AA91330045A477 /* Debug */,
				1E5F8F5418AA91330045A477 /* Release */,
			);
			defaultConfigurationIsVisible = 0;
			defaultConfigurationName = Release;
		};
		1EADE5BB18AA400B00EF3180 /* Build configuration list for PBXProject "Project-xcode" */ = {
			isa = XCConfigurationList;
			buildConfigurations = (
				1EADE5BC18AA400B00EF3180 /* Debug */,
				1EADE5BD18AA400B00EF3180 /* Release */,
			);
			defaultConfigurationIsVisible = 0;
			defaultConfigurationName = Release;
		};
		1EADE5DD18AA404400EF3180 /* Build configuration list for PBXAggregateTarget "all" */ = {
			isa = XCConfigurationList;
			buildConfigurations = (
				1EADE5DE18AA404400EF3180 /* Debug */,
				1EADE5DF18AA404400EF3180 /* Release */,
			);
			defaultConfigurationIsVisible = 0;
			defaultConfigurationName = Release;
		};
		1EADE5F918AA407D00EF3180 /* Build configuration list for PBXAggregateTarget "Tests" */ = {
			isa = XCConfigurationList;
			buildConfigurations = (
				1EADE5FA18AA407D00EF3180 /* Debug */,
				1EADE5FB18AA407D00EF3180 /* Release */,
			);
			defaultConfigurationIsVisible = 0;
			defaultConfigurationName = Release;
		};
		AC4AA6341C480E7F00C92E12 /* Build configuration list for PBXAggregateTarget "Natron" */ = {
			isa = XCConfigurationList;
			buildConfigurations = (
				AC4AA6351C480E7F00C92E12 /* Debug */,
				AC4AA6361C480E7F00C92E12 /* Release */,
			);
			defaultConfigurationIsVisible = 0;
			defaultConfigurationName = Release;
		};
/* End XCConfigurationList section */
	};
	rootObject = 1EADE5B818AA400B00EF3180 /* Project object */;
}
