// !$*UTF8*$!
{
	archiveVersion = 1;
	classes = {
	};
	objectVersion = 46;
	objects = {
		D7BA7D76DAB5DD13389D6332 = {
			buildActionMask = 2147483647;
			files = (
				);
			generatedFileNames = (
				);
			isa = PBXShellScriptBuildPhase;
			name = "Qt Qmake";
			neededFileNames = (
				);
			shellPath = "/bin/sh";
			shellScript = "make\ -C\ /Users/alexandre/development/Natron/Serialization\ -f\ \'Serialization.xcodeproj/qt_makeqmake.mak\'";
		};
		D60E74B2FD0162C0EC286DCD = {
			isa = PBXFileReference;
			name = "FrameParamsSerialization.cpp";
			path = "FrameParamsSerialization.cpp";
			refType = 4;
			sourceTree = "SOURCE_ROOT";
			lastKnownFileType = "sourcecode.cpp.cpp";
		};
		318FE32E5C2504DF76D630F7 = {
			fileRef = "D60E74B2FD0162C0EC286DCD";
			isa = PBXBuildFile;
			settings = {
				ATTRIBUTES = (
					);
			};
		};
		AA2C24C61FD99C0729DCD149 = {
			isa = PBXFileReference;
			name = "ImageParamsSerialization.cpp";
			path = "ImageParamsSerialization.cpp";
			refType = 4;
			sourceTree = "SOURCE_ROOT";
			lastKnownFileType = "sourcecode.cpp.cpp";
		};
		44BC2639B1DF642948E72FCD = {
			fileRef = "AA2C24C61FD99C0729DCD149";
			isa = PBXBuildFile;
			settings = {
				ATTRIBUTES = (
					);
			};
		};
		60780369FBDEE8BD71F5C1F7 = {
			isa = PBXFileReference;
			name = "KnobSerialization.cpp";
			path = "KnobSerialization.cpp";
			refType = 4;
			sourceTree = "SOURCE_ROOT";
			lastKnownFileType = "sourcecode.cpp.cpp";
		};
		EFC588A447810F4BDA1AE62D = {
			fileRef = "60780369FBDEE8BD71F5C1F7";
			isa = PBXBuildFile;
			settings = {
				ATTRIBUTES = (
					);
			};
		};
		7E642B0CAC232F90D3B90AB3 = {
			isa = PBXFileReference;
			name = "NodeBackdropSerialization.cpp";
			path = "NodeBackdropSerialization.cpp";
			refType = 4;
			sourceTree = "SOURCE_ROOT";
			lastKnownFileType = "sourcecode.cpp.cpp";
		};
		3B8E7FC4F97C73456FA95FD7 = {
			fileRef = "7E642B0CAC232F90D3B90AB3";
			isa = PBXBuildFile;
			settings = {
				ATTRIBUTES = (
					);
			};
		};
		E2DCF692E758CC1CD8DE87D9 = {
			isa = PBXFileReference;
			name = "NonKeyParamsSerialization.cpp";
			path = "NonKeyParamsSerialization.cpp";
			refType = 4;
			sourceTree = "SOURCE_ROOT";
			lastKnownFileType = "sourcecode.cpp.cpp";
		};
		D5C413DAF27725D3BFA646D0 = {
			fileRef = "E2DCF692E758CC1CD8DE87D9";
			isa = PBXBuildFile;
			settings = {
				ATTRIBUTES = (
					);
			};
		};
		947325D3F8CABEDDD209D964 = {
			isa = PBXFileReference;
			name = "NodeSerialization.cpp";
			path = "NodeSerialization.cpp";
			refType = 4;
			sourceTree = "SOURCE_ROOT";
			lastKnownFileType = "sourcecode.cpp.cpp";
		};
		8ED8D91CDED2B671190DDF0F = {
			fileRef = "947325D3F8CABEDDD209D964";
			isa = PBXBuildFile;
			settings = {
				ATTRIBUTES = (
					);
			};
		};
		31DB37892FD81E48E4713B05 = {
			isa = PBXFileReference;
			name = "ProjectGuiSerialization.cpp";
			path = "ProjectGuiSerialization.cpp";
			refType = 4;
			sourceTree = "SOURCE_ROOT";
			lastKnownFileType = "sourcecode.cpp.cpp";
		};
		7A64C70DBE8C596FBE9F6367 = {
			fileRef = "31DB37892FD81E48E4713B05";
			isa = PBXBuildFile;
			settings = {
				ATTRIBUTES = (
					);
			};
		};
		17DA3C74775FC7D5F84B853E = {
			isa = PBXFileReference;
			name = "ProjectSerialization.cpp";
			path = "ProjectSerialization.cpp";
			refType = 4;
			sourceTree = "SOURCE_ROOT";
			lastKnownFileType = "sourcecode.cpp.cpp";
		};
		5E04A0C8397656DCF32CEF7E = {
			fileRef = "17DA3C74775FC7D5F84B853E";
			isa = PBXBuildFile;
			settings = {
				ATTRIBUTES = (
					);
			};
		};
		6F5949DD086427D90C88AE3C = {
			isa = PBXFileReference;
			name = "BezierSerialization.h";
			path = "BezierSerialization.h";
			refType = 4;
			sourceTree = "SOURCE_ROOT";
		};
		748846089C7BAF6E9B8BD981 = {
			isa = PBXFileReference;
			name = "BezierCPSerialization.h";
			path = "BezierCPSerialization.h";
			refType = 4;
			sourceTree = "SOURCE_ROOT";
		};
		D70204F3F2A5E3F560BCF1A4 = {
			isa = PBXFileReference;
			name = "CacheSerialization.h";
			path = "CacheSerialization.h";
			refType = 4;
			sourceTree = "SOURCE_ROOT";
		};
		79D0D3276292BB7A4B049142 = {
			isa = PBXFileReference;
			name = "CurveSerialization.h";
			path = "CurveSerialization.h";
			refType = 4;
			sourceTree = "SOURCE_ROOT";
		};
		610EA69A2735D98ED3BFF7E8 = {
			isa = PBXFileReference;
			name = "FormatSerialization.h";
			path = "FormatSerialization.h";
			refType = 4;
			sourceTree = "SOURCE_ROOT";
		};
		917DFA63699DA8F04AA6C1DB = {
			isa = PBXFileReference;
			name = "NodeSerialization.h";
			path = "NodeSerialization.h";
			refType = 4;
			sourceTree = "SOURCE_ROOT";
		};
		8AF6AD521B5E37797D805599 = {
			isa = PBXFileReference;
			name = "FrameEntrySerialization.h";
			path = "FrameEntrySerialization.h";
			refType = 4;
			sourceTree = "SOURCE_ROOT";
		};
		9C1293B0E5E0335886286622 = {
			isa = PBXFileReference;
			name = "FrameParamsSerialization.h";
			path = "FrameParamsSerialization.h";
			refType = 4;
			sourceTree = "SOURCE_ROOT";
		};
		8474EB92048C4BB6C5B6E0A8 = {
			isa = PBXFileReference;
			name = "ImageKeySerialization.h";
			path = "ImageKeySerialization.h";
			refType = 4;
			sourceTree = "SOURCE_ROOT";
		};
		5C0448B7CDBA40F49DD5026A = {
			isa = PBXFileReference;
			name = "ImageParamsSerialization.h";
			path = "ImageParamsSerialization.h";
			refType = 4;
			sourceTree = "SOURCE_ROOT";
		};
		B6FD5335BBA487D3F53CD0C4 = {
			isa = PBXFileReference;
			name = "ImageSerialization.h";
			path = "ImageSerialization.h";
			refType = 4;
			sourceTree = "SOURCE_ROOT";
		};
		2A15D624514850AB352B2B61 = {
			isa = PBXFileReference;
			name = "KnobSerialization.h";
			path = "KnobSerialization.h";
			refType = 4;
			sourceTree = "SOURCE_ROOT";
		};
		5ACE1B9195C09EDCEEE059F4 = {
			isa = PBXFileReference;
			name = "NodeBackdropSerialization.h";
			path = "NodeBackdropSerialization.h";
			refType = 4;
			sourceTree = "SOURCE_ROOT";
		};
		1F86E246E5F1C4A26D734F05 = {
			isa = PBXFileReference;
			name = "NodeGroupSerialization.h";
			path = "NodeGroupSerialization.h";
			refType = 4;
			sourceTree = "SOURCE_ROOT";
		};
		436694B1A7110FF41A463C6E = {
			isa = PBXFileReference;
			name = "NodeGuiSerialization.h";
			path = "NodeGuiSerialization.h";
			refType = 4;
			sourceTree = "SOURCE_ROOT";
		};
		917DFA63699DA8F04AA6C1DB = {
			isa = PBXFileReference;
			name = "NodeSerialization.h";
			path = "NodeSerialization.h";
			refType = 4;
			sourceTree = "SOURCE_ROOT";
		};
		6F4176663A5E3CBED3184BF6 = {
			isa = PBXFileReference;
			name = "NonKeyParamsSerialization.h";
			path = "NonKeyParamsSerialization.h";
			refType = 4;
			sourceTree = "SOURCE_ROOT";
		};
		8D14FC71B6F8F7E36F0A7D1C = {
			isa = PBXFileReference;
			name = "ProjectGuiSerialization.h";
			path = "ProjectGuiSerialization.h";
			refType = 4;
			sourceTree = "SOURCE_ROOT";
		};
		A76844C3FDE1716EE686AC32 = {
			isa = PBXFileReference;
			name = "ProjectSerialization.h";
			path = "ProjectSerialization.h";
			refType = 4;
			sourceTree = "SOURCE_ROOT";
		};
		B48BC6E9D8E6BCB88C6F0256 = {
			isa = PBXFileReference;
			name = "RectDSerialization.h";
			path = "RectDSerialization.h";
			refType = 4;
			sourceTree = "SOURCE_ROOT";
		};
		CA690F84DD549592BF3675C3 = {
			isa = PBXFileReference;
			name = "RectISerialization.h";
			path = "RectISerialization.h";
			refType = 4;
			sourceTree = "SOURCE_ROOT";
		};
		1B9A47EA78D2D27B42C155D0 = {
			isa = PBXFileReference;
			name = "RotoContextSerialization.h";
			path = "RotoContextSerialization.h";
			refType = 4;
			sourceTree = "SOURCE_ROOT";
		};
		6CC3ECBAB943A1DF8D725FC8 = {
			isa = PBXFileReference;
			name = "RotoDrawableItemSerialization.h";
			path = "RotoDrawableItemSerialization.h";
			refType = 4;
			sourceTree = "SOURCE_ROOT";
		};
		743FD39CC94A33593EF39A51 = {
			isa = PBXFileReference;
			name = "RotoItemSerialization.h";
			path = "RotoItemSerialization.h";
			refType = 4;
			sourceTree = "SOURCE_ROOT";
		};
		CEB24898CE1F5CFFD2BE12AB = {
			isa = PBXFileReference;
			name = "RotoLayerSerialization.h";
			path = "RotoLayerSerialization.h";
			refType = 4;
			sourceTree = "SOURCE_ROOT";
		};
		2F9DAC6EFAA2A8A584CB64D6 = {
			isa = PBXFileReference;
			name = "RotoStrokeItemSerialization.h";
			path = "RotoStrokeItemSerialization.h";
			refType = 4;
			sourceTree = "SOURCE_ROOT";
		};
		019E4E2FD6E3A49AB3510C00 = {
			isa = PBXFileReference;
			name = "SerializationBase.h";
			path = "SerializationBase.h";
			refType = 4;
			sourceTree = "SOURCE_ROOT";
		};
		1297BA86D4089E35FBAF96E4 = {
			isa = PBXFileReference;
			name = "TextureRectSerialization.h";
			path = "TextureRectSerialization.h";
			refType = 4;
			sourceTree = "SOURCE_ROOT";
		};
		A55C91BC7A24ABCA26BB9FCD = {
			isa = PBXFileReference;
			name = "TrackerSerialization.h";
			path = "TrackerSerialization.h";
			refType = 4;
			sourceTree = "SOURCE_ROOT";
		};
		06D00F524ED54DC3C27D9A71 = {
			isa = PBXFileReference;
			name = "Serialization.pro";
			path = "Serialization.pro";
			refType = 4;
			sourceTree = "SOURCE_ROOT";
		};
		883D7615C4D2DE3FA1218F12 = {
			isa = PBXGroup;
			children = (
				"6F5949DD086427D90C88AE3C",
				"748846089C7BAF6E9B8BD981",
				"D70204F3F2A5E3F560BCF1A4",
				"79D0D3276292BB7A4B049142",
				"610EA69A2735D98ED3BFF7E8",
				"917DFA63699DA8F04AA6C1DB",
				"8AF6AD521B5E37797D805599",
				"9C1293B0E5E0335886286622",
				"8474EB92048C4BB6C5B6E0A8",
				"5C0448B7CDBA40F49DD5026A",
				"B6FD5335BBA487D3F53CD0C4",
				"2A15D624514850AB352B2B61",
				"5ACE1B9195C09EDCEEE059F4",
				"1F86E246E5F1C4A26D734F05",
				"436694B1A7110FF41A463C6E",
				"6F4176663A5E3CBED3184BF6",
				"8D14FC71B6F8F7E36F0A7D1C",
				"A76844C3FDE1716EE686AC32",
				"B48BC6E9D8E6BCB88C6F0256",
				"CA690F84DD549592BF3675C3",
				"1B9A47EA78D2D27B42C155D0",
				"6CC3ECBAB943A1DF8D725FC8",
				"743FD39CC94A33593EF39A51",
				"CEB24898CE1F5CFFD2BE12AB",
				"2F9DAC6EFAA2A8A584CB64D6",
				"019E4E2FD6E3A49AB3510C00",
				"1297BA86D4089E35FBAF96E4",
				"A55C91BC7A24ABCA26BB9FCD");
			name = "Headers";
			refType = 4;
			sourceTree = "<Group>";
		};
		FB61758D0F0FDA4BA867C3D5 = {
			isa = PBXGroup;
			children = (
				"D60E74B2FD0162C0EC286DCD",
				"AA2C24C61FD99C0729DCD149",
				"60780369FBDEE8BD71F5C1F7",
				"7E642B0CAC232F90D3B90AB3",
				"E2DCF692E758CC1CD8DE87D9",
				"947325D3F8CABEDDD209D964",
				"31DB37892FD81E48E4713B05",
				"17DA3C74775FC7D5F84B853E");
			name = "Sources";
			refType = 4;
			sourceTree = "<Group>";
		};
		7CABE3C80E79AD2B307756D2 = {
			isa = PBXGroup;
			children = (
				"06D00F524ED54DC3C27D9A71");
			name = "Sources [qmake]";
			refType = 4;
			sourceTree = "<Group>";
		};
		A0A52A2ADF7A1E2A99738674 = {
			buildActionMask = 2147483647;
			files = (
				);
			generatedFileNames = (
				"318FE32E5C2504DF76D630F7",
				"44BC2639B1DF642948E72FCD",
				"EFC588A447810F4BDA1AE62D",
				"3B8E7FC4F97C73456FA95FD7",
				"D5C413DAF27725D3BFA646D0",
				"8ED8D91CDED2B671190DDF0F",
				"7A64C70DBE8C596FBE9F6367",
				"5E04A0C8397656DCF32CEF7E");
			isa = PBXShellScriptBuildPhase;
			name = "Qt Preprocessors";
			neededFileNames = (
				"318FE32E5C2504DF76D630F7",
				"44BC2639B1DF642948E72FCD",
				"EFC588A447810F4BDA1AE62D",
				"3B8E7FC4F97C73456FA95FD7",
				"D5C413DAF27725D3BFA646D0",
				"8ED8D91CDED2B671190DDF0F",
				"7A64C70DBE8C596FBE9F6367",
				"5E04A0C8397656DCF32CEF7E");
			shellPath = "/bin/sh";
			shellScript = "make\ -C\ /Users/alexandre/development/Natron/Serialization\ -f\ \'Serialization.xcodeproj/qt_preprocess.mak\'";
		};
		C29B8785722055ED95EF7B57 = {
			buildActionMask = 2147483647;
			files = (
				"318FE32E5C2504DF76D630F7",
				"44BC2639B1DF642948E72FCD",
				"EFC588A447810F4BDA1AE62D",
				"3B8E7FC4F97C73456FA95FD7",
				"D5C413DAF27725D3BFA646D0",
				"8ED8D91CDED2B671190DDF0F",
				"7A64C70DBE8C596FBE9F6367",
				"5E04A0C8397656DCF32CEF7E");
			isa = PBXSourcesBuildPhase;
			name = "Build Sources";
		};
		2A1043669E6E5A7426EA502A = {
			buildActionMask = 2147483647;
			files = (
				);
			isa = PBXFrameworksBuildPhase;
			name = "Frameworks & Libraries";
		};
		05596AB53D8D521C69802C27 = {
			children = (
				"FB61758D0F0FDA4BA867C3D5",
				"883D7615C4D2DE3FA1218F12",
				"7CABE3C80E79AD2B307756D2");
			isa = PBXGroup;
			name = "Serialization";
			path = "";
			refType = 4;
			sourceTree = "<Group>";
		};
		78DBAD8E1A0A34E6FAF058D2 = {
			isa = PBXFileReference;
			explicitFileType = "compiled.mach-o.dylib";
			path = "libSerialization.a";
			refType = 3;
			sourceTree = BUILT_PRODUCTS_DIR;
		};
		068F80C7519D0528FB08E821 = {
			children = (
				"78DBAD8E1A0A34E6FAF058D2");
			isa = PBXGroup;
			name = "Products";
			refType = 4;
		};
		71837ACC34AF5AD4155896B4 = {
			buildPhases = (
				"D7BA7D76DAB5DD13389D6332",
				"A0A52A2ADF7A1E2A99738674",
				"C29B8785722055ED95EF7B57",
				"2A1043669E6E5A7426EA502A");
			buildSettings = {
				CC = "/usr/bin/clang";
				CPLUSPLUS = "/usr/bin/clang++";
				LEXFLAGS = "";
				YACCFLAGS = "-d";
				OTHER_REZFLAGS = "";
				SECTORDER_FLAGS = "";
				WARNING_CFLAGS = "";
				PREBINDING = NO;
				BUILD_ROOT = "/Users/alexandre/development/Natron/Serialization";
				INSTALL_PATH = "";
				DYLIB_CURRENT_VERSION = "1.0.0";
				DYLIB_COMPATIBILITY_VERSION = "1.0";
				MACOSX_DEPLOYMENT_TARGET = "10.11";
				LIBRARY_STYLE = "STATIC";
				PRODUCT_NAME = "Serialization";
			};
			conditionalBuildSettings = {
			};
			dependencies = (
				);
			productReference = "78DBAD8E1A0A34E6FAF058D2";
			shouldUseHeadermap = 1;
			buildConfigurationList = 17B3380A4D6A7D415E7F2E1E;
			isa = PBXNativeTarget;
			name = "Serialization";
			productName = "Serialization";
			productType = "com.apple.product-type.library.static";
			startupPath = "<<ProjectDirectory>>";
		};
		4B72B24813252891014BCF61 = {
			isa = XCBuildConfiguration;
			buildSettings = {
				COPY_PHASE_STRIP = "NO";
				GCC_GENERATE_DEBUGGING_SYMBOLS = "YES";
				GCC_OPTIMIZATION_LEVEL = "0";
				PRODUCT_NAME = "Serialization";
				HEADER_SEARCH_PATHS = (
					"/opt/osmesa/include",
					"/opt/local/include/freetype2",
					"/opt/local/include",
					"/opt/local/include/libpng16",
					"/usr/local/include",
					"/System/Library/Frameworks/CarbonCore.framework/Headers",
					"/opt/local/libexec/qt4/share/mkspecs/macx-xcode");
				LIBRARY_SEARCH_PATHS = (
					);
				FRAMEWORK_SEARCH_PATHS = (
					);
				INFOPLIST_FILE = "Info.plist";
				OTHER_CFLAGS = (
					"-pipe",
					"-g",
					"-Wall",
					"-W",
					"-fPIC",
					"-DOFX_EXTENSIONS_NUKE",
					"-DOFX_EXTENSIONS_TUTTLE",
					"-DOFX_EXTENSIONS_VEGAS",
					"-DOFX_SUPPORTS_PARAMETRIC",
					"-DOFX_EXTENSIONS_TUTTLE",
					"-DOFX_EXTENSIONS_NATRON",
					"-DOFX_SUPPORTS_OPENGLRENDER",
					"-DOFX_SUPPORTS_MULTITHREAD",
					"-DOFX_SUPPORTS_DIALOG",
					"-DQT_NO_CAST_FROM_ASCII",
					"-DDEBUG",
					"-DROTO_SHAPE_RENDER_ENABLE_CAIRO",
					"-DNATRON_BUILD_NUMBER=0",
					"-DHAVE_OSMESA");
				OTHER_CPLUSPLUSFLAGS = (
					"-pipe",
					"-ftemplate-depth-1024",
					"-g",
					"-Wall",
					"-W",
					"-fPIC",
					"-DOFX_EXTENSIONS_NUKE",
					"-DOFX_EXTENSIONS_TUTTLE",
					"-DOFX_EXTENSIONS_VEGAS",
					"-DOFX_SUPPORTS_PARAMETRIC",
					"-DOFX_EXTENSIONS_TUTTLE",
					"-DOFX_EXTENSIONS_NATRON",
					"-DOFX_SUPPORTS_OPENGLRENDER",
					"-DOFX_SUPPORTS_MULTITHREAD",
					"-DOFX_SUPPORTS_DIALOG",
					"-DQT_NO_CAST_FROM_ASCII",
					"-DDEBUG",
					"-DROTO_SHAPE_RENDER_ENABLE_CAIRO",
					"-DNATRON_BUILD_NUMBER=0",
					"-DHAVE_OSMESA");
				ARCHS = "x86_64";
			};
			name = "Debug";
		};
		BEC09A62E69C3553534FF35E = {
			isa = XCBuildConfiguration;
			buildSettings = {
				COPY_PHASE_STRIP = "NO";
				GCC_GENERATE_DEBUGGING_SYMBOLS = "YES";
				GCC_OPTIMIZATION_LEVEL = "0";
				PRODUCT_NAME = "Serialization";
				LIBRARY_STYLE = "STATIC";
				PRODUCT_NAME = "Serialization";
			};
			name = "Debug";
		};
		2C641C3335766025DD51B7BD = {
			buildRules = (
				);
			buildSettings = {
				COPY_PHASE_STRIP = "NO";
				GCC_GENERATE_DEBUGGING_SYMBOLS = "YES";
				GCC_OPTIMIZATION_LEVEL = "0";
				PRODUCT_NAME = "Serialization";
			};
			isa = "PBXBuildStyle";
			name = "Debug";
		};
		D70590BEB531B51029F711BB = {
			isa = XCBuildConfiguration;
			buildSettings = {
				COPY_PHASE_STRIP = "YES";
				GCC_GENERATE_DEBUGGING_SYMBOLS = "NO";
				PRODUCT_NAME = "Serialization";
				HEADER_SEARCH_PATHS = (
					"/opt/osmesa/include",
					"/opt/local/include/freetype2",
					"/opt/local/include",
					"/opt/local/include/libpng16",
					"/usr/local/include",
					"/System/Library/Frameworks/CarbonCore.framework/Headers",
					"/opt/local/libexec/qt4/share/mkspecs/macx-xcode");
				LIBRARY_SEARCH_PATHS = (
					);
				FRAMEWORK_SEARCH_PATHS = (
					);
				INFOPLIST_FILE = "Info.plist";
				OTHER_CFLAGS = (
					"-pipe",
					"-g",
					"-Wall",
					"-W",
					"-fPIC",
					"-DOFX_EXTENSIONS_NUKE",
					"-DOFX_EXTENSIONS_TUTTLE",
					"-DOFX_EXTENSIONS_VEGAS",
					"-DOFX_SUPPORTS_PARAMETRIC",
					"-DOFX_EXTENSIONS_TUTTLE",
					"-DOFX_EXTENSIONS_NATRON",
					"-DOFX_SUPPORTS_OPENGLRENDER",
					"-DOFX_SUPPORTS_MULTITHREAD",
					"-DOFX_SUPPORTS_DIALOG",
					"-DQT_NO_CAST_FROM_ASCII",
					"-DDEBUG",
					"-DROTO_SHAPE_RENDER_ENABLE_CAIRO",
					"-DNATRON_BUILD_NUMBER=0",
					"-DHAVE_OSMESA");
				OTHER_CPLUSPLUSFLAGS = (
					"-pipe",
					"-ftemplate-depth-1024",
					"-g",
					"-Wall",
					"-W",
					"-fPIC",
					"-DOFX_EXTENSIONS_NUKE",
					"-DOFX_EXTENSIONS_TUTTLE",
					"-DOFX_EXTENSIONS_VEGAS",
					"-DOFX_SUPPORTS_PARAMETRIC",
					"-DOFX_EXTENSIONS_TUTTLE",
					"-DOFX_EXTENSIONS_NATRON",
					"-DOFX_SUPPORTS_OPENGLRENDER",
					"-DOFX_SUPPORTS_MULTITHREAD",
					"-DOFX_SUPPORTS_DIALOG",
					"-DQT_NO_CAST_FROM_ASCII",
					"-DDEBUG",
					"-DROTO_SHAPE_RENDER_ENABLE_CAIRO",
					"-DNATRON_BUILD_NUMBER=0",
					"-DHAVE_OSMESA");
				ARCHS = "x86_64";
			};
			name = "Release";
		};
		8C7174830A1E4DCBA0332EC1 = {
			isa = XCBuildConfiguration;
			buildSettings = {
				COPY_PHASE_STRIP = "YES";
				GCC_GENERATE_DEBUGGING_SYMBOLS = "NO";
				PRODUCT_NAME = "Serialization";
				LIBRARY_STYLE = "STATIC";
				PRODUCT_NAME = "Serialization";
			};
			name = "Release";
		};
		26DE8D2AEA4B3714B41E931F = {
			buildRules = (
				);
			buildSettings = {
				COPY_PHASE_STRIP = "YES";
				GCC_GENERATE_DEBUGGING_SYMBOLS = "NO";
				PRODUCT_NAME = "Serialization";
			};
			isa = "PBXBuildStyle";
			name = "Release";
		};
		CC82A9286117DFED018F418F = {
			isa = XCConfigurationList;
			buildConfigurations = (
				"4B72B24813252891014BCF61",
				"D70590BEB531B51029F711BB");
			defaultConfigurationIsVisible = 0;
			defaultConfigurationIsName = "Debug";
		};
		17B3380A4D6A7D415E7F2E1E = {
			isa = XCConfigurationList;
			buildConfigurations = (
				"BEC09A62E69C3553534FF35E",
				"8C7174830A1E4DCBA0332EC1");
			defaultConfigurationIsVisible = 0;
			defaultConfigurationIsName = "Debug";
		};
		91B15E841AA80083484172DE = {
			buildStyles = (
				"2C641C3335766025DD51B7BD",
				"26DE8D2AEA4B3714B41E931F");
			hasScannedForEncodings = 1;
			isa = PBXProject;
			mainGroup = "05596AB53D8D521C69802C27";
			buildConfigurationList = "CC82A9286117DFED018F418F";
			projectDirPath = "";
			targets = (
				"71837ACC34AF5AD4155896B4");
		};
	};
	rootObject = "91B15E841AA80083484172DE";
}
