// !$*UTF8*$!
{
	archiveVersion = 1;
	classes = {
	};
	objectVersion = 46;
	objects = {
		D7BA7D76DAB5DD13389D6332 = {
			buildActionMask = 2147483647;
			files = (
				);
			generatedFileNames = (
				);
			isa = PBXShellScriptBuildPhase;
			name = "Qt Qmake";
			neededFileNames = (
				);
			shellPath = "/bin/sh";
			shellScript = "make\ -C\ /Users/Lex/Development/Natron/Natron/Renderer\ -f\ \'NatronRenderer.xcodeproj/qt_makeqmake.mak\'";
		};
		88A27034AAF7B6EAB875A5DD = {
			isa = PBXFileReference;
			name = "NatronRenderer_main.cpp";
			path = "NatronRenderer_main.cpp";
			refType = 4;
			sourceTree = "SOURCE_ROOT";
			lastKnownFileType = "sourcecode.cpp.cpp";
		};
		0E1946D257165C4B683857EC = {
			fileRef = "88A27034AAF7B6EAB875A5DD";
			isa = PBXBuildFile;
			settings = {
				ATTRIBUTES = (
					);
			};
		};
		9584924C379385BAE2C4F350 = {
			isa = PBXFileReference;
			name = "Renderer.pro";
			path = "Renderer.pro";
			refType = 4;
			sourceTree = "SOURCE_ROOT";
		};
		FB61758D0F0FDA4BA867C3D5 = {
			isa = PBXGroup;
			children = (
				"88A27034AAF7B6EAB875A5DD");
			name = "Sources";
			refType = 4;
			sourceTree = "<Group>";
		};
		7CABE3C80E79AD2B307756D2 = {
			isa = PBXGroup;
			children = (
				"9584924C379385BAE2C4F350");
			name = "Sources [qmake]";
			refType = 4;
			sourceTree = "<Group>";
		};
		A0A52A2ADF7A1E2A99738674 = {
			buildActionMask = 2147483647;
			files = (
				);
			generatedFileNames = (
				"0E1946D257165C4B683857EC");
			isa = PBXShellScriptBuildPhase;
			name = "Qt Preprocessors";
			neededFileNames = (
				"0E1946D257165C4B683857EC");
			shellPath = "/bin/sh";
			shellScript = "make\ -C\ /Users/Lex/Development/Natron/Natron/Renderer\ -f\ \'NatronRenderer.xcodeproj/qt_preprocess.mak\'";
		};
		C29B8785722055ED95EF7B57 = {
			buildActionMask = 2147483647;
			files = (
				"0E1946D257165C4B683857EC");
			isa = PBXSourcesBuildPhase;
			name = "Build Sources";
		};
		D0A1AADFEA73F78641C682A5 = {
			isa = PBXFileReference;
			name = "CoreServices.framework";
			path = "/System/Library/Frameworks/CoreServices.framework";
			refType = 0;
			sourceTree = "<absolute>";
			lastKnownFileType = "wrapper.framework";
		};
		9C3DD8DCBC0821F151F42E8D = {
			fileRef = "D0A1AADFEA73F78641C682A5";
			isa = PBXBuildFile;
			settings = {
			};
		};
		08165872A633F1FDA187808B = {
			isa = PBXFileReference;
			name = "boost_serialization-mt";
			path = "/opt/local/lib/libboost_serialization-mt.dylib";
			refType = 0;
			sourceTree = "<absolute>";
		};
		CB4D9253CE19B47D82985D22 = {
			fileRef = "08165872A633F1FDA187808B";
			isa = PBXBuildFile;
			settings = {
			};
		};
		51AC7138AE59E200E74173AA = {
			isa = PBXFileReference;
			name = "expat";
			path = "/opt/local/lib/libexpat.1.dylib";
			refType = 0;
			sourceTree = "<absolute>";
		};
		CFC0B9F2AF15F2A103D250EF = {
			fileRef = "51AC7138AE59E200E74173AA";
			isa = PBXBuildFile;
			settings = {
			};
		};
		98147451093A70FCFFA99C13 = {
			isa = PBXFileReference;
			name = "QtCore.framework";
			path = "/opt/local/Library/Frameworks/QtCore.framework";
			refType = 0;
			sourceTree = "<absolute>";
			lastKnownFileType = "wrapper.framework";
		};
		14030FB267B619C665EA0C8B = {
			fileRef = "98147451093A70FCFFA99C13";
			isa = PBXBuildFile;
			settings = {
			};
		};
		ED1E82605DD74B483AF3C982 = {
			children = (
				"D0A1AADFEA73F78641C682A5",
				"08165872A633F1FDA187808B",
				"51AC7138AE59E200E74173AA",
				"98147451093A70FCFFA99C13");
			isa = PBXGroup;
			name = "External Frameworks and Libraries";
			path = "";
			refType = 4;
			sourceTree = "<Group>";
		};
		2A1043669E6E5A7426EA502A = {
			buildActionMask = 2147483647;
			files = (
				"9C3DD8DCBC0821F151F42E8D",
				"CB4D9253CE19B47D82985D22",
				"CFC0B9F2AF15F2A103D250EF",
				"14030FB267B619C665EA0C8B");
			isa = PBXFrameworksBuildPhase;
			name = "Frameworks & Libraries";
		};
		05596AB53D8D521C69802C27 = {
			children = (
				"FB61758D0F0FDA4BA867C3D5",
				"7CABE3C80E79AD2B307756D2",
				"ED1E82605DD74B483AF3C982");
			isa = PBXGroup;
			name = "NatronRenderer";
			path = "";
			refType = 4;
			sourceTree = "<Group>";
		};
		23D152D776A9598AB16BC543 = {
			isa = PBXFileReference;
			explicitFileType = "wrapper.executable";
			path = "NatronRenderer";
			refType = 3;
			sourceTree = BUILT_PRODUCTS_DIR;
		};
		068F80C7519D0528FB08E821 = {
			children = (
				"23D152D776A9598AB16BC543");
			isa = PBXGroup;
			name = "Products";
			refType = 4;
		};
		976DB39D18B0553024BC88F9 = {
			buildPhases = (
				"D7BA7D76DAB5DD13389D6332",
				"A0A52A2ADF7A1E2A99738674",
				"C29B8785722055ED95EF7B57",
				"2A1043669E6E5A7426EA502A");
			buildSettings = {
				CC = "/usr/bin/clang";
				CPLUSPLUS = "/usr/bin/clang++";
				LEXFLAGS = "";
				YACCFLAGS = "-d";
				OTHER_REZFLAGS = "";
				SECTORDER_FLAGS = "";
				WARNING_CFLAGS = "";
				PREBINDING = NO;
				BUILD_ROOT = "/Users/Lex/Development/Natron/Natron/Renderer";
				OTHER_LDFLAGS = (
						"-headerpad_max_install_names",
						"-F/opt/local/Library/Frameworks",
						"-F/opt/local/lib",
						"-L/Users/Lex/Development/Natron/Natron/Renderer/../Engine/build/Debug/",
						"-lEngine",
						"-L/Users/Lex/Development/Natron/Natron/Renderer/../HostSupport/build/Debug/",
						"-lHostSupport",
						"-L/opt/local/lib",
						"-F/opt/local/Library/Frameworks",
						"-F/opt/local/lib",
						"-framework",
						"QtNetwork,_debug",
						"-framework",
						"QtCore,_debug");
				DYLIB_CURRENT_VERSION = "1.0.0";
				DYLIB_COMPATIBILITY_VERSION = "1.0";
				MACOSX_DEPLOYMENT_TARGET = "10.8";
				PRODUCT_NAME = "NatronRenderer";
			};
			conditionalBuildSettings = {
			};
			dependencies = (
				);
			productReference = "23D152D776A9598AB16BC543";
			shouldUseHeadermap = 1;
			buildConfigurationList = 17B3380A4D6A7D415E7F2E1E;
			isa = PBXNativeTarget;
			productType = "com.apple.product-type.tool";
			name = "NatronRenderer";
			productName = "NatronRenderer";
			startupPath = "<<ProjectDirectory>>";
		};
		4B72B24813252891014BCF61 = {
			isa = XCBuildConfiguration;
			buildSettings = {
				COPY_PHASE_STRIP = "NO";
				GCC_GENERATE_DEBUGGING_SYMBOLS = "YES";
				GCC_OPTIMIZATION_LEVEL = "0";
				PRODUCT_NAME = "NatronRenderer";
				HEADER_SEARCH_PATHS = (
					".",
					"/opt/local/Library/Frameworks/QtCore.framework/Versions/4/Headers",
					"/opt/local/Library/Frameworks/QtNetwork.framework/Versions/4/Headers",
					"../libs/OpenFX/include",
					"../libs/OpenFX_extensions",
					"../libs/OpenFX/HostSupport/include",
					"../../Natron",
					"../Engine",
					"../HostSupport",
					"/opt/local/Library/Frameworks/QtNetwork.framework/Versions/4/Headers",
					"/opt/local/Library/Frameworks/QtCore.framework/Versions/4/Headers",
					"/opt/local/include",
					"/usr/local/include",
					"/System/Library/Frameworks/CarbonCore.framework/Headers",
					"/opt/local/share/qt4/mkspecs/macx-xcode");
				LIBRARY_SEARCH_PATHS = (
					"/Users/Lex/Development/Natron/Natron/Renderer/../Engine/build/Debug/",
					"/Users/Lex/Development/Natron/Natron/Renderer/../HostSupport/build/Debug/",
					"/System/Library/Frameworks/",
					"/opt/local/lib",
					"/opt/local/Library/Frameworks");
				FRAMEWORK_SEARCH_PATHS = (
					"/opt/local/Library/Frameworks",
					"/opt/local/lib",
					"/opt/local/Library/Frameworks",
					"/opt/local/lib",
					"/opt/local/Library/Frameworks",
					"/opt/local/lib");
				INFOPLIST_FILE = "Info.plist";
				OTHER_CFLAGS = (
					"-pipe",
					"-g",
					"-Wall",
					"-W",
					"-DOFX_EXTENSIONS_NUKE",
					"-DOFX_EXTENSIONS_TUTTLE",
					"-DOFX_EXTENSIONS_VEGAS",
					"-DOFX_SUPPORTS_PARAMETRIC",
					"-DOFX_EXTENSIONS_NATRON",
					"-DOFX_EXTENSIONS_TUTTLE",
					"-DNATRON_DEBUG",
					"-DQT_NETWORK_LIB",
					"-DQT_CORE_LIB",
					"-DQT_SHARED");
				OTHER_CPLUSPLUSFLAGS = (
					"-pipe",
					"-ftemplate-depth-1024",
					"-g",
					"-Wall",
					"-W",
					"-DOFX_EXTENSIONS_NUKE",
					"-DOFX_EXTENSIONS_TUTTLE",
					"-DOFX_EXTENSIONS_VEGAS",
					"-DOFX_SUPPORTS_PARAMETRIC",
					"-DOFX_EXTENSIONS_NATRON",
					"-DOFX_EXTENSIONS_TUTTLE",
					"-DNATRON_DEBUG",
					"-DQT_NETWORK_LIB",
					"-DQT_CORE_LIB",
					"-DQT_SHARED");
				OTHER_LDFLAGS = (
						"-headerpad_max_install_names",
						"-F/opt/local/Library/Frameworks",
						"-F/opt/local/lib",
						"-L/Users/Lex/Development/Natron/Natron/Renderer/../Engine/build/Debug/",
						"-lEngine",
						"-L/Users/Lex/Development/Natron/Natron/Renderer/../HostSupport/build/Debug/",
						"-lHostSupport",
						"-L/opt/local/lib",
						"-F/opt/local/Library/Frameworks",
						"-F/opt/local/lib",
						"-framework",
						"QtNetwork,_debug",
						"-framework",
						"QtCore,_debug");
				ARCHS = "x86_64";
			};
			name = "Debug";
		};
		BEC09A62E69C3553534FF35E = {
			isa = XCBuildConfiguration;
			buildSettings = {
				COPY_PHASE_STRIP = "NO";
				GCC_GENERATE_DEBUGGING_SYMBOLS = "YES";
				GCC_OPTIMIZATION_LEVEL = "0";
				PRODUCT_NAME = "NatronRenderer";
				PRODUCT_NAME = "NatronRenderer";
			};
			name = "Debug";
		};
		2C641C3335766025DD51B7BD = {
			buildRules = (
				);
			buildSettings = {
				COPY_PHASE_STRIP = "NO";
				GCC_GENERATE_DEBUGGING_SYMBOLS = "YES";
				GCC_OPTIMIZATION_LEVEL = "0";
				PRODUCT_NAME = "NatronRenderer";
			};
			isa = "PBXBuildStyle";
			name = "Debug";
		};
		D70590BEB531B51029F711BB = {
			isa = XCBuildConfiguration;
			buildSettings = {
				COPY_PHASE_STRIP = "YES";
				GCC_GENERATE_DEBUGGING_SYMBOLS = "NO";
				PRODUCT_NAME = "NatronRenderer";
				HEADER_SEARCH_PATHS = (
					".",
					"/opt/local/Library/Frameworks/QtCore.framework/Versions/4/Headers",
					"/opt/local/Library/Frameworks/QtNetwork.framework/Versions/4/Headers",
					"../libs/OpenFX/include",
					"../libs/OpenFX_extensions",
					"../libs/OpenFX/HostSupport/include",
					"../../Natron",
					"../Engine",
					"../HostSupport",
					"/opt/local/Library/Frameworks/QtNetwork.framework/Versions/4/Headers",
					"/opt/local/Library/Frameworks/QtCore.framework/Versions/4/Headers",
					"/opt/local/include",
					"/usr/local/include",
					"/System/Library/Frameworks/CarbonCore.framework/Headers",
					"/opt/local/share/qt4/mkspecs/macx-xcode");
				LIBRARY_SEARCH_PATHS = (
					"/Users/Lex/Development/Natron/Natron/Renderer/../Engine/build/Debug/",
					"/Users/Lex/Development/Natron/Natron/Renderer/../HostSupport/build/Debug/",
					"/System/Library/Frameworks/",
					"/opt/local/lib",
					"/opt/local/Library/Frameworks");
				FRAMEWORK_SEARCH_PATHS = (
					"/opt/local/Library/Frameworks",
					"/opt/local/lib",
					"/opt/local/Library/Frameworks",
					"/opt/local/lib",
					"/opt/local/Library/Frameworks",
					"/opt/local/lib");
				INFOPLIST_FILE = "Info.plist";
				OTHER_CFLAGS = (
					"-pipe",
					"-g",
					"-Wall",
					"-W",
					"-DOFX_EXTENSIONS_NUKE",
					"-DOFX_EXTENSIONS_TUTTLE",
					"-DOFX_EXTENSIONS_VEGAS",
					"-DOFX_SUPPORTS_PARAMETRIC",
					"-DOFX_EXTENSIONS_NATRON",
					"-DOFX_EXTENSIONS_TUTTLE",
					"-DNATRON_DEBUG",
					"-DQT_NETWORK_LIB",
					"-DQT_CORE_LIB",
					"-DQT_SHARED");
				OTHER_CPLUSPLUSFLAGS = (
					"-pipe",
					"-ftemplate-depth-1024",
					"-g",
					"-Wall",
					"-W",
					"-DOFX_EXTENSIONS_NUKE",
					"-DOFX_EXTENSIONS_TUTTLE",
					"-DOFX_EXTENSIONS_VEGAS",
					"-DOFX_SUPPORTS_PARAMETRIC",
					"-DOFX_EXTENSIONS_NATRON",
					"-DOFX_EXTENSIONS_TUTTLE",
					"-DNATRON_DEBUG",
					"-DQT_NETWORK_LIB",
					"-DQT_CORE_LIB",
					"-DQT_SHARED");
				OTHER_LDFLAGS = (
						"-headerpad_max_install_names",
						"-F/opt/local/Library/Frameworks",
						"-F/opt/local/lib",
						"-L/Users/Lex/Development/Natron/Natron/Renderer/../Engine/build/Debug/",
						"-lEngine",
						"-L/Users/Lex/Development/Natron/Natron/Renderer/../HostSupport/build/Debug/",
						"-lHostSupport",
						"-L/opt/local/lib",
						"-F/opt/local/Library/Frameworks",
						"-F/opt/local/lib",
						"-framework",
						"QtNetwork,_debug",
						"-framework",
						"QtCore,_debug");
				ARCHS = "x86_64";
			};
			name = "Release";
		};
		8C7174830A1E4DCBA0332EC1 = {
			isa = XCBuildConfiguration;
			buildSettings = {
				COPY_PHASE_STRIP = "YES";
				GCC_GENERATE_DEBUGGING_SYMBOLS = "NO";
				PRODUCT_NAME = "NatronRenderer";
				PRODUCT_NAME = "NatronRenderer";
			};
			name = "Release";
		};
		26DE8D2AEA4B3714B41E931F = {
			buildRules = (
				);
			buildSettings = {
				COPY_PHASE_STRIP = "YES";
				GCC_GENERATE_DEBUGGING_SYMBOLS = "NO";
				PRODUCT_NAME = "NatronRenderer";
			};
			isa = "PBXBuildStyle";
			name = "Release";
		};
		CC82A9286117DFED018F418F = {
			isa = XCConfigurationList;
			buildConfigurations = (
				"4B72B24813252891014BCF61",
				"D70590BEB531B51029F711BB");
			defaultConfigurationIsVisible = 0;
			defaultConfigurationIsName = "Debug";
		};
		17B3380A4D6A7D415E7F2E1E = {
			isa = XCConfigurationList;
			buildConfigurations = (
				"BEC09A62E69C3553534FF35E",
				"8C7174830A1E4DCBA0332EC1");
			defaultConfigurationIsVisible = 0;
			defaultConfigurationIsName = "Debug";
		};
		91B15E841AA80083484172DE = {
			buildStyles = (
				"2C641C3335766025DD51B7BD",
				"26DE8D2AEA4B3714B41E931F");
			hasScannedForEncodings = 1;
			isa = PBXProject;
			mainGroup = "05596AB53D8D521C69802C27";
			buildConfigurationList = "CC82A9286117DFED018F418F";
			projectDirPath = "";
			targets = (
				"976DB39D18B0553024BC88F9");
		};
	};
	rootObject = "91B15E841AA80083484172DE";
}
