// !$*UTF8*$!
{
	archiveVersion = 1;
	classes = {
	};
	objectVersion = 46;
	objects = {
		D7BA7D76DAB5DD13389D6332 = {
			buildActionMask = 2147483647;
			files = (
				);
			generatedFileNames = (
				);
			isa = PBXShellScriptBuildPhase;
			name = "Qt Qmake";
			neededFileNames = (
				);
			shellPath = "/bin/sh";
			shellScript = "make\ -C\ /Users/alexandre/development/Natron/ceres\ -f\ \'ceres.xcodeproj/qt_makeqmake.mak\'";
		};
		16DC6676CCD725E080021DFE = {
			isa = PBXFileReference;
			name = "array_utils.cc";
			path = "../libs/ceres/internal/ceres/array_utils.cc";
			refType = 4;
			sourceTree = "SOURCE_ROOT";
			lastKnownFileType = "sourcecode.cpp.cpp";
		};
		11AF19B3026E737C268E69D7 = {
			fileRef = "16DC6676CCD725E080021DFE";
			isa = PBXBuildFile;
			settings = {
				ATTRIBUTES = (
					);
			};
		};
		529C7FA5C87EBAA8A24C237F = {
			isa = PBXFileReference;
			name = "blas.cc";
			path = "../libs/ceres/internal/ceres/blas.cc";
			refType = 4;
			sourceTree = "SOURCE_ROOT";
			lastKnownFileType = "sourcecode.cpp.cpp";
		};
		EB6F14EFBF32329C15030C97 = {
			fileRef = "529C7FA5C87EBAA8A24C237F";
			isa = PBXBuildFile;
			settings = {
				ATTRIBUTES = (
					);
			};
		};
		5CD625DE3D1B36D042ACEADB = {
			isa = PBXFileReference;
			name = "block_evaluate_preparer.cc";
			path = "../libs/ceres/internal/ceres/block_evaluate_preparer.cc";
			refType = 4;
			sourceTree = "SOURCE_ROOT";
			lastKnownFileType = "sourcecode.cpp.cpp";
		};
		1107147767FC3ADC80B0C30B = {
			fileRef = "5CD625DE3D1B36D042ACEADB";
			isa = PBXBuildFile;
			settings = {
				ATTRIBUTES = (
					);
			};
		};
		F4E2F087483EF972C1875582 = {
			isa = PBXFileReference;
			name = "block_jacobian_writer.cc";
			path = "../libs/ceres/internal/ceres/block_jacobian_writer.cc";
			refType = 4;
			sourceTree = "SOURCE_ROOT";
			lastKnownFileType = "sourcecode.cpp.cpp";
		};
		0660B8324202B3E976C1A531 = {
			fileRef = "F4E2F087483EF972C1875582";
			isa = PBXBuildFile;
			settings = {
				ATTRIBUTES = (
					);
			};
		};
		27E9673BD8E2F2A795B1C762 = {
			isa = PBXFileReference;
			name = "block_jacobi_preconditioner.cc";
			path = "../libs/ceres/internal/ceres/block_jacobi_preconditioner.cc";
			refType = 4;
			sourceTree = "SOURCE_ROOT";
			lastKnownFileType = "sourcecode.cpp.cpp";
		};
		7146FFFAA15F912A37E0CF51 = {
			fileRef = "27E9673BD8E2F2A795B1C762";
			isa = PBXBuildFile;
			settings = {
				ATTRIBUTES = (
					);
			};
		};
		23979218EEBC15095DB760FF = {
			isa = PBXFileReference;
			name = "block_random_access_dense_matrix.cc";
			path = "../libs/ceres/internal/ceres/block_random_access_dense_matrix.cc";
			refType = 4;
			sourceTree = "SOURCE_ROOT";
			lastKnownFileType = "sourcecode.cpp.cpp";
		};
		921D3549DADEEAC71CE8BA71 = {
			fileRef = "23979218EEBC15095DB760FF";
			isa = PBXBuildFile;
			settings = {
				ATTRIBUTES = (
					);
			};
		};
		1D223A54D94D8E67F90DA1DD = {
			isa = PBXFileReference;
			name = "block_random_access_diagonal_matrix.cc";
			path = "../libs/ceres/internal/ceres/block_random_access_diagonal_matrix.cc";
			refType = 4;
			sourceTree = "SOURCE_ROOT";
			lastKnownFileType = "sourcecode.cpp.cpp";
		};
		5498923F9C447660CDF2E842 = {
			fileRef = "1D223A54D94D8E67F90DA1DD";
			isa = PBXBuildFile;
			settings = {
				ATTRIBUTES = (
					);
			};
		};
		50B4D41EAFDE35F4E66B6FB1 = {
			isa = PBXFileReference;
			name = "block_random_access_matrix.cc";
			path = "../libs/ceres/internal/ceres/block_random_access_matrix.cc";
			refType = 4;
			sourceTree = "SOURCE_ROOT";
			lastKnownFileType = "sourcecode.cpp.cpp";
		};
		750E1D60500E276145AC8ADD = {
			fileRef = "50B4D41EAFDE35F4E66B6FB1";
			isa = PBXBuildFile;
			settings = {
				ATTRIBUTES = (
					);
			};
		};
		538B233E48B2A6EE9D6400A7 = {
			isa = PBXFileReference;
			name = "block_random_access_sparse_matrix.cc";
			path = "../libs/ceres/internal/ceres/block_random_access_sparse_matrix.cc";
			refType = 4;
			sourceTree = "SOURCE_ROOT";
			lastKnownFileType = "sourcecode.cpp.cpp";
		};
		3421F4F978C3F9FA196C5677 = {
			fileRef = "538B233E48B2A6EE9D6400A7";
			isa = PBXBuildFile;
			settings = {
				ATTRIBUTES = (
					);
			};
		};
		9C99D00AF2EC2C1E0D5651FC = {
			isa = PBXFileReference;
			name = "block_sparse_matrix.cc";
			path = "../libs/ceres/internal/ceres/block_sparse_matrix.cc";
			refType = 4;
			sourceTree = "SOURCE_ROOT";
			lastKnownFileType = "sourcecode.cpp.cpp";
		};
		24B21F10DB04E83DC7C77227 = {
			fileRef = "9C99D00AF2EC2C1E0D5651FC";
			isa = PBXBuildFile;
			settings = {
				ATTRIBUTES = (
					);
			};
		};
		FB348526FCB438C5C23AF5B5 = {
			isa = PBXFileReference;
			name = "block_structure.cc";
			path = "../libs/ceres/internal/ceres/block_structure.cc";
			refType = 4;
			sourceTree = "SOURCE_ROOT";
			lastKnownFileType = "sourcecode.cpp.cpp";
		};
		B5D96611BA57E978D5A2675E = {
			fileRef = "FB348526FCB438C5C23AF5B5";
			isa = PBXBuildFile;
			settings = {
				ATTRIBUTES = (
					);
			};
		};
		837E0AA7BC0948A35226DE98 = {
			isa = PBXFileReference;
			name = "callbacks.cc";
			path = "../libs/ceres/internal/ceres/callbacks.cc";
			refType = 4;
			sourceTree = "SOURCE_ROOT";
			lastKnownFileType = "sourcecode.cpp.cpp";
		};
		D210C957721242F784051874 = {
			fileRef = "837E0AA7BC0948A35226DE98";
			isa = PBXBuildFile;
			settings = {
				ATTRIBUTES = (
					);
			};
		};
		FA648D4C00FD27AE26FBCB43 = {
			isa = PBXFileReference;
			name = "canonical_views_clustering.cc";
			path = "../libs/ceres/internal/ceres/canonical_views_clustering.cc";
			refType = 4;
			sourceTree = "SOURCE_ROOT";
			lastKnownFileType = "sourcecode.cpp.cpp";
		};
		4A53598650E90C6F3C97780C = {
			fileRef = "FA648D4C00FD27AE26FBCB43";
			isa = PBXBuildFile;
			settings = {
				ATTRIBUTES = (
					);
			};
		};
		11B61ACFE41D21A33D17D066 = {
			isa = PBXFileReference;
			name = "c_api.cc";
			path = "../libs/ceres/internal/ceres/c_api.cc";
			refType = 4;
			sourceTree = "SOURCE_ROOT";
			lastKnownFileType = "sourcecode.cpp.cpp";
		};
		AF7A0241307467E43F29CC35 = {
			fileRef = "11B61ACFE41D21A33D17D066";
			isa = PBXBuildFile;
			settings = {
				ATTRIBUTES = (
					);
			};
		};
		3F28EFB5A4824EA7CBC94CDF = {
			isa = PBXFileReference;
			name = "cgnr_solver.cc";
			path = "../libs/ceres/internal/ceres/cgnr_solver.cc";
			refType = 4;
			sourceTree = "SOURCE_ROOT";
			lastKnownFileType = "sourcecode.cpp.cpp";
		};
		CD05907880B1952B1CA8E666 = {
			fileRef = "3F28EFB5A4824EA7CBC94CDF";
			isa = PBXBuildFile;
			settings = {
				ATTRIBUTES = (
					);
			};
		};
		28EFBB9245E5090DB2C7622C = {
			isa = PBXFileReference;
			name = "compressed_col_sparse_matrix_utils.cc";
			path = "../libs/ceres/internal/ceres/compressed_col_sparse_matrix_utils.cc";
			refType = 4;
			sourceTree = "SOURCE_ROOT";
			lastKnownFileType = "sourcecode.cpp.cpp";
		};
		F1F080A5A4AD980B32A69DE7 = {
			fileRef = "28EFBB9245E5090DB2C7622C";
			isa = PBXBuildFile;
			settings = {
				ATTRIBUTES = (
					);
			};
		};
		1F2DD4F349E35BCEB719AEBF = {
			isa = PBXFileReference;
			name = "compressed_row_jacobian_writer.cc";
			path = "../libs/ceres/internal/ceres/compressed_row_jacobian_writer.cc";
			refType = 4;
			sourceTree = "SOURCE_ROOT";
			lastKnownFileType = "sourcecode.cpp.cpp";
		};
		6F12D6C75E7BFB57BFB1EE26 = {
			fileRef = "1F2DD4F349E35BCEB719AEBF";
			isa = PBXBuildFile;
			settings = {
				ATTRIBUTES = (
					);
			};
		};
		210B827364E18CFAE2BE2D7F = {
			isa = PBXFileReference;
			name = "compressed_row_sparse_matrix.cc";
			path = "../libs/ceres/internal/ceres/compressed_row_sparse_matrix.cc";
			refType = 4;
			sourceTree = "SOURCE_ROOT";
			lastKnownFileType = "sourcecode.cpp.cpp";
		};
		1701E81E4C29C84F5E1F0C21 = {
			fileRef = "210B827364E18CFAE2BE2D7F";
			isa = PBXBuildFile;
			settings = {
				ATTRIBUTES = (
					);
			};
		};
		DE5A0431C74420CBDC4928FF = {
			isa = PBXFileReference;
			name = "conditioned_cost_function.cc";
			path = "../libs/ceres/internal/ceres/conditioned_cost_function.cc";
			refType = 4;
			sourceTree = "SOURCE_ROOT";
			lastKnownFileType = "sourcecode.cpp.cpp";
		};
		3E71EE233E56656B699906F2 = {
			fileRef = "DE5A0431C74420CBDC4928FF";
			isa = PBXBuildFile;
			settings = {
				ATTRIBUTES = (
					);
			};
		};
		6450DBB8136ACC6ADF2DF52B = {
			isa = PBXFileReference;
			name = "conjugate_gradients_solver.cc";
			path = "../libs/ceres/internal/ceres/conjugate_gradients_solver.cc";
			refType = 4;
			sourceTree = "SOURCE_ROOT";
			lastKnownFileType = "sourcecode.cpp.cpp";
		};
		A4454067FF9D581B4CB655E7 = {
			fileRef = "6450DBB8136ACC6ADF2DF52B";
			isa = PBXBuildFile;
			settings = {
				ATTRIBUTES = (
					);
			};
		};
		6D71CC88837E6525DC4D42F1 = {
			isa = PBXFileReference;
			name = "coordinate_descent_minimizer.cc";
			path = "../libs/ceres/internal/ceres/coordinate_descent_minimizer.cc";
			refType = 4;
			sourceTree = "SOURCE_ROOT";
			lastKnownFileType = "sourcecode.cpp.cpp";
		};
		85D16DCDD2ADE07C10F23B67 = {
			fileRef = "6D71CC88837E6525DC4D42F1";
			isa = PBXBuildFile;
			settings = {
				ATTRIBUTES = (
					);
			};
		};
		D1515E55D959BFCC74D93CC0 = {
			isa = PBXFileReference;
			name = "corrector.cc";
			path = "../libs/ceres/internal/ceres/corrector.cc";
			refType = 4;
			sourceTree = "SOURCE_ROOT";
			lastKnownFileType = "sourcecode.cpp.cpp";
		};
		DBA69DE81853201AEF907A88 = {
			fileRef = "D1515E55D959BFCC74D93CC0";
			isa = PBXBuildFile;
			settings = {
				ATTRIBUTES = (
					);
			};
		};
		CFCF175A6168FACF1CF82A6D = {
			isa = PBXFileReference;
			name = "covariance.cc";
			path = "../libs/ceres/internal/ceres/covariance.cc";
			refType = 4;
			sourceTree = "SOURCE_ROOT";
			lastKnownFileType = "sourcecode.cpp.cpp";
		};
		FA0A20435699BFC1CEE68997 = {
			fileRef = "CFCF175A6168FACF1CF82A6D";
			isa = PBXBuildFile;
			settings = {
				ATTRIBUTES = (
					);
			};
		};
		EE3E439E06A25E1AC38DA980 = {
			isa = PBXFileReference;
			name = "covariance_impl.cc";
			path = "../libs/ceres/internal/ceres/covariance_impl.cc";
			refType = 4;
			sourceTree = "SOURCE_ROOT";
			lastKnownFileType = "sourcecode.cpp.cpp";
		};
		49A703593B8E016337DF7782 = {
			fileRef = "EE3E439E06A25E1AC38DA980";
			isa = PBXBuildFile;
			settings = {
				ATTRIBUTES = (
					);
			};
		};
		4489E390B4423DE7B4204C8E = {
			isa = PBXFileReference;
			name = "cxsparse.cc";
			path = "../libs/ceres/internal/ceres/cxsparse.cc";
			refType = 4;
			sourceTree = "SOURCE_ROOT";
			lastKnownFileType = "sourcecode.cpp.cpp";
		};
		09697209D1E08995B2DAA985 = {
			fileRef = "4489E390B4423DE7B4204C8E";
			isa = PBXBuildFile;
			settings = {
				ATTRIBUTES = (
					);
			};
		};
		371E6066AE24AA9A5BB9F863 = {
			isa = PBXFileReference;
			name = "dense_normal_cholesky_solver.cc";
			path = "../libs/ceres/internal/ceres/dense_normal_cholesky_solver.cc";
			refType = 4;
			sourceTree = "SOURCE_ROOT";
			lastKnownFileType = "sourcecode.cpp.cpp";
		};
		D38A18B0B96C19CA055F3B13 = {
			fileRef = "371E6066AE24AA9A5BB9F863";
			isa = PBXBuildFile;
			settings = {
				ATTRIBUTES = (
					);
			};
		};
		FA033A6844A598623179FE48 = {
			isa = PBXFileReference;
			name = "dense_qr_solver.cc";
			path = "../libs/ceres/internal/ceres/dense_qr_solver.cc";
			refType = 4;
			sourceTree = "SOURCE_ROOT";
			lastKnownFileType = "sourcecode.cpp.cpp";
		};
		27623FACAC7686AC7616282C = {
			fileRef = "FA033A6844A598623179FE48";
			isa = PBXBuildFile;
			settings = {
				ATTRIBUTES = (
					);
			};
		};
		AEB1221E240E4D77B9943916 = {
			isa = PBXFileReference;
			name = "dense_sparse_matrix.cc";
			path = "../libs/ceres/internal/ceres/dense_sparse_matrix.cc";
			refType = 4;
			sourceTree = "SOURCE_ROOT";
			lastKnownFileType = "sourcecode.cpp.cpp";
		};
		F66C847A3CF0DBB53326F6B7 = {
			fileRef = "AEB1221E240E4D77B9943916";
			isa = PBXBuildFile;
			settings = {
				ATTRIBUTES = (
					);
			};
		};
		DC5F3E1F05DB46A7522B82B4 = {
			isa = PBXFileReference;
			name = "detect_structure.cc";
			path = "../libs/ceres/internal/ceres/detect_structure.cc";
			refType = 4;
			sourceTree = "SOURCE_ROOT";
			lastKnownFileType = "sourcecode.cpp.cpp";
		};
		1CDB293002ECD622E1F1C1DD = {
			fileRef = "DC5F3E1F05DB46A7522B82B4";
			isa = PBXBuildFile;
			settings = {
				ATTRIBUTES = (
					);
			};
		};
		837304105638A08861FC637C = {
			isa = PBXFileReference;
			name = "dogleg_strategy.cc";
			path = "../libs/ceres/internal/ceres/dogleg_strategy.cc";
			refType = 4;
			sourceTree = "SOURCE_ROOT";
			lastKnownFileType = "sourcecode.cpp.cpp";
		};
		E3EBA5DBB9049AD4C22B5C40 = {
			fileRef = "837304105638A08861FC637C";
			isa = PBXBuildFile;
			settings = {
				ATTRIBUTES = (
					);
			};
		};
		5000CA618AAB927B4547733A = {
			isa = PBXFileReference;
			name = "dynamic_compressed_row_jacobian_writer.cc";
			path = "../libs/ceres/internal/ceres/dynamic_compressed_row_jacobian_writer.cc";
			refType = 4;
			sourceTree = "SOURCE_ROOT";
			lastKnownFileType = "sourcecode.cpp.cpp";
		};
		5C7E0B0C561932B93DC9D8FC = {
			fileRef = "5000CA618AAB927B4547733A";
			isa = PBXBuildFile;
			settings = {
				ATTRIBUTES = (
					);
			};
		};
		7F988AA541D7F021A3CB26F2 = {
			isa = PBXFileReference;
			name = "dynamic_compressed_row_sparse_matrix.cc";
			path = "../libs/ceres/internal/ceres/dynamic_compressed_row_sparse_matrix.cc";
			refType = 4;
			sourceTree = "SOURCE_ROOT";
			lastKnownFileType = "sourcecode.cpp.cpp";
		};
		8569668603F678050044E170 = {
			fileRef = "7F988AA541D7F021A3CB26F2";
			isa = PBXBuildFile;
			settings = {
				ATTRIBUTES = (
					);
			};
		};
		1AFEBDC13C6D402BBB765640 = {
			isa = PBXFileReference;
			name = "evaluator.cc";
			path = "../libs/ceres/internal/ceres/evaluator.cc";
			refType = 4;
			sourceTree = "SOURCE_ROOT";
			lastKnownFileType = "sourcecode.cpp.cpp";
		};
		B36F4ED5D4F272812766B1A4 = {
			fileRef = "1AFEBDC13C6D402BBB765640";
			isa = PBXBuildFile;
			settings = {
				ATTRIBUTES = (
					);
			};
		};
		EB1E9252D2C0574FE4CCCC60 = {
			isa = PBXFileReference;
			name = "file.cc";
			path = "../libs/ceres/internal/ceres/file.cc";
			refType = 4;
			sourceTree = "SOURCE_ROOT";
			lastKnownFileType = "sourcecode.cpp.cpp";
		};
		43D48F58C40752723564083E = {
			fileRef = "EB1E9252D2C0574FE4CCCC60";
			isa = PBXBuildFile;
			settings = {
				ATTRIBUTES = (
					);
			};
		};
		E8A93EF65AD5B544F411BDED = {
			isa = PBXFileReference;
			name = "partitioned_matrix_view_d_d_d.cc";
			path = "../libs/ceres/internal/ceres/generated/partitioned_matrix_view_d_d_d.cc";
			refType = 4;
			sourceTree = "SOURCE_ROOT";
			lastKnownFileType = "sourcecode.cpp.cpp";
		};
		3C72F8586FDEBE10F5F603C6 = {
			fileRef = "E8A93EF65AD5B544F411BDED";
			isa = PBXBuildFile;
			settings = {
				ATTRIBUTES = (
					);
			};
		};
		938A9EFDCD0F4BC92F13C20C = {
			isa = PBXFileReference;
			name = "schur_eliminator_d_d_d.cc";
			path = "../libs/ceres/internal/ceres/generated/schur_eliminator_d_d_d.cc";
			refType = 4;
			sourceTree = "SOURCE_ROOT";
			lastKnownFileType = "sourcecode.cpp.cpp";
		};
		6BF15CF18E4514A98B55A09A = {
			fileRef = "938A9EFDCD0F4BC92F13C20C";
			isa = PBXBuildFile;
			settings = {
				ATTRIBUTES = (
					);
			};
		};
		30FB3D642592A1822939944B = {
			isa = PBXFileReference;
			name = "gradient_checking_cost_function.cc";
			path = "../libs/ceres/internal/ceres/gradient_checking_cost_function.cc";
			refType = 4;
			sourceTree = "SOURCE_ROOT";
			lastKnownFileType = "sourcecode.cpp.cpp";
		};
		BAAF472F604AF9E73F1185FC = {
			fileRef = "30FB3D642592A1822939944B";
			isa = PBXBuildFile;
			settings = {
				ATTRIBUTES = (
					);
			};
		};
		C95E39630C62174AE0808F58 = {
			isa = PBXFileReference;
			name = "gradient_problem.cc";
			path = "../libs/ceres/internal/ceres/gradient_problem.cc";
			refType = 4;
			sourceTree = "SOURCE_ROOT";
			lastKnownFileType = "sourcecode.cpp.cpp";
		};
		3FF34F7DDAD0C23E79CC9BAE = {
			fileRef = "C95E39630C62174AE0808F58";
			isa = PBXBuildFile;
			settings = {
				ATTRIBUTES = (
					);
			};
		};
		22FEA51257881CBC7BE71D5B = {
			isa = PBXFileReference;
			name = "gradient_problem_solver.cc";
			path = "../libs/ceres/internal/ceres/gradient_problem_solver.cc";
			refType = 4;
			sourceTree = "SOURCE_ROOT";
			lastKnownFileType = "sourcecode.cpp.cpp";
		};
		14F06A1BBD1EA1089B0FC886 = {
			fileRef = "22FEA51257881CBC7BE71D5B";
			isa = PBXBuildFile;
			settings = {
				ATTRIBUTES = (
					);
			};
		};
		F5FE2F9D7D3DDA86B42F5948 = {
			isa = PBXFileReference;
			name = "implicit_schur_complement.cc";
			path = "../libs/ceres/internal/ceres/implicit_schur_complement.cc";
			refType = 4;
			sourceTree = "SOURCE_ROOT";
			lastKnownFileType = "sourcecode.cpp.cpp";
		};
		4A6E5AA9BC0379369D2ECB19 = {
			fileRef = "F5FE2F9D7D3DDA86B42F5948";
			isa = PBXBuildFile;
			settings = {
				ATTRIBUTES = (
					);
			};
		};
		B981F11AACB721DD03A3314C = {
			isa = PBXFileReference;
			name = "incomplete_lq_factorization.cc";
			path = "../libs/ceres/internal/ceres/incomplete_lq_factorization.cc";
			refType = 4;
			sourceTree = "SOURCE_ROOT";
			lastKnownFileType = "sourcecode.cpp.cpp";
		};
		EBDAA1ED4A51763F27FE77EA = {
			fileRef = "B981F11AACB721DD03A3314C";
			isa = PBXBuildFile;
			settings = {
				ATTRIBUTES = (
					);
			};
		};
		2A980F4C7463831D3B0B7CDC = {
			isa = PBXFileReference;
			name = "iterative_schur_complement_solver.cc";
			path = "../libs/ceres/internal/ceres/iterative_schur_complement_solver.cc";
			refType = 4;
			sourceTree = "SOURCE_ROOT";
			lastKnownFileType = "sourcecode.cpp.cpp";
		};
		7AE7BDF8852BC3DFB2C8E6CF = {
			fileRef = "2A980F4C7463831D3B0B7CDC";
			isa = PBXBuildFile;
			settings = {
				ATTRIBUTES = (
					);
			};
		};
		5A660D5A1F695D1256DBDE89 = {
			isa = PBXFileReference;
			name = "lapack.cc";
			path = "../libs/ceres/internal/ceres/lapack.cc";
			refType = 4;
			sourceTree = "SOURCE_ROOT";
			lastKnownFileType = "sourcecode.cpp.cpp";
		};
		FA2217A89ED014F27DEB4BF3 = {
			fileRef = "5A660D5A1F695D1256DBDE89";
			isa = PBXBuildFile;
			settings = {
				ATTRIBUTES = (
					);
			};
		};
		5EC4A2ED6FE04C5D32E72103 = {
			isa = PBXFileReference;
			name = "levenberg_marquardt_strategy.cc";
			path = "../libs/ceres/internal/ceres/levenberg_marquardt_strategy.cc";
			refType = 4;
			sourceTree = "SOURCE_ROOT";
			lastKnownFileType = "sourcecode.cpp.cpp";
		};
		97953CEBA2C8178E10DC0CF3 = {
			fileRef = "5EC4A2ED6FE04C5D32E72103";
			isa = PBXBuildFile;
			settings = {
				ATTRIBUTES = (
					);
			};
		};
		5D8A5B74B2E59034DCA75770 = {
			isa = PBXFileReference;
			name = "linear_least_squares_problems.cc";
			path = "../libs/ceres/internal/ceres/linear_least_squares_problems.cc";
			refType = 4;
			sourceTree = "SOURCE_ROOT";
			lastKnownFileType = "sourcecode.cpp.cpp";
		};
		A5748B2FA7D0250AE88777AD = {
			fileRef = "5D8A5B74B2E59034DCA75770";
			isa = PBXBuildFile;
			settings = {
				ATTRIBUTES = (
					);
			};
		};
		97C95F3ADE46593137C648DB = {
			isa = PBXFileReference;
			name = "linear_operator.cc";
			path = "../libs/ceres/internal/ceres/linear_operator.cc";
			refType = 4;
			sourceTree = "SOURCE_ROOT";
			lastKnownFileType = "sourcecode.cpp.cpp";
		};
		19E78E6A547867B0B713F9E0 = {
			fileRef = "97C95F3ADE46593137C648DB";
			isa = PBXBuildFile;
			settings = {
				ATTRIBUTES = (
					);
			};
		};
		9381E60052D0CD31BB78263D = {
			isa = PBXFileReference;
			name = "linear_solver.cc";
			path = "../libs/ceres/internal/ceres/linear_solver.cc";
			refType = 4;
			sourceTree = "SOURCE_ROOT";
			lastKnownFileType = "sourcecode.cpp.cpp";
		};
		4CB1877E1E754197CB6B52D3 = {
			fileRef = "9381E60052D0CD31BB78263D";
			isa = PBXBuildFile;
			settings = {
				ATTRIBUTES = (
					);
			};
		};
		6F209709D1DE4641EA18F647 = {
			isa = PBXFileReference;
			name = "line_search.cc";
			path = "../libs/ceres/internal/ceres/line_search.cc";
			refType = 4;
			sourceTree = "SOURCE_ROOT";
			lastKnownFileType = "sourcecode.cpp.cpp";
		};
		AD7CBE1B724A594865304294 = {
			fileRef = "6F209709D1DE4641EA18F647";
			isa = PBXBuildFile;
			settings = {
				ATTRIBUTES = (
					);
			};
		};
		4C3FF4D26AA6F52E2F68D5FA = {
			isa = PBXFileReference;
			name = "line_search_direction.cc";
			path = "../libs/ceres/internal/ceres/line_search_direction.cc";
			refType = 4;
			sourceTree = "SOURCE_ROOT";
			lastKnownFileType = "sourcecode.cpp.cpp";
		};
		EE73435E63FBDDC57CD6A1CA = {
			fileRef = "4C3FF4D26AA6F52E2F68D5FA";
			isa = PBXBuildFile;
			settings = {
				ATTRIBUTES = (
					);
			};
		};
		3BF12F6C610CC7DD790FB962 = {
			isa = PBXFileReference;
			name = "line_search_minimizer.cc";
			path = "../libs/ceres/internal/ceres/line_search_minimizer.cc";
			refType = 4;
			sourceTree = "SOURCE_ROOT";
			lastKnownFileType = "sourcecode.cpp.cpp";
		};
		712C0C70FE20F1010AEFEEA9 = {
			fileRef = "3BF12F6C610CC7DD790FB962";
			isa = PBXBuildFile;
			settings = {
				ATTRIBUTES = (
					);
			};
		};
		3BEC7F2286F35E893F153F3B = {
			isa = PBXFileReference;
			name = "line_search_preprocessor.cc";
			path = "../libs/ceres/internal/ceres/line_search_preprocessor.cc";
			refType = 4;
			sourceTree = "SOURCE_ROOT";
			lastKnownFileType = "sourcecode.cpp.cpp";
		};
		702F8EE308964875BB4B38B5 = {
			fileRef = "3BEC7F2286F35E893F153F3B";
			isa = PBXBuildFile;
			settings = {
				ATTRIBUTES = (
					);
			};
		};
		74A5E0A3009358BEA6BDDE6B = {
			isa = PBXFileReference;
			name = "local_parameterization.cc";
			path = "../libs/ceres/internal/ceres/local_parameterization.cc";
			refType = 4;
			sourceTree = "SOURCE_ROOT";
			lastKnownFileType = "sourcecode.cpp.cpp";
		};
		D82EEC2B2ABB553E765E7759 = {
			fileRef = "74A5E0A3009358BEA6BDDE6B";
			isa = PBXBuildFile;
			settings = {
				ATTRIBUTES = (
					);
			};
		};
		C58B0F7BFE59B2CEB58344D7 = {
			isa = PBXFileReference;
			name = "loss_function.cc";
			path = "../libs/ceres/internal/ceres/loss_function.cc";
			refType = 4;
			sourceTree = "SOURCE_ROOT";
			lastKnownFileType = "sourcecode.cpp.cpp";
		};
		A3C31395573845E6CC0C9B6B = {
			fileRef = "C58B0F7BFE59B2CEB58344D7";
			isa = PBXBuildFile;
			settings = {
				ATTRIBUTES = (
					);
			};
		};
		B6C4DDB3CFD578995B727F69 = {
			isa = PBXFileReference;
			name = "low_rank_inverse_hessian.cc";
			path = "../libs/ceres/internal/ceres/low_rank_inverse_hessian.cc";
			refType = 4;
			sourceTree = "SOURCE_ROOT";
			lastKnownFileType = "sourcecode.cpp.cpp";
		};
		095489D9291E5ABBDA73A535 = {
			fileRef = "B6C4DDB3CFD578995B727F69";
			isa = PBXBuildFile;
			settings = {
				ATTRIBUTES = (
					);
			};
		};
		5625B5C322984A4D446BE8B2 = {
			isa = PBXFileReference;
			name = "minimizer.cc";
			path = "../libs/ceres/internal/ceres/minimizer.cc";
			refType = 4;
			sourceTree = "SOURCE_ROOT";
			lastKnownFileType = "sourcecode.cpp.cpp";
		};
		C79703411AAAF4A26138BE19 = {
			fileRef = "5625B5C322984A4D446BE8B2";
			isa = PBXBuildFile;
			settings = {
				ATTRIBUTES = (
					);
			};
		};
		FAA0E2552D16CE2578E754C8 = {
			isa = PBXFileReference;
			name = "normal_prior.cc";
			path = "../libs/ceres/internal/ceres/normal_prior.cc";
			refType = 4;
			sourceTree = "SOURCE_ROOT";
			lastKnownFileType = "sourcecode.cpp.cpp";
		};
		6617B29CBCB470DB5E373A62 = {
			fileRef = "FAA0E2552D16CE2578E754C8";
			isa = PBXBuildFile;
			settings = {
				ATTRIBUTES = (
					);
			};
		};
		4110979D5205EEA21F5A2D17 = {
			isa = PBXFileReference;
			name = "parameter_block_ordering.cc";
			path = "../libs/ceres/internal/ceres/parameter_block_ordering.cc";
			refType = 4;
			sourceTree = "SOURCE_ROOT";
			lastKnownFileType = "sourcecode.cpp.cpp";
		};
		158383CBE3945A5ADD3B80C6 = {
			fileRef = "4110979D5205EEA21F5A2D17";
			isa = PBXBuildFile;
			settings = {
				ATTRIBUTES = (
					);
			};
		};
		62B42CEFE9503247919E55F3 = {
			isa = PBXFileReference;
			name = "partitioned_matrix_view.cc";
			path = "../libs/ceres/internal/ceres/partitioned_matrix_view.cc";
			refType = 4;
			sourceTree = "SOURCE_ROOT";
			lastKnownFileType = "sourcecode.cpp.cpp";
		};
		8420F5A0193E5EC5C88641DB = {
			fileRef = "62B42CEFE9503247919E55F3";
			isa = PBXBuildFile;
			settings = {
				ATTRIBUTES = (
					);
			};
		};
		230E55A2369DBA8E71B59966 = {
			isa = PBXFileReference;
			name = "polynomial.cc";
			path = "../libs/ceres/internal/ceres/polynomial.cc";
			refType = 4;
			sourceTree = "SOURCE_ROOT";
			lastKnownFileType = "sourcecode.cpp.cpp";
		};
		E93ADD11E13E565D02A29F6B = {
			fileRef = "230E55A2369DBA8E71B59966";
			isa = PBXBuildFile;
			settings = {
				ATTRIBUTES = (
					);
			};
		};
		1EF3B9479ABECF9A7D6F6851 = {
			isa = PBXFileReference;
			name = "preconditioner.cc";
			path = "../libs/ceres/internal/ceres/preconditioner.cc";
			refType = 4;
			sourceTree = "SOURCE_ROOT";
			lastKnownFileType = "sourcecode.cpp.cpp";
		};
		88EF33F8BF735F2C28F64643 = {
			fileRef = "1EF3B9479ABECF9A7D6F6851";
			isa = PBXBuildFile;
			settings = {
				ATTRIBUTES = (
					);
			};
		};
		84D4EE7EF4C487D9800E5F7D = {
			isa = PBXFileReference;
			name = "preprocessor.cc";
			path = "../libs/ceres/internal/ceres/preprocessor.cc";
			refType = 4;
			sourceTree = "SOURCE_ROOT";
			lastKnownFileType = "sourcecode.cpp.cpp";
		};
		ED720B94005851685A09AD37 = {
			fileRef = "84D4EE7EF4C487D9800E5F7D";
			isa = PBXBuildFile;
			settings = {
				ATTRIBUTES = (
					);
			};
		};
		6BB2A2A2F6C6A03D4E260E4D = {
			isa = PBXFileReference;
			name = "problem.cc";
			path = "../libs/ceres/internal/ceres/problem.cc";
			refType = 4;
			sourceTree = "SOURCE_ROOT";
			lastKnownFileType = "sourcecode.cpp.cpp";
		};
		DF5DFCAAB8B90933147CDA29 = {
			fileRef = "6BB2A2A2F6C6A03D4E260E4D";
			isa = PBXBuildFile;
			settings = {
				ATTRIBUTES = (
					);
			};
		};
		821E5D6813BE152B250D3F45 = {
			isa = PBXFileReference;
			name = "problem_impl.cc";
			path = "../libs/ceres/internal/ceres/problem_impl.cc";
			refType = 4;
			sourceTree = "SOURCE_ROOT";
			lastKnownFileType = "sourcecode.cpp.cpp";
		};
		1CFF2529FDCFCB83664CEE50 = {
			fileRef = "821E5D6813BE152B250D3F45";
			isa = PBXBuildFile;
			settings = {
				ATTRIBUTES = (
					);
			};
		};
		11F7D2BAA01FD00160F55EC7 = {
			isa = PBXFileReference;
			name = "program.cc";
			path = "../libs/ceres/internal/ceres/program.cc";
			refType = 4;
			sourceTree = "SOURCE_ROOT";
			lastKnownFileType = "sourcecode.cpp.cpp";
		};
		C6AC48526F09D917EBA04306 = {
			fileRef = "11F7D2BAA01FD00160F55EC7";
			isa = PBXBuildFile;
			settings = {
				ATTRIBUTES = (
					);
			};
		};
		834A33D7114F28D1981D4DEA = {
			isa = PBXFileReference;
			name = "reorder_program.cc";
			path = "../libs/ceres/internal/ceres/reorder_program.cc";
			refType = 4;
			sourceTree = "SOURCE_ROOT";
			lastKnownFileType = "sourcecode.cpp.cpp";
		};
		8FB9522295138D376AC024F8 = {
			fileRef = "834A33D7114F28D1981D4DEA";
			isa = PBXBuildFile;
			settings = {
				ATTRIBUTES = (
					);
			};
		};
		4E41DDBB569D154A65B7D4DB = {
			isa = PBXFileReference;
			name = "residual_block.cc";
			path = "../libs/ceres/internal/ceres/residual_block.cc";
			refType = 4;
			sourceTree = "SOURCE_ROOT";
			lastKnownFileType = "sourcecode.cpp.cpp";
		};
		6D13290B9E0D2E2C9C085F6A = {
			fileRef = "4E41DDBB569D154A65B7D4DB";
			isa = PBXBuildFile;
			settings = {
				ATTRIBUTES = (
					);
			};
		};
		A6432697409FE0714021A2B7 = {
			isa = PBXFileReference;
			name = "residual_block_utils.cc";
			path = "../libs/ceres/internal/ceres/residual_block_utils.cc";
			refType = 4;
			sourceTree = "SOURCE_ROOT";
			lastKnownFileType = "sourcecode.cpp.cpp";
		};
		21EED037A0F3C47730A88462 = {
			fileRef = "A6432697409FE0714021A2B7";
			isa = PBXBuildFile;
			settings = {
				ATTRIBUTES = (
					);
			};
		};
		F04A354B03E1E1E76037073A = {
			isa = PBXFileReference;
			name = "schur_complement_solver.cc";
			path = "../libs/ceres/internal/ceres/schur_complement_solver.cc";
			refType = 4;
			sourceTree = "SOURCE_ROOT";
			lastKnownFileType = "sourcecode.cpp.cpp";
		};
		E69128D31B7360668FEBF048 = {
			fileRef = "F04A354B03E1E1E76037073A";
			isa = PBXBuildFile;
			settings = {
				ATTRIBUTES = (
					);
			};
		};
		732AE5B2CB10AEB378244464 = {
			isa = PBXFileReference;
			name = "schur_eliminator.cc";
			path = "../libs/ceres/internal/ceres/schur_eliminator.cc";
			refType = 4;
			sourceTree = "SOURCE_ROOT";
			lastKnownFileType = "sourcecode.cpp.cpp";
		};
		2A71A3176BE2F27EB74C0948 = {
			fileRef = "732AE5B2CB10AEB378244464";
			isa = PBXBuildFile;
			settings = {
				ATTRIBUTES = (
					);
			};
		};
		182EB8282BA11839A6B36C55 = {
			isa = PBXFileReference;
			name = "schur_jacobi_preconditioner.cc";
			path = "../libs/ceres/internal/ceres/schur_jacobi_preconditioner.cc";
			refType = 4;
			sourceTree = "SOURCE_ROOT";
			lastKnownFileType = "sourcecode.cpp.cpp";
		};
		9F8183CF16CD60D173584285 = {
			fileRef = "182EB8282BA11839A6B36C55";
			isa = PBXBuildFile;
			settings = {
				ATTRIBUTES = (
					);
			};
		};
		A1088E236939E7B97A2DC135 = {
			isa = PBXFileReference;
			name = "scratch_evaluate_preparer.cc";
			path = "../libs/ceres/internal/ceres/scratch_evaluate_preparer.cc";
			refType = 4;
			sourceTree = "SOURCE_ROOT";
			lastKnownFileType = "sourcecode.cpp.cpp";
		};
		F8CA433C31BF9642C9E9DB09 = {
			fileRef = "A1088E236939E7B97A2DC135";
			isa = PBXBuildFile;
			settings = {
				ATTRIBUTES = (
					);
			};
		};
		B4278E749FF7DCBC1DC0553A = {
			isa = PBXFileReference;
			name = "single_linkage_clustering.cc";
			path = "../libs/ceres/internal/ceres/single_linkage_clustering.cc";
			refType = 4;
			sourceTree = "SOURCE_ROOT";
			lastKnownFileType = "sourcecode.cpp.cpp";
		};
		C1FD730A19040E93D0B3ADDC = {
			fileRef = "B4278E749FF7DCBC1DC0553A";
			isa = PBXBuildFile;
			settings = {
				ATTRIBUTES = (
					);
			};
		};
		DC1565FCD6A68D8314C635E4 = {
			isa = PBXFileReference;
			name = "solver.cc";
			path = "../libs/ceres/internal/ceres/solver.cc";
			refType = 4;
			sourceTree = "SOURCE_ROOT";
			lastKnownFileType = "sourcecode.cpp.cpp";
		};
		FEEC7109F2AC1F59B4F10EEC = {
			fileRef = "DC1565FCD6A68D8314C635E4";
			isa = PBXBuildFile;
			settings = {
				ATTRIBUTES = (
					);
			};
		};
		435493FE248DEBC8361FD4FC = {
			isa = PBXFileReference;
			name = "solver_utils.cc";
			path = "../libs/ceres/internal/ceres/solver_utils.cc";
			refType = 4;
			sourceTree = "SOURCE_ROOT";
			lastKnownFileType = "sourcecode.cpp.cpp";
		};
		3D83886E608DDA05C70C8AA7 = {
			fileRef = "435493FE248DEBC8361FD4FC";
			isa = PBXBuildFile;
			settings = {
				ATTRIBUTES = (
					);
			};
		};
		B9AA111BB9DB73993DDFAAC3 = {
			isa = PBXFileReference;
			name = "sparse_matrix.cc";
			path = "../libs/ceres/internal/ceres/sparse_matrix.cc";
			refType = 4;
			sourceTree = "SOURCE_ROOT";
			lastKnownFileType = "sourcecode.cpp.cpp";
		};
		EB1681993E054CF2C6B0AD70 = {
			fileRef = "B9AA111BB9DB73993DDFAAC3";
			isa = PBXBuildFile;
			settings = {
				ATTRIBUTES = (
					);
			};
		};
		1AA163643EA738A57D447691 = {
			isa = PBXFileReference;
			name = "sparse_normal_cholesky_solver.cc";
			path = "../libs/ceres/internal/ceres/sparse_normal_cholesky_solver.cc";
			refType = 4;
			sourceTree = "SOURCE_ROOT";
			lastKnownFileType = "sourcecode.cpp.cpp";
		};
		CA2B7701BE0F2BBE9BC7ABED = {
			fileRef = "1AA163643EA738A57D447691";
			isa = PBXBuildFile;
			settings = {
				ATTRIBUTES = (
					);
			};
		};
		17F892C243E6DBEEA7CD49A6 = {
			isa = PBXFileReference;
			name = "split.cc";
			path = "../libs/ceres/internal/ceres/split.cc";
			refType = 4;
			sourceTree = "SOURCE_ROOT";
			lastKnownFileType = "sourcecode.cpp.cpp";
		};
		3BDAA367A104489FA7F565F7 = {
			fileRef = "17F892C243E6DBEEA7CD49A6";
			isa = PBXBuildFile;
			settings = {
				ATTRIBUTES = (
					);
			};
		};
		0FC895CB77A67DD903552418 = {
			isa = PBXFileReference;
			name = "stringprintf.cc";
			path = "../libs/ceres/internal/ceres/stringprintf.cc";
			refType = 4;
			sourceTree = "SOURCE_ROOT";
			lastKnownFileType = "sourcecode.cpp.cpp";
		};
		3A38FAF01AD57C0B3126DE78 = {
			fileRef = "0FC895CB77A67DD903552418";
			isa = PBXBuildFile;
			settings = {
				ATTRIBUTES = (
					);
			};
		};
		E764E26D713FC242DE6737B5 = {
			isa = PBXFileReference;
			name = "suitesparse.cc";
			path = "../libs/ceres/internal/ceres/suitesparse.cc";
			refType = 4;
			sourceTree = "SOURCE_ROOT";
			lastKnownFileType = "sourcecode.cpp.cpp";
		};
		E13B3FA373ACB53DD91E1247 = {
			fileRef = "E764E26D713FC242DE6737B5";
			isa = PBXBuildFile;
			settings = {
				ATTRIBUTES = (
					);
			};
		};
		60DEBF991E651759267BC075 = {
			isa = PBXFileReference;
			name = "triplet_sparse_matrix.cc";
			path = "../libs/ceres/internal/ceres/triplet_sparse_matrix.cc";
			refType = 4;
			sourceTree = "SOURCE_ROOT";
			lastKnownFileType = "sourcecode.cpp.cpp";
		};
		6758BBB2DCE080D63717823D = {
			fileRef = "60DEBF991E651759267BC075";
			isa = PBXBuildFile;
			settings = {
				ATTRIBUTES = (
					);
			};
		};
		43D9E5EABCD9D6F2ABF3296E = {
			isa = PBXFileReference;
			name = "trust_region_minimizer.cc";
			path = "../libs/ceres/internal/ceres/trust_region_minimizer.cc";
			refType = 4;
			sourceTree = "SOURCE_ROOT";
			lastKnownFileType = "sourcecode.cpp.cpp";
		};
		4CB9316EEBEB0A751E672614 = {
			fileRef = "43D9E5EABCD9D6F2ABF3296E";
			isa = PBXBuildFile;
			settings = {
				ATTRIBUTES = (
					);
			};
		};
		387D7D440A733C527E121B77 = {
			isa = PBXFileReference;
			name = "trust_region_preprocessor.cc";
			path = "../libs/ceres/internal/ceres/trust_region_preprocessor.cc";
			refType = 4;
			sourceTree = "SOURCE_ROOT";
			lastKnownFileType = "sourcecode.cpp.cpp";
		};
		A3D760452DECB82E9055B0B1 = {
			fileRef = "387D7D440A733C527E121B77";
			isa = PBXBuildFile;
			settings = {
				ATTRIBUTES = (
					);
			};
		};
		136A2069A9B7E0494F000E77 = {
			isa = PBXFileReference;
			name = "trust_region_strategy.cc";
			path = "../libs/ceres/internal/ceres/trust_region_strategy.cc";
			refType = 4;
			sourceTree = "SOURCE_ROOT";
			lastKnownFileType = "sourcecode.cpp.cpp";
		};
		DAF36F9F065553BC6C4BFB03 = {
			fileRef = "136A2069A9B7E0494F000E77";
			isa = PBXBuildFile;
			settings = {
				ATTRIBUTES = (
					);
			};
		};
		31B023316BF57E367A1F8F39 = {
			isa = PBXFileReference;
			name = "types.cc";
			path = "../libs/ceres/internal/ceres/types.cc";
			refType = 4;
			sourceTree = "SOURCE_ROOT";
			lastKnownFileType = "sourcecode.cpp.cpp";
		};
		10D73E208E7F7947ABA39AFC = {
			fileRef = "31B023316BF57E367A1F8F39";
			isa = PBXBuildFile;
			settings = {
				ATTRIBUTES = (
					);
			};
		};
		F82360CBCBEB43390C6616E4 = {
			isa = PBXFileReference;
			name = "visibility_based_preconditioner.cc";
			path = "../libs/ceres/internal/ceres/visibility_based_preconditioner.cc";
			refType = 4;
			sourceTree = "SOURCE_ROOT";
			lastKnownFileType = "sourcecode.cpp.cpp";
		};
		47DE60EA9F38E9059D73CF41 = {
			fileRef = "F82360CBCBEB43390C6616E4";
			isa = PBXBuildFile;
			settings = {
				ATTRIBUTES = (
					);
			};
		};
		1325BB322B13AA5B17E5B965 = {
			isa = PBXFileReference;
			name = "visibility.cc";
			path = "../libs/ceres/internal/ceres/visibility.cc";
			refType = 4;
			sourceTree = "SOURCE_ROOT";
			lastKnownFileType = "sourcecode.cpp.cpp";
		};
		59E5701B8E30C71754F81F0C = {
			fileRef = "1325BB322B13AA5B17E5B965";
			isa = PBXBuildFile;
			settings = {
				ATTRIBUTES = (
					);
			};
		};
		305EBA9B82C8D0783BD1BF3A = {
			isa = PBXFileReference;
			name = "wall_time.cc";
			path = "../libs/ceres/internal/ceres/wall_time.cc";
			refType = 4;
			sourceTree = "SOURCE_ROOT";
			lastKnownFileType = "sourcecode.cpp.cpp";
		};
		CC72F6FBE4D32A128C205208 = {
			fileRef = "305EBA9B82C8D0783BD1BF3A";
			isa = PBXBuildFile;
			settings = {
				ATTRIBUTES = (
					);
			};
		};
		7B79424BC98F140CB460ECAB = {
			isa = PBXFileReference;
			name = "demangle.cc";
			path = "../libs/glog/src/demangle.cc";
			refType = 4;
			sourceTree = "SOURCE_ROOT";
			lastKnownFileType = "sourcecode.cpp.cpp";
		};
		49C6E0A13271C2CEA509F8A1 = {
			fileRef = "7B79424BC98F140CB460ECAB";
			isa = PBXBuildFile;
			settings = {
				ATTRIBUTES = (
					);
			};
		};
		D35E6E30F6934D06B2AFDD51 = {
			isa = PBXFileReference;
			name = "logging.cc";
			path = "../libs/glog/src/logging.cc";
			refType = 4;
			sourceTree = "SOURCE_ROOT";
			lastKnownFileType = "sourcecode.cpp.cpp";
		};
		3CB16915C2FCDF063FC81683 = {
			fileRef = "D35E6E30F6934D06B2AFDD51";
			isa = PBXBuildFile;
			settings = {
				ATTRIBUTES = (
					);
			};
		};
		D0825500889B1752ABA2464B = {
			isa = PBXFileReference;
			name = "raw_logging.cc";
			path = "../libs/glog/src/raw_logging.cc";
			refType = 4;
			sourceTree = "SOURCE_ROOT";
			lastKnownFileType = "sourcecode.cpp.cpp";
		};
		D8338392327A41894ED44292 = {
			fileRef = "D0825500889B1752ABA2464B";
			isa = PBXBuildFile;
			settings = {
				ATTRIBUTES = (
					);
			};
		};
		32FA8308BF0B3EDDD6600B50 = {
			isa = PBXFileReference;
			name = "signalhandler.cc";
			path = "../libs/glog/src/signalhandler.cc";
			refType = 4;
			sourceTree = "SOURCE_ROOT";
			lastKnownFileType = "sourcecode.cpp.cpp";
		};
		15AFABDFB546A0AEA754EFB0 = {
			fileRef = "32FA8308BF0B3EDDD6600B50";
			isa = PBXBuildFile;
			settings = {
				ATTRIBUTES = (
					);
			};
		};
		1B1E0C06DD9397537FD9893F = {
			isa = PBXFileReference;
			name = "symbolize.cc";
			path = "../libs/glog/src/symbolize.cc";
			refType = 4;
			sourceTree = "SOURCE_ROOT";
			lastKnownFileType = "sourcecode.cpp.cpp";
		};
		EF7E53D31F18275DE006BC21 = {
			fileRef = "1B1E0C06DD9397537FD9893F";
			isa = PBXBuildFile;
			settings = {
				ATTRIBUTES = (
					);
			};
		};
		C52CBBCD3C727A85B59AE304 = {
			isa = PBXFileReference;
			name = "utilities.cc";
			path = "../libs/glog/src/utilities.cc";
			refType = 4;
			sourceTree = "SOURCE_ROOT";
			lastKnownFileType = "sourcecode.cpp.cpp";
		};
		94B8D622E923531EC220D30A = {
			fileRef = "C52CBBCD3C727A85B59AE304";
			isa = PBXBuildFile;
			settings = {
				ATTRIBUTES = (
					);
			};
		};
		578EF19B6E21BB0DDD7780B3 = {
			isa = PBXFileReference;
			name = "vlog_is_on.cc";
			path = "../libs/glog/src/vlog_is_on.cc";
			refType = 4;
			sourceTree = "SOURCE_ROOT";
			lastKnownFileType = "sourcecode.cpp.cpp";
		};
		8AE0A85ACA31DF37674ADADE = {
			fileRef = "578EF19B6E21BB0DDD7780B3";
			isa = PBXBuildFile;
			settings = {
				ATTRIBUTES = (
					);
			};
		};
		277F70CC3D6A7E7B0422493F = {
			isa = PBXFileReference;
			name = "autodiff_cost_function.h";
			path = "../libs/ceres/include/ceres/autodiff_cost_function.h";
			refType = 4;
			sourceTree = "SOURCE_ROOT";
		};
		99FCA6406489F72B52574DCB = {
			isa = PBXFileReference;
			name = "autodiff_local_parameterization.h";
			path = "../libs/ceres/include/ceres/autodiff_local_parameterization.h";
			refType = 4;
			sourceTree = "SOURCE_ROOT";
		};
		7632E7E3BBE27CE15F5FF019 = {
			isa = PBXFileReference;
			name = "c_api.h";
			path = "../libs/ceres/include/ceres/c_api.h";
			refType = 4;
			sourceTree = "SOURCE_ROOT";
		};
		B74D9BB73414BDC0F6E85989 = {
			isa = PBXFileReference;
			name = "ceres.h";
			path = "../libs/ceres/include/ceres/ceres.h";
			refType = 4;
			sourceTree = "SOURCE_ROOT";
		};
		C2A29B003C8D3AE2F526875A = {
			isa = PBXFileReference;
			name = "conditioned_cost_function.h";
			path = "../libs/ceres/include/ceres/conditioned_cost_function.h";
			refType = 4;
			sourceTree = "SOURCE_ROOT";
		};
		03413935676E50B413DBEEB1 = {
			isa = PBXFileReference;
			name = "cost_function.h";
			path = "../libs/ceres/include/ceres/cost_function.h";
			refType = 4;
			sourceTree = "SOURCE_ROOT";
		};
		FDC0067E2775DF0C0020CFB7 = {
			isa = PBXFileReference;
			name = "cost_function_to_functor.h";
			path = "../libs/ceres/include/ceres/cost_function_to_functor.h";
			refType = 4;
			sourceTree = "SOURCE_ROOT";
		};
		7040C2AD91D71DDFB594C93D = {
			isa = PBXFileReference;
			name = "covariance.h";
			path = "../libs/ceres/include/ceres/covariance.h";
			refType = 4;
			sourceTree = "SOURCE_ROOT";
		};
		C89979F65FAD52C4EB31C26E = {
			isa = PBXFileReference;
			name = "crs_matrix.h";
			path = "../libs/ceres/include/ceres/crs_matrix.h";
			refType = 4;
			sourceTree = "SOURCE_ROOT";
		};
		5EEA35F8A5D826C74C3A12E3 = {
			isa = PBXFileReference;
			name = "dynamic_autodiff_cost_function.h";
			path = "../libs/ceres/include/ceres/dynamic_autodiff_cost_function.h";
			refType = 4;
			sourceTree = "SOURCE_ROOT";
		};
		4FA6DF15493002404F559B9A = {
			isa = PBXFileReference;
			name = "dynamic_numeric_diff_cost_function.h";
			path = "../libs/ceres/include/ceres/dynamic_numeric_diff_cost_function.h";
			refType = 4;
			sourceTree = "SOURCE_ROOT";
		};
		F3548A4BA772429A84D89455 = {
			isa = PBXFileReference;
			name = "fpclassify.h";
			path = "../libs/ceres/include/ceres/fpclassify.h";
			refType = 4;
			sourceTree = "SOURCE_ROOT";
		};
		3A7D83498303A594A19C9D0A = {
			isa = PBXFileReference;
			name = "gradient_checker.h";
			path = "../libs/ceres/include/ceres/gradient_checker.h";
			refType = 4;
			sourceTree = "SOURCE_ROOT";
		};
		1E378E452887079FC32EA7E4 = {
			isa = PBXFileReference;
			name = "gradient_problem.h";
			path = "../libs/ceres/include/ceres/gradient_problem.h";
			refType = 4;
			sourceTree = "SOURCE_ROOT";
		};
		F9EB59946E4FB56FF726C18B = {
			isa = PBXFileReference;
			name = "gradient_problem_solver.h";
			path = "../libs/ceres/include/ceres/gradient_problem_solver.h";
			refType = 4;
			sourceTree = "SOURCE_ROOT";
		};
		5CB462273464243C5A1AB9B6 = {
			isa = PBXFileReference;
			name = "autodiff.h";
			path = "../libs/ceres/include/ceres/internal/autodiff.h";
			refType = 4;
			sourceTree = "SOURCE_ROOT";
		};
		D544FB12490D3AC1F5D571CF = {
			isa = PBXFileReference;
			name = "disable_warnings.h";
			path = "../libs/ceres/include/ceres/internal/disable_warnings.h";
			refType = 4;
			sourceTree = "SOURCE_ROOT";
		};
		5FC70C819377F6E10ECDE083 = {
			isa = PBXFileReference;
			name = "eigen.h";
			path = "../libs/ceres/include/ceres/internal/eigen.h";
			refType = 4;
			sourceTree = "SOURCE_ROOT";
		};
		6950E8DBD935E26FB96CD7C1 = {
			isa = PBXFileReference;
			name = "fixed_array.h";
			path = "../libs/ceres/include/ceres/internal/fixed_array.h";
			refType = 4;
			sourceTree = "SOURCE_ROOT";
		};
		B462329C84B932C10792F604 = {
			isa = PBXFileReference;
			name = "macros.h";
			path = "../libs/ceres/include/ceres/internal/macros.h";
			refType = 4;
			sourceTree = "SOURCE_ROOT";
		};
		26BF4884EC13FF3D2099DB97 = {
			isa = PBXFileReference;
			name = "manual_constructor.h";
			path = "../libs/ceres/include/ceres/internal/manual_constructor.h";
			refType = 4;
			sourceTree = "SOURCE_ROOT";
		};
		BA7FDB72E48E42A71E094D6B = {
			isa = PBXFileReference;
			name = "numeric_diff.h";
			path = "../libs/ceres/include/ceres/internal/numeric_diff.h";
			refType = 4;
			sourceTree = "SOURCE_ROOT";
		};
		569EAA521B73C7C478F53971 = {
			isa = PBXFileReference;
			name = "port.h";
			path = "../libs/ceres/include/ceres/internal/port.h";
			refType = 4;
			sourceTree = "SOURCE_ROOT";
		};
		88168FE6F1AA2D24BEDE532B = {
			isa = PBXFileReference;
			name = "reenable_warnings.h";
			path = "../libs/ceres/include/ceres/internal/reenable_warnings.h";
			refType = 4;
			sourceTree = "SOURCE_ROOT";
		};
		4C6791C9F4AD68D8B8EB7B41 = {
			isa = PBXFileReference;
			name = "scoped_ptr.h";
			path = "../libs/ceres/include/ceres/internal/scoped_ptr.h";
			refType = 4;
			sourceTree = "SOURCE_ROOT";
		};
		7A6BBB4D9CBAFD1401262AAD = {
			isa = PBXFileReference;
			name = "variadic_evaluate.h";
			path = "../libs/ceres/include/ceres/internal/variadic_evaluate.h";
			refType = 4;
			sourceTree = "SOURCE_ROOT";
		};
		E106DD69836FD7029B58C992 = {
			isa = PBXFileReference;
			name = "iteration_callback.h";
			path = "../libs/ceres/include/ceres/iteration_callback.h";
			refType = 4;
			sourceTree = "SOURCE_ROOT";
		};
		29DA31E8BB36CBBD1DEB7FE9 = {
			isa = PBXFileReference;
			name = "jet.h";
			path = "../libs/ceres/include/ceres/jet.h";
			refType = 4;
			sourceTree = "SOURCE_ROOT";
		};
		AD3B98B69F4D5F6CAADB3E4B = {
			isa = PBXFileReference;
			name = "local_parameterization.h";
			path = "../libs/ceres/include/ceres/local_parameterization.h";
			refType = 4;
			sourceTree = "SOURCE_ROOT";
		};
		FA91A18ECCA498BC0B83B29C = {
			isa = PBXFileReference;
			name = "loss_function.h";
			path = "../libs/ceres/include/ceres/loss_function.h";
			refType = 4;
			sourceTree = "SOURCE_ROOT";
		};
		28B0657BF5B2B6759F8375B3 = {
			isa = PBXFileReference;
			name = "normal_prior.h";
			path = "../libs/ceres/include/ceres/normal_prior.h";
			refType = 4;
			sourceTree = "SOURCE_ROOT";
		};
		37A086B451BBCF7FCC109E4E = {
			isa = PBXFileReference;
			name = "numeric_diff_cost_function.h";
			path = "../libs/ceres/include/ceres/numeric_diff_cost_function.h";
			refType = 4;
			sourceTree = "SOURCE_ROOT";
		};
		EE78A62B986FDE5D660D8CD9 = {
			isa = PBXFileReference;
			name = "ordered_groups.h";
			path = "../libs/ceres/include/ceres/ordered_groups.h";
			refType = 4;
			sourceTree = "SOURCE_ROOT";
		};
		759195CB7C7F8FC16B588BEA = {
			isa = PBXFileReference;
			name = "problem.h";
			path = "../libs/ceres/include/ceres/problem.h";
			refType = 4;
			sourceTree = "SOURCE_ROOT";
		};
		CDDEC19A602971CE0664C421 = {
			isa = PBXFileReference;
			name = "rotation.h";
			path = "../libs/ceres/include/ceres/rotation.h";
			refType = 4;
			sourceTree = "SOURCE_ROOT";
		};
		6EE776FC96108E466C63B7BB = {
			isa = PBXFileReference;
			name = "sized_cost_function.h";
			path = "../libs/ceres/include/ceres/sized_cost_function.h";
			refType = 4;
			sourceTree = "SOURCE_ROOT";
		};
		E9BBD2CB842C784E1E53448E = {
			isa = PBXFileReference;
			name = "solver.h";
			path = "../libs/ceres/include/ceres/solver.h";
			refType = 4;
			sourceTree = "SOURCE_ROOT";
		};
		8D99F7D0822977B6904BAB10 = {
			isa = PBXFileReference;
			name = "types.h";
			path = "../libs/ceres/include/ceres/types.h";
			refType = 4;
			sourceTree = "SOURCE_ROOT";
		};
		300B804D870B69ABF9D1B6B2 = {
			isa = PBXFileReference;
			name = "version.h";
			path = "../libs/ceres/include/ceres/version.h";
			refType = 4;
			sourceTree = "SOURCE_ROOT";
		};
		485288B918CA6034295DB5C7 = {
			isa = PBXFileReference;
			name = "array_utils.h";
			path = "../libs/ceres/internal/ceres/array_utils.h";
			refType = 4;
			sourceTree = "SOURCE_ROOT";
		};
		9CD28196EB05F7A523AF63D5 = {
			isa = PBXFileReference;
			name = "blas.h";
			path = "../libs/ceres/internal/ceres/blas.h";
			refType = 4;
			sourceTree = "SOURCE_ROOT";
		};
		1AE208EA40DD828E3F057C4F = {
			isa = PBXFileReference;
			name = "block_evaluate_preparer.h";
			path = "../libs/ceres/internal/ceres/block_evaluate_preparer.h";
			refType = 4;
			sourceTree = "SOURCE_ROOT";
		};
		A8D7EC71072E017DD089AB5D = {
			isa = PBXFileReference;
			name = "block_jacobian_writer.h";
			path = "../libs/ceres/internal/ceres/block_jacobian_writer.h";
			refType = 4;
			sourceTree = "SOURCE_ROOT";
		};
		61214410548A8E4FBBB97F61 = {
			isa = PBXFileReference;
			name = "block_jacobi_preconditioner.h";
			path = "../libs/ceres/internal/ceres/block_jacobi_preconditioner.h";
			refType = 4;
			sourceTree = "SOURCE_ROOT";
		};
		A6EF3FA49A2F4B4EEBF261B8 = {
			isa = PBXFileReference;
			name = "block_random_access_dense_matrix.h";
			path = "../libs/ceres/internal/ceres/block_random_access_dense_matrix.h";
			refType = 4;
			sourceTree = "SOURCE_ROOT";
		};
		539B5CE2B5FBBDEF72549006 = {
			isa = PBXFileReference;
			name = "block_random_access_diagonal_matrix.h";
			path = "../libs/ceres/internal/ceres/block_random_access_diagonal_matrix.h";
			refType = 4;
			sourceTree = "SOURCE_ROOT";
		};
		B74BD77FAD433F224DEC5402 = {
			isa = PBXFileReference;
			name = "block_random_access_matrix.h";
			path = "../libs/ceres/internal/ceres/block_random_access_matrix.h";
			refType = 4;
			sourceTree = "SOURCE_ROOT";
		};
		C9C963B7DAED6CE024159388 = {
			isa = PBXFileReference;
			name = "block_random_access_sparse_matrix.h";
			path = "../libs/ceres/internal/ceres/block_random_access_sparse_matrix.h";
			refType = 4;
			sourceTree = "SOURCE_ROOT";
		};
		E7032B5294E87F696E49D98D = {
			isa = PBXFileReference;
			name = "block_sparse_matrix.h";
			path = "../libs/ceres/internal/ceres/block_sparse_matrix.h";
			refType = 4;
			sourceTree = "SOURCE_ROOT";
		};
		70D17C49192C0EAFB4F65CC0 = {
			isa = PBXFileReference;
			name = "block_structure.h";
			path = "../libs/ceres/internal/ceres/block_structure.h";
			refType = 4;
			sourceTree = "SOURCE_ROOT";
		};
		45BAEFEFA838F869CE2A179A = {
			isa = PBXFileReference;
			name = "callbacks.h";
			path = "../libs/ceres/internal/ceres/callbacks.h";
			refType = 4;
			sourceTree = "SOURCE_ROOT";
		};
		65946C44D913D6E25B7F09E1 = {
			isa = PBXFileReference;
			name = "canonical_views_clustering.h";
			path = "../libs/ceres/internal/ceres/canonical_views_clustering.h";
			refType = 4;
			sourceTree = "SOURCE_ROOT";
		};
		796B5082E7FA05CED4CDEDAD = {
			isa = PBXFileReference;
			name = "casts.h";
			path = "../libs/ceres/internal/ceres/casts.h";
			refType = 4;
			sourceTree = "SOURCE_ROOT";
		};
		407FD17540E2C7EE27A6D4B9 = {
			isa = PBXFileReference;
			name = "cgnr_linear_operator.h";
			path = "../libs/ceres/internal/ceres/cgnr_linear_operator.h";
			refType = 4;
			sourceTree = "SOURCE_ROOT";
		};
		BC4C0A0BD5A1A37BEB12E223 = {
			isa = PBXFileReference;
			name = "cgnr_solver.h";
			path = "../libs/ceres/internal/ceres/cgnr_solver.h";
			refType = 4;
			sourceTree = "SOURCE_ROOT";
		};
		B2CC7A61DA76D8CC798C6EDE = {
			isa = PBXFileReference;
			name = "collections_port.h";
			path = "../libs/ceres/internal/ceres/collections_port.h";
			refType = 4;
			sourceTree = "SOURCE_ROOT";
		};
		A6E69EEBB5839F5DD20E06BD = {
			isa = PBXFileReference;
			name = "compressed_col_sparse_matrix_utils.h";
			path = "../libs/ceres/internal/ceres/compressed_col_sparse_matrix_utils.h";
			refType = 4;
			sourceTree = "SOURCE_ROOT";
		};
		6A47B8BE61B85FC66CA54665 = {
			isa = PBXFileReference;
			name = "compressed_row_jacobian_writer.h";
			path = "../libs/ceres/internal/ceres/compressed_row_jacobian_writer.h";
			refType = 4;
			sourceTree = "SOURCE_ROOT";
		};
		117E42B0B3ADE26D27E088DF = {
			isa = PBXFileReference;
			name = "compressed_row_sparse_matrix.h";
			path = "../libs/ceres/internal/ceres/compressed_row_sparse_matrix.h";
			refType = 4;
			sourceTree = "SOURCE_ROOT";
		};
		7F5CE37D8A3F6C78F0AFC220 = {
			isa = PBXFileReference;
			name = "conjugate_gradients_solver.h";
			path = "../libs/ceres/internal/ceres/conjugate_gradients_solver.h";
			refType = 4;
			sourceTree = "SOURCE_ROOT";
		};
		C2293BCB1FB2E6308727EBB6 = {
			isa = PBXFileReference;
			name = "coordinate_descent_minimizer.h";
			path = "../libs/ceres/internal/ceres/coordinate_descent_minimizer.h";
			refType = 4;
			sourceTree = "SOURCE_ROOT";
		};
		3D2ED43E9498507193406223 = {
			isa = PBXFileReference;
			name = "corrector.h";
			path = "../libs/ceres/internal/ceres/corrector.h";
			refType = 4;
			sourceTree = "SOURCE_ROOT";
		};
		2FE508EC64ED249E2E92D89C = {
			isa = PBXFileReference;
			name = "covariance_impl.h";
			path = "../libs/ceres/internal/ceres/covariance_impl.h";
			refType = 4;
			sourceTree = "SOURCE_ROOT";
		};
		EEC2F254C34AFA2AE9640192 = {
			isa = PBXFileReference;
			name = "cxsparse.h";
			path = "../libs/ceres/internal/ceres/cxsparse.h";
			refType = 4;
			sourceTree = "SOURCE_ROOT";
		};
		8D848C221FBBF3295D339D9A = {
			isa = PBXFileReference;
			name = "dense_jacobian_writer.h";
			path = "../libs/ceres/internal/ceres/dense_jacobian_writer.h";
			refType = 4;
			sourceTree = "SOURCE_ROOT";
		};
		8D1FEFB84ED76E7FCA6F7D28 = {
			isa = PBXFileReference;
			name = "dense_normal_cholesky_solver.h";
			path = "../libs/ceres/internal/ceres/dense_normal_cholesky_solver.h";
			refType = 4;
			sourceTree = "SOURCE_ROOT";
		};
		73923AF3450ADA098D3DFCD3 = {
			isa = PBXFileReference;
			name = "dense_qr_solver.h";
			path = "../libs/ceres/internal/ceres/dense_qr_solver.h";
			refType = 4;
			sourceTree = "SOURCE_ROOT";
		};
		F293E2A64F7D6A66B9F1B0F1 = {
			isa = PBXFileReference;
			name = "dense_sparse_matrix.h";
			path = "../libs/ceres/internal/ceres/dense_sparse_matrix.h";
			refType = 4;
			sourceTree = "SOURCE_ROOT";
		};
		0C967221500EE22D6D369781 = {
			isa = PBXFileReference;
			name = "detect_structure.h";
			path = "../libs/ceres/internal/ceres/detect_structure.h";
			refType = 4;
			sourceTree = "SOURCE_ROOT";
		};
		E3DE7FDA349E53F2EF259E8A = {
			isa = PBXFileReference;
			name = "dogleg_strategy.h";
			path = "../libs/ceres/internal/ceres/dogleg_strategy.h";
			refType = 4;
			sourceTree = "SOURCE_ROOT";
		};
		8321B327A511D1B0AF379DF8 = {
			isa = PBXFileReference;
			name = "dynamic_compressed_row_finalizer.h";
			path = "../libs/ceres/internal/ceres/dynamic_compressed_row_finalizer.h";
			refType = 4;
			sourceTree = "SOURCE_ROOT";
		};
		C9855C175A42EDF6CF507DB1 = {
			isa = PBXFileReference;
			name = "dynamic_compressed_row_jacobian_writer.h";
			path = "../libs/ceres/internal/ceres/dynamic_compressed_row_jacobian_writer.h";
			refType = 4;
			sourceTree = "SOURCE_ROOT";
		};
		9AC494510B2782C8DAA1AC74 = {
			isa = PBXFileReference;
			name = "dynamic_compressed_row_sparse_matrix.h";
			path = "../libs/ceres/internal/ceres/dynamic_compressed_row_sparse_matrix.h";
			refType = 4;
			sourceTree = "SOURCE_ROOT";
		};
		9EB6D9ACD0D573D6A8AF0678 = {
			isa = PBXFileReference;
			name = "evaluator.h";
			path = "../libs/ceres/internal/ceres/evaluator.h";
			refType = 4;
			sourceTree = "SOURCE_ROOT";
		};
		A48A16824B8AD1EB58FA0FB6 = {
			isa = PBXFileReference;
			name = "execution_summary.h";
			path = "../libs/ceres/internal/ceres/execution_summary.h";
			refType = 4;
			sourceTree = "SOURCE_ROOT";
		};
		ADC50ABCFE866CBA38B5A038 = {
			isa = PBXFileReference;
			name = "file.h";
			path = "../libs/ceres/internal/ceres/file.h";
			refType = 4;
			sourceTree = "SOURCE_ROOT";
		};
		C41CF7E85EC0DA27D2F159BF = {
			isa = PBXFileReference;
			name = "gradient_checking_cost_function.h";
			path = "../libs/ceres/internal/ceres/gradient_checking_cost_function.h";
			refType = 4;
			sourceTree = "SOURCE_ROOT";
		};
		0D264731A5913ECD2CF3EC08 = {
			isa = PBXFileReference;
			name = "gradient_problem_evaluator.h";
			path = "../libs/ceres/internal/ceres/gradient_problem_evaluator.h";
			refType = 4;
			sourceTree = "SOURCE_ROOT";
		};
		AC9EB1A5205DE63D5B21CFF6 = {
			isa = PBXFileReference;
			name = "graph_algorithms.h";
			path = "../libs/ceres/internal/ceres/graph_algorithms.h";
			refType = 4;
			sourceTree = "SOURCE_ROOT";
		};
		DF197C853596A5D393D96BAA = {
			isa = PBXFileReference;
			name = "graph.h";
			path = "../libs/ceres/internal/ceres/graph.h";
			refType = 4;
			sourceTree = "SOURCE_ROOT";
		};
		750F235C095B6013C0C87908 = {
			isa = PBXFileReference;
			name = "implicit_schur_complement.h";
			path = "../libs/ceres/internal/ceres/implicit_schur_complement.h";
			refType = 4;
			sourceTree = "SOURCE_ROOT";
		};
		E7E3FDDEBB6407460A65CE34 = {
			isa = PBXFileReference;
			name = "incomplete_lq_factorization.h";
			path = "../libs/ceres/internal/ceres/incomplete_lq_factorization.h";
			refType = 4;
			sourceTree = "SOURCE_ROOT";
		};
		30293C06933B0FE2146450BF = {
			isa = PBXFileReference;
			name = "integral_types.h";
			path = "../libs/ceres/internal/ceres/integral_types.h";
			refType = 4;
			sourceTree = "SOURCE_ROOT";
		};
		5E2BDDC4F9ED581622434A16 = {
			isa = PBXFileReference;
			name = "iterative_schur_complement_solver.h";
			path = "../libs/ceres/internal/ceres/iterative_schur_complement_solver.h";
			refType = 4;
			sourceTree = "SOURCE_ROOT";
		};
		9CAF9F5766100848AB53126E = {
			isa = PBXFileReference;
			name = "lapack.h";
			path = "../libs/ceres/internal/ceres/lapack.h";
			refType = 4;
			sourceTree = "SOURCE_ROOT";
		};
		8B826D396FD8E1B7E7AFCC9A = {
			isa = PBXFileReference;
			name = "levenberg_marquardt_strategy.h";
			path = "../libs/ceres/internal/ceres/levenberg_marquardt_strategy.h";
			refType = 4;
			sourceTree = "SOURCE_ROOT";
		};
		25544FD5F5ACCB4ED10152E6 = {
			isa = PBXFileReference;
			name = "linear_least_squares_problems.h";
			path = "../libs/ceres/internal/ceres/linear_least_squares_problems.h";
			refType = 4;
			sourceTree = "SOURCE_ROOT";
		};
		14CC691CE1121DF84EA360C6 = {
			isa = PBXFileReference;
			name = "linear_operator.h";
			path = "../libs/ceres/internal/ceres/linear_operator.h";
			refType = 4;
			sourceTree = "SOURCE_ROOT";
		};
		4A6D00F6EAFCAADBF20ECFF2 = {
			isa = PBXFileReference;
			name = "linear_solver.h";
			path = "../libs/ceres/internal/ceres/linear_solver.h";
			refType = 4;
			sourceTree = "SOURCE_ROOT";
		};
		D827FE20EDEB54FB4312C6F0 = {
			isa = PBXFileReference;
			name = "line_search_direction.h";
			path = "../libs/ceres/internal/ceres/line_search_direction.h";
			refType = 4;
			sourceTree = "SOURCE_ROOT";
		};
		7142EDFA0567857940538C09 = {
			isa = PBXFileReference;
			name = "line_search.h";
			path = "../libs/ceres/internal/ceres/line_search.h";
			refType = 4;
			sourceTree = "SOURCE_ROOT";
		};
		FF81F4D521D751E6E3E1C90D = {
			isa = PBXFileReference;
			name = "line_search_minimizer.h";
			path = "../libs/ceres/internal/ceres/line_search_minimizer.h";
			refType = 4;
			sourceTree = "SOURCE_ROOT";
		};
		1A6C7A53610B7E389D0D9599 = {
			isa = PBXFileReference;
			name = "line_search_preprocessor.h";
			path = "../libs/ceres/internal/ceres/line_search_preprocessor.h";
			refType = 4;
			sourceTree = "SOURCE_ROOT";
		};
		A58A6CF8FE33C886E7F83B06 = {
			isa = PBXFileReference;
			name = "low_rank_inverse_hessian.h";
			path = "../libs/ceres/internal/ceres/low_rank_inverse_hessian.h";
			refType = 4;
			sourceTree = "SOURCE_ROOT";
		};
		E941BAD3D154785B4B706EBD = {
			isa = PBXFileReference;
			name = "map_util.h";
			path = "../libs/ceres/internal/ceres/map_util.h";
			refType = 4;
			sourceTree = "SOURCE_ROOT";
		};
		625876D39B7DC9B8AC25F6CD = {
			isa = PBXFileReference;
			name = "minimizer.h";
			path = "../libs/ceres/internal/ceres/minimizer.h";
			refType = 4;
			sourceTree = "SOURCE_ROOT";
		};
		65A80796E0C1F871ABB40912 = {
			isa = PBXFileReference;
			name = "mutex.h";
			path = "../libs/ceres/internal/ceres/mutex.h";
			refType = 4;
			sourceTree = "SOURCE_ROOT";
		};
		F57612221DE8601E12CF478D = {
			isa = PBXFileReference;
			name = "parameter_block.h";
			path = "../libs/ceres/internal/ceres/parameter_block.h";
			refType = 4;
			sourceTree = "SOURCE_ROOT";
		};
		96A9E125983A1830D1D0D38D = {
			isa = PBXFileReference;
			name = "parameter_block_ordering.h";
			path = "../libs/ceres/internal/ceres/parameter_block_ordering.h";
			refType = 4;
			sourceTree = "SOURCE_ROOT";
		};
		C0F052BBD1392101B2740B03 = {
			isa = PBXFileReference;
			name = "partitioned_matrix_view.h";
			path = "../libs/ceres/internal/ceres/partitioned_matrix_view.h";
			refType = 4;
			sourceTree = "SOURCE_ROOT";
		};
		7A58F00E5D3EF86FE04734FA = {
			isa = PBXFileReference;
			name = "partitioned_matrix_view_impl.h";
			path = "../libs/ceres/internal/ceres/partitioned_matrix_view_impl.h";
			refType = 4;
			sourceTree = "SOURCE_ROOT";
		};
		EA0B45B8276E6C74362E36F6 = {
			isa = PBXFileReference;
			name = "polynomial.h";
			path = "../libs/ceres/internal/ceres/polynomial.h";
			refType = 4;
			sourceTree = "SOURCE_ROOT";
		};
		51CB7A892623DAEA1860959E = {
			isa = PBXFileReference;
			name = "preconditioner.h";
			path = "../libs/ceres/internal/ceres/preconditioner.h";
			refType = 4;
			sourceTree = "SOURCE_ROOT";
		};
		1876A491982D60927D6EAC07 = {
			isa = PBXFileReference;
			name = "preprocessor.h";
			path = "../libs/ceres/internal/ceres/preprocessor.h";
			refType = 4;
			sourceTree = "SOURCE_ROOT";
		};
		6E0EA528CA07E9E3384436C8 = {
			isa = PBXFileReference;
			name = "problem_impl.h";
			path = "../libs/ceres/internal/ceres/problem_impl.h";
			refType = 4;
			sourceTree = "SOURCE_ROOT";
		};
		1CA3B552921D10AD4DC22A37 = {
			isa = PBXFileReference;
			name = "program_evaluator.h";
			path = "../libs/ceres/internal/ceres/program_evaluator.h";
			refType = 4;
			sourceTree = "SOURCE_ROOT";
		};
		85C5E6559282BCA4AC468BDE = {
			isa = PBXFileReference;
			name = "program.h";
			path = "../libs/ceres/internal/ceres/program.h";
			refType = 4;
			sourceTree = "SOURCE_ROOT";
		};
		D67066444304C40AE4FF0686 = {
			isa = PBXFileReference;
			name = "random.h";
			path = "../libs/ceres/internal/ceres/random.h";
			refType = 4;
			sourceTree = "SOURCE_ROOT";
		};
		B1C68C7666DBABF6C323B69C = {
			isa = PBXFileReference;
			name = "reorder_program.h";
			path = "../libs/ceres/internal/ceres/reorder_program.h";
			refType = 4;
			sourceTree = "SOURCE_ROOT";
		};
		7E7F107C38913F8BA72FC31E = {
			isa = PBXFileReference;
			name = "residual_block.h";
			path = "../libs/ceres/internal/ceres/residual_block.h";
			refType = 4;
			sourceTree = "SOURCE_ROOT";
		};
		44D9C78844D733DF1BD78103 = {
			isa = PBXFileReference;
			name = "residual_block_utils.h";
			path = "../libs/ceres/internal/ceres/residual_block_utils.h";
			refType = 4;
			sourceTree = "SOURCE_ROOT";
		};
		E4E8BEA8E8AECBE853B07F39 = {
			isa = PBXFileReference;
			name = "schur_complement_solver.h";
			path = "../libs/ceres/internal/ceres/schur_complement_solver.h";
			refType = 4;
			sourceTree = "SOURCE_ROOT";
		};
		41DAA0CF81D06E29270EB29C = {
			isa = PBXFileReference;
			name = "schur_eliminator.h";
			path = "../libs/ceres/internal/ceres/schur_eliminator.h";
			refType = 4;
			sourceTree = "SOURCE_ROOT";
		};
		58C1B6B3F6BCEBCF6DD8193C = {
			isa = PBXFileReference;
			name = "schur_eliminator_impl.h";
			path = "../libs/ceres/internal/ceres/schur_eliminator_impl.h";
			refType = 4;
			sourceTree = "SOURCE_ROOT";
		};
		766B4C98EAE1746A878940BB = {
			isa = PBXFileReference;
			name = "schur_jacobi_preconditioner.h";
			path = "../libs/ceres/internal/ceres/schur_jacobi_preconditioner.h";
			refType = 4;
			sourceTree = "SOURCE_ROOT";
		};
		A7A24893E65B65C861EDDB56 = {
			isa = PBXFileReference;
			name = "scratch_evaluate_preparer.h";
			path = "../libs/ceres/internal/ceres/scratch_evaluate_preparer.h";
			refType = 4;
			sourceTree = "SOURCE_ROOT";
		};
		DEBCD1041C10FFB0F5A34726 = {
			isa = PBXFileReference;
			name = "single_linkage_clustering.h";
			path = "../libs/ceres/internal/ceres/single_linkage_clustering.h";
			refType = 4;
			sourceTree = "SOURCE_ROOT";
		};
		E4E8A150BDEB4B173F029A2B = {
			isa = PBXFileReference;
			name = "small_blas.h";
			path = "../libs/ceres/internal/ceres/small_blas.h";
			refType = 4;
			sourceTree = "SOURCE_ROOT";
		};
		20BBA39778D869EFBA0E8CC6 = {
			isa = PBXFileReference;
			name = "solver_utils.h";
			path = "../libs/ceres/internal/ceres/solver_utils.h";
			refType = 4;
			sourceTree = "SOURCE_ROOT";
		};
		8C128D2000508DA1DD2E2DB3 = {
			isa = PBXFileReference;
			name = "sparse_matrix.h";
			path = "../libs/ceres/internal/ceres/sparse_matrix.h";
			refType = 4;
			sourceTree = "SOURCE_ROOT";
		};
		0356FC6BE7C1310071E88CC8 = {
			isa = PBXFileReference;
			name = "sparse_normal_cholesky_solver.h";
			path = "../libs/ceres/internal/ceres/sparse_normal_cholesky_solver.h";
			refType = 4;
			sourceTree = "SOURCE_ROOT";
		};
		B444886FE4A499D6050FA73D = {
			isa = PBXFileReference;
			name = "split.h";
			path = "../libs/ceres/internal/ceres/split.h";
			refType = 4;
			sourceTree = "SOURCE_ROOT";
		};
		BDE90A116A13374821A399B3 = {
			isa = PBXFileReference;
			name = "stl_util.h";
			path = "../libs/ceres/internal/ceres/stl_util.h";
			refType = 4;
			sourceTree = "SOURCE_ROOT";
		};
		C83F52780D239CFE2B8FE091 = {
			isa = PBXFileReference;
			name = "stringprintf.h";
			path = "../libs/ceres/internal/ceres/stringprintf.h";
			refType = 4;
			sourceTree = "SOURCE_ROOT";
		};
		64BCFEB8824248DDF7CF30BB = {
			isa = PBXFileReference;
			name = "suitesparse.h";
			path = "../libs/ceres/internal/ceres/suitesparse.h";
			refType = 4;
			sourceTree = "SOURCE_ROOT";
		};
		B8BF1CEA5335C0D86A838AD1 = {
			isa = PBXFileReference;
			name = "triplet_sparse_matrix.h";
			path = "../libs/ceres/internal/ceres/triplet_sparse_matrix.h";
			refType = 4;
			sourceTree = "SOURCE_ROOT";
		};
		69DB419AB63E2753562C67E5 = {
			isa = PBXFileReference;
			name = "trust_region_minimizer.h";
			path = "../libs/ceres/internal/ceres/trust_region_minimizer.h";
			refType = 4;
			sourceTree = "SOURCE_ROOT";
		};
		255BB6D839104AE118C53206 = {
			isa = PBXFileReference;
			name = "trust_region_preprocessor.h";
			path = "../libs/ceres/internal/ceres/trust_region_preprocessor.h";
			refType = 4;
			sourceTree = "SOURCE_ROOT";
		};
		DDABA9BFDA8CB00A5EA95AD7 = {
			isa = PBXFileReference;
			name = "trust_region_strategy.h";
			path = "../libs/ceres/internal/ceres/trust_region_strategy.h";
			refType = 4;
			sourceTree = "SOURCE_ROOT";
		};
		C3DF3C59C35E1F0CE8A368B0 = {
			isa = PBXFileReference;
			name = "visibility_based_preconditioner.h";
			path = "../libs/ceres/internal/ceres/visibility_based_preconditioner.h";
			refType = 4;
			sourceTree = "SOURCE_ROOT";
		};
		68FCD367073E9E818C145EB7 = {
			isa = PBXFileReference;
			name = "visibility.h";
			path = "../libs/ceres/internal/ceres/visibility.h";
			refType = 4;
			sourceTree = "SOURCE_ROOT";
		};
		A35445D87005CB958ACF3F04 = {
			isa = PBXFileReference;
			name = "wall_time.h";
			path = "../libs/ceres/internal/ceres/wall_time.h";
			refType = 4;
			sourceTree = "SOURCE_ROOT";
		};
		0539FDE552A12EA6DA96C647 = {
			isa = PBXFileReference;
			name = "commandlineflags.h";
			path = "../libs/glog/src/base/commandlineflags.h";
			refType = 4;
			sourceTree = "SOURCE_ROOT";
		};
		B5723380E7961B4173B4F299 = {
			isa = PBXFileReference;
			name = "googleinit.h";
			path = "../libs/glog/src/base/googleinit.h";
			refType = 4;
			sourceTree = "SOURCE_ROOT";
		};
		86E0EB9950644264BC8A0E9A = {
			isa = PBXFileReference;
			name = "mutex.h";
			path = "../libs/glog/src/base/mutex.h";
			refType = 4;
			sourceTree = "SOURCE_ROOT";
		};
		16DC340EE6FF5A6DDD5BC4C4 = {
			isa = PBXFileReference;
			name = "config_freebsd.h";
			path = "../libs/glog/src/config_freebsd.h";
			refType = 4;
			sourceTree = "SOURCE_ROOT";
		};
		480496D1419549F4DDC987D9 = {
			isa = PBXFileReference;
			name = "config.h";
			path = "../libs/glog/src/config.h";
			refType = 4;
			sourceTree = "SOURCE_ROOT";
		};
		CD5565EAE05AF3EE37AA6267 = {
			isa = PBXFileReference;
			name = "config_hurd.h";
			path = "../libs/glog/src/config_hurd.h";
			refType = 4;
			sourceTree = "SOURCE_ROOT";
		};
		D78270812D90D60BE5DF2761 = {
			isa = PBXFileReference;
			name = "config_linux.h";
			path = "../libs/glog/src/config_linux.h";
			refType = 4;
			sourceTree = "SOURCE_ROOT";
		};
		4002E739B106FFB651BBB95D = {
			isa = PBXFileReference;
			name = "config_mac.h";
			path = "../libs/glog/src/config_mac.h";
			refType = 4;
			sourceTree = "SOURCE_ROOT";
		};
		7108E376504CFEB11F71C6C5 = {
			isa = PBXFileReference;
			name = "demangle.h";
			path = "../libs/glog/src/demangle.h";
			refType = 4;
			sourceTree = "SOURCE_ROOT";
		};
		876AF12EDECF9E8E1CB6866D = {
			isa = PBXFileReference;
			name = "logging.h";
			path = "../libs/glog/src/glog/logging.h";
			refType = 4;
			sourceTree = "SOURCE_ROOT";
		};
		3EA1A1163FC4F1A249830E06 = {
			isa = PBXFileReference;
			name = "log_severity.h";
			path = "../libs/glog/src/glog/log_severity.h";
			refType = 4;
			sourceTree = "SOURCE_ROOT";
		};
		D40D9BFEFB82758C98F6A7A8 = {
			isa = PBXFileReference;
			name = "raw_logging.h";
			path = "../libs/glog/src/glog/raw_logging.h";
			refType = 4;
			sourceTree = "SOURCE_ROOT";
		};
		1D021797BCEA05F9AE946290 = {
			isa = PBXFileReference;
			name = "vlog_is_on.h";
			path = "../libs/glog/src/glog/vlog_is_on.h";
			refType = 4;
			sourceTree = "SOURCE_ROOT";
		};
		A5FF73A30CF6461B9304C6F2 = {
			isa = PBXFileReference;
			name = "stacktrace_generic-inl.h";
			path = "../libs/glog/src/stacktrace_generic-inl.h";
			refType = 4;
			sourceTree = "SOURCE_ROOT";
		};
		5A7046D8E55DA77BCF525A0C = {
			isa = PBXFileReference;
			name = "stacktrace.h";
			path = "../libs/glog/src/stacktrace.h";
			refType = 4;
			sourceTree = "SOURCE_ROOT";
		};
		0DA4DD463213167DBB909BEA = {
			isa = PBXFileReference;
			name = "stacktrace_libunwind-inl.h";
			path = "../libs/glog/src/stacktrace_libunwind-inl.h";
			refType = 4;
			sourceTree = "SOURCE_ROOT";
		};
		D5FC34F51D14C6FAF07B3103 = {
			isa = PBXFileReference;
			name = "stacktrace_powerpc-inl.h";
			path = "../libs/glog/src/stacktrace_powerpc-inl.h";
			refType = 4;
			sourceTree = "SOURCE_ROOT";
		};
		873D157755215817E8CE9D14 = {
			isa = PBXFileReference;
			name = "stacktrace_x86_64-inl.h";
			path = "../libs/glog/src/stacktrace_x86_64-inl.h";
			refType = 4;
			sourceTree = "SOURCE_ROOT";
		};
		0177B0806316D2F59B0F2104 = {
			isa = PBXFileReference;
			name = "stacktrace_x86-inl.h";
			path = "../libs/glog/src/stacktrace_x86-inl.h";
			refType = 4;
			sourceTree = "SOURCE_ROOT";
		};
		03BEAEB19B8BFAFF27673019 = {
			isa = PBXFileReference;
			name = "symbolize.h";
			path = "../libs/glog/src/symbolize.h";
			refType = 4;
			sourceTree = "SOURCE_ROOT";
		};
		4F0425C693E4DD2AA8834CE4 = {
			isa = PBXFileReference;
			name = "utilities.h";
			path = "../libs/glog/src/utilities.h";
			refType = 4;
			sourceTree = "SOURCE_ROOT";
		};
		BDFA9E2CF5657BA29E9D4C46 = {
			isa = PBXFileReference;
			name = "ceres.pro";
			path = "ceres.pro";
			refType = 4;
			sourceTree = "SOURCE_ROOT";
		};
		883D7615C4D2DE3FA1218F12 = {
			isa = PBXGroup;
			children = (
				"4458B98565818D7E2682FA2D");
			name = "Headers";
			refType = 4;
			sourceTree = "<Group>";
		};
		4458B98565818D7E2682FA2D = {
			isa = PBXGroup;
			children = (
				"4ADF3BA822EEA2B3AF314130");
			name = "..";
			refType = 4;
			sourceTree = "<Group>";
		};
		4ADF3BA822EEA2B3AF314130 = {
			isa = PBXGroup;
			children = (
				"27B97CC8CC589073F9C5B3A6",
				"220A4C01503A064EEC3E5B55");
			name = "libs";
			refType = 4;
			sourceTree = "<Group>";
		};
		27B97CC8CC589073F9C5B3A6 = {
			isa = PBXGroup;
			children = (
				"1FDBD76AC3D5BD677BF814DB",
				"50855E39BD928CFB04F1E834");
			name = "ceres";
			refType = 4;
			sourceTree = "<Group>";
		};
		1FDBD76AC3D5BD677BF814DB = {
			isa = PBXGroup;
			children = (
				"C8A14A15FA0853963BD47D40");
			name = "include";
			refType = 4;
			sourceTree = "<Group>";
		};
		C8A14A15FA0853963BD47D40 = {
			isa = PBXGroup;
			children = (
				"277F70CC3D6A7E7B0422493F",
				"99FCA6406489F72B52574DCB",
				"7632E7E3BBE27CE15F5FF019",
				"B74D9BB73414BDC0F6E85989",
				"C2A29B003C8D3AE2F526875A",
				"03413935676E50B413DBEEB1",
				"FDC0067E2775DF0C0020CFB7",
				"7040C2AD91D71DDFB594C93D",
				"C89979F65FAD52C4EB31C26E",
				"5EEA35F8A5D826C74C3A12E3",
				"4FA6DF15493002404F559B9A",
				"F3548A4BA772429A84D89455",
				"3A7D83498303A594A19C9D0A",
				"1E378E452887079FC32EA7E4",
				"F9EB59946E4FB56FF726C18B",
				"44A49D5310C226679C128213",
				"E106DD69836FD7029B58C992",
				"29DA31E8BB36CBBD1DEB7FE9",
				"AD3B98B69F4D5F6CAADB3E4B",
				"FA91A18ECCA498BC0B83B29C",
				"28B0657BF5B2B6759F8375B3",
				"37A086B451BBCF7FCC109E4E",
				"EE78A62B986FDE5D660D8CD9",
				"759195CB7C7F8FC16B588BEA",
				"CDDEC19A602971CE0664C421",
				"6EE776FC96108E466C63B7BB",
				"E9BBD2CB842C784E1E53448E",
				"8D99F7D0822977B6904BAB10",
				"300B804D870B69ABF9D1B6B2");
			name = "ceres";
			refType = 4;
			sourceTree = "<Group>";
		};
		44A49D5310C226679C128213 = {
			isa = PBXGroup;
			children = (
				"5CB462273464243C5A1AB9B6",
				"D544FB12490D3AC1F5D571CF",
				"5FC70C819377F6E10ECDE083",
				"6950E8DBD935E26FB96CD7C1",
				"B462329C84B932C10792F604",
				"26BF4884EC13FF3D2099DB97",
				"BA7FDB72E48E42A71E094D6B",
				"569EAA521B73C7C478F53971",
				"88168FE6F1AA2D24BEDE532B",
				"4C6791C9F4AD68D8B8EB7B41",
				"7A6BBB4D9CBAFD1401262AAD");
			name = "internal";
			refType = 4;
			sourceTree = "<Group>";
		};
		50855E39BD928CFB04F1E834 = {
			isa = PBXGroup;
			children = (
				"5598DBC5FF007B4C3B06128F");
			name = "internal";
			refType = 4;
			sourceTree = "<Group>";
		};
		5598DBC5FF007B4C3B06128F = {
			isa = PBXGroup;
			children = (
				"485288B918CA6034295DB5C7",
				"9CD28196EB05F7A523AF63D5",
				"1AE208EA40DD828E3F057C4F",
				"A8D7EC71072E017DD089AB5D",
				"61214410548A8E4FBBB97F61",
				"A6EF3FA49A2F4B4EEBF261B8",
				"539B5CE2B5FBBDEF72549006",
				"B74BD77FAD433F224DEC5402",
				"C9C963B7DAED6CE024159388",
				"E7032B5294E87F696E49D98D",
				"70D17C49192C0EAFB4F65CC0",
				"45BAEFEFA838F869CE2A179A",
				"65946C44D913D6E25B7F09E1",
				"796B5082E7FA05CED4CDEDAD",
				"407FD17540E2C7EE27A6D4B9",
				"BC4C0A0BD5A1A37BEB12E223",
				"B2CC7A61DA76D8CC798C6EDE",
				"A6E69EEBB5839F5DD20E06BD",
				"6A47B8BE61B85FC66CA54665",
				"117E42B0B3ADE26D27E088DF",
				"7F5CE37D8A3F6C78F0AFC220",
				"C2293BCB1FB2E6308727EBB6",
				"3D2ED43E9498507193406223",
				"2FE508EC64ED249E2E92D89C",
				"EEC2F254C34AFA2AE9640192",
				"8D848C221FBBF3295D339D9A",
				"8D1FEFB84ED76E7FCA6F7D28",
				"73923AF3450ADA098D3DFCD3",
				"F293E2A64F7D6A66B9F1B0F1",
				"0C967221500EE22D6D369781",
				"E3DE7FDA349E53F2EF259E8A",
				"8321B327A511D1B0AF379DF8",
				"C9855C175A42EDF6CF507DB1",
				"9AC494510B2782C8DAA1AC74",
				"9EB6D9ACD0D573D6A8AF0678",
				"A48A16824B8AD1EB58FA0FB6",
				"ADC50ABCFE866CBA38B5A038",
				"C41CF7E85EC0DA27D2F159BF",
				"0D264731A5913ECD2CF3EC08",
				"AC9EB1A5205DE63D5B21CFF6",
				"DF197C853596A5D393D96BAA",
				"750F235C095B6013C0C87908",
				"E7E3FDDEBB6407460A65CE34",
				"30293C06933B0FE2146450BF",
				"5E2BDDC4F9ED581622434A16",
				"9CAF9F5766100848AB53126E",
				"8B826D396FD8E1B7E7AFCC9A",
				"25544FD5F5ACCB4ED10152E6",
				"14CC691CE1121DF84EA360C6",
				"4A6D00F6EAFCAADBF20ECFF2",
				"D827FE20EDEB54FB4312C6F0",
				"7142EDFA0567857940538C09",
				"FF81F4D521D751E6E3E1C90D",
				"1A6C7A53610B7E389D0D9599",
				"A58A6CF8FE33C886E7F83B06",
				"E941BAD3D154785B4B706EBD",
				"625876D39B7DC9B8AC25F6CD",
				"65A80796E0C1F871ABB40912",
				"F57612221DE8601E12CF478D",
				"96A9E125983A1830D1D0D38D",
				"C0F052BBD1392101B2740B03",
				"7A58F00E5D3EF86FE04734FA",
				"EA0B45B8276E6C74362E36F6",
				"51CB7A892623DAEA1860959E",
				"1876A491982D60927D6EAC07",
				"6E0EA528CA07E9E3384436C8",
				"1CA3B552921D10AD4DC22A37",
				"85C5E6559282BCA4AC468BDE",
				"D67066444304C40AE4FF0686",
				"B1C68C7666DBABF6C323B69C",
				"7E7F107C38913F8BA72FC31E",
				"44D9C78844D733DF1BD78103",
				"E4E8BEA8E8AECBE853B07F39",
				"41DAA0CF81D06E29270EB29C",
				"58C1B6B3F6BCEBCF6DD8193C",
				"766B4C98EAE1746A878940BB",
				"A7A24893E65B65C861EDDB56",
				"DEBCD1041C10FFB0F5A34726",
				"E4E8A150BDEB4B173F029A2B",
				"20BBA39778D869EFBA0E8CC6",
				"8C128D2000508DA1DD2E2DB3",
				"0356FC6BE7C1310071E88CC8",
				"B444886FE4A499D6050FA73D",
				"BDE90A116A13374821A399B3",
				"C83F52780D239CFE2B8FE091",
				"64BCFEB8824248DDF7CF30BB",
				"B8BF1CEA5335C0D86A838AD1",
				"69DB419AB63E2753562C67E5",
				"255BB6D839104AE118C53206",
				"DDABA9BFDA8CB00A5EA95AD7",
				"C3DF3C59C35E1F0CE8A368B0",
				"68FCD367073E9E818C145EB7",
				"A35445D87005CB958ACF3F04");
			name = "ceres";
			refType = 4;
			sourceTree = "<Group>";
		};
		220A4C01503A064EEC3E5B55 = {
			isa = PBXGroup;
			children = (
				"42A3B3CA22B8CF5F72568D25");
			name = "glog";
			refType = 4;
			sourceTree = "<Group>";
		};
		42A3B3CA22B8CF5F72568D25 = {
			isa = PBXGroup;
			children = (
				"497AC667D3068BD65088E84D",
				"16DC340EE6FF5A6DDD5BC4C4",
				"480496D1419549F4DDC987D9",
				"CD5565EAE05AF3EE37AA6267",
				"D78270812D90D60BE5DF2761",
				"4002E739B106FFB651BBB95D",
				"7108E376504CFEB11F71C6C5",
				"9F854580EF8F74ABA4532C0C",
				"A5FF73A30CF6461B9304C6F2",
				"5A7046D8E55DA77BCF525A0C",
				"0DA4DD463213167DBB909BEA",
				"D5FC34F51D14C6FAF07B3103",
				"873D157755215817E8CE9D14",
				"0177B0806316D2F59B0F2104",
				"03BEAEB19B8BFAFF27673019",
				"4F0425C693E4DD2AA8834CE4");
			name = "src";
			refType = 4;
			sourceTree = "<Group>";
		};
		497AC667D3068BD65088E84D = {
			isa = PBXGroup;
			children = (
				"0539FDE552A12EA6DA96C647",
				"B5723380E7961B4173B4F299",
				"86E0EB9950644264BC8A0E9A");
			name = "base";
			refType = 4;
			sourceTree = "<Group>";
		};
		9F854580EF8F74ABA4532C0C = {
			isa = PBXGroup;
			children = (
				"876AF12EDECF9E8E1CB6866D",
				"3EA1A1163FC4F1A249830E06",
				"D40D9BFEFB82758C98F6A7A8",
				"1D021797BCEA05F9AE946290");
			name = "glog";
			refType = 4;
			sourceTree = "<Group>";
		};
		BFA3A29D17FD123C907B6E35 = {
			isa = PBXGroup;
			children = (
				"CF7B803FE3C9F0CA6A6971C2");
			name = "..";
			refType = 4;
			sourceTree = "<Group>";
		};
		CF7B803FE3C9F0CA6A6971C2 = {
			isa = PBXGroup;
			children = (
				"6E08B2381A26108E7B6194CE",
				"072FD262AFA1442BD80C9F97");
			name = "libs";
			refType = 4;
			sourceTree = "<Group>";
		};
		6E08B2381A26108E7B6194CE = {
			isa = PBXGroup;
			children = (
				"79C395026E269351E3913EAA");
			name = "ceres";
			refType = 4;
			sourceTree = "<Group>";
		};
		79C395026E269351E3913EAA = {
			isa = PBXGroup;
			children = (
				"C451900DBAA52A37B00BB35E");
			name = "internal";
			refType = 4;
			sourceTree = "<Group>";
		};
		C451900DBAA52A37B00BB35E = {
			isa = PBXGroup;
			children = (
				"16DC6676CCD725E080021DFE",
				"529C7FA5C87EBAA8A24C237F",
				"5CD625DE3D1B36D042ACEADB",
				"F4E2F087483EF972C1875582",
				"27E9673BD8E2F2A795B1C762",
				"23979218EEBC15095DB760FF",
				"1D223A54D94D8E67F90DA1DD",
				"50B4D41EAFDE35F4E66B6FB1",
				"538B233E48B2A6EE9D6400A7",
				"9C99D00AF2EC2C1E0D5651FC",
				"FB348526FCB438C5C23AF5B5",
				"837E0AA7BC0948A35226DE98",
				"FA648D4C00FD27AE26FBCB43",
				"11B61ACFE41D21A33D17D066",
				"3F28EFB5A4824EA7CBC94CDF",
				"28EFBB9245E5090DB2C7622C",
				"1F2DD4F349E35BCEB719AEBF",
				"210B827364E18CFAE2BE2D7F",
				"DE5A0431C74420CBDC4928FF",
				"6450DBB8136ACC6ADF2DF52B",
				"6D71CC88837E6525DC4D42F1",
				"D1515E55D959BFCC74D93CC0",
				"CFCF175A6168FACF1CF82A6D",
				"EE3E439E06A25E1AC38DA980",
				"4489E390B4423DE7B4204C8E",
				"371E6066AE24AA9A5BB9F863",
				"FA033A6844A598623179FE48",
				"AEB1221E240E4D77B9943916",
				"DC5F3E1F05DB46A7522B82B4",
				"837304105638A08861FC637C",
				"5000CA618AAB927B4547733A",
				"7F988AA541D7F021A3CB26F2",
				"1AFEBDC13C6D402BBB765640",
				"EB1E9252D2C0574FE4CCCC60",
				"B15EC1DA2CA2C32E99CF3C16",
				"30FB3D642592A1822939944B",
				"C95E39630C62174AE0808F58",
				"22FEA51257881CBC7BE71D5B",
				"F5FE2F9D7D3DDA86B42F5948",
				"B981F11AACB721DD03A3314C",
				"2A980F4C7463831D3B0B7CDC",
				"5A660D5A1F695D1256DBDE89",
				"5EC4A2ED6FE04C5D32E72103",
				"5D8A5B74B2E59034DCA75770",
				"97C95F3ADE46593137C648DB",
				"9381E60052D0CD31BB78263D",
				"6F209709D1DE4641EA18F647",
				"4C3FF4D26AA6F52E2F68D5FA",
				"3BF12F6C610CC7DD790FB962",
				"3BEC7F2286F35E893F153F3B",
				"74A5E0A3009358BEA6BDDE6B",
				"C58B0F7BFE59B2CEB58344D7",
				"B6C4DDB3CFD578995B727F69",
				"5625B5C322984A4D446BE8B2",
				"FAA0E2552D16CE2578E754C8",
				"4110979D5205EEA21F5A2D17",
				"62B42CEFE9503247919E55F3",
				"230E55A2369DBA8E71B59966",
				"1EF3B9479ABECF9A7D6F6851",
				"84D4EE7EF4C487D9800E5F7D",
				"6BB2A2A2F6C6A03D4E260E4D",
				"821E5D6813BE152B250D3F45",
				"11F7D2BAA01FD00160F55EC7",
				"834A33D7114F28D1981D4DEA",
				"4E41DDBB569D154A65B7D4DB",
				"A6432697409FE0714021A2B7",
				"F04A354B03E1E1E76037073A",
				"732AE5B2CB10AEB378244464",
				"182EB8282BA11839A6B36C55",
				"A1088E236939E7B97A2DC135",
				"B4278E749FF7DCBC1DC0553A",
				"DC1565FCD6A68D8314C635E4",
				"435493FE248DEBC8361FD4FC",
				"B9AA111BB9DB73993DDFAAC3",
				"1AA163643EA738A57D447691",
				"17F892C243E6DBEEA7CD49A6",
				"0FC895CB77A67DD903552418",
				"E764E26D713FC242DE6737B5",
				"60DEBF991E651759267BC075",
				"43D9E5EABCD9D6F2ABF3296E",
				"387D7D440A733C527E121B77",
				"136A2069A9B7E0494F000E77",
				"31B023316BF57E367A1F8F39",
				"F82360CBCBEB43390C6616E4",
				"1325BB322B13AA5B17E5B965",
				"305EBA9B82C8D0783BD1BF3A");
			name = "ceres";
			refType = 4;
			sourceTree = "<Group>";
		};
		B15EC1DA2CA2C32E99CF3C16 = {
			isa = PBXGroup;
			children = (
				"E8A93EF65AD5B544F411BDED",
				"938A9EFDCD0F4BC92F13C20C");
			name = "generated";
			refType = 4;
			sourceTree = "<Group>";
		};
		072FD262AFA1442BD80C9F97 = {
			isa = PBXGroup;
			children = (
				"57F04EEA14BB027C75291513");
			name = "glog";
			refType = 4;
			sourceTree = "<Group>";
		};
		57F04EEA14BB027C75291513 = {
			isa = PBXGroup;
			children = (
				"7B79424BC98F140CB460ECAB",
				"D35E6E30F6934D06B2AFDD51",
				"D0825500889B1752ABA2464B",
				"32FA8308BF0B3EDDD6600B50",
				"1B1E0C06DD9397537FD9893F",
				"C52CBBCD3C727A85B59AE304",
				"578EF19B6E21BB0DDD7780B3");
			name = "src";
			refType = 4;
			sourceTree = "<Group>";
		};
		FB61758D0F0FDA4BA867C3D5 = {
			isa = PBXGroup;
			children = (
				"BFA3A29D17FD123C907B6E35");
			name = "Sources";
			refType = 4;
			sourceTree = "<Group>";
		};
		7CABE3C80E79AD2B307756D2 = {
			isa = PBXGroup;
			children = (
				"BDFA9E2CF5657BA29E9D4C46");
			name = "Sources [qmake]";
			refType = 4;
			sourceTree = "<Group>";
		};
		A0A52A2ADF7A1E2A99738674 = {
			buildActionMask = 2147483647;
			files = (
				);
			generatedFileNames = (
				"11AF19B3026E737C268E69D7",
				"EB6F14EFBF32329C15030C97",
				"1107147767FC3ADC80B0C30B",
				"0660B8324202B3E976C1A531",
				"7146FFFAA15F912A37E0CF51",
				"921D3549DADEEAC71CE8BA71",
				"5498923F9C447660CDF2E842",
				"750E1D60500E276145AC8ADD",
				"3421F4F978C3F9FA196C5677",
				"24B21F10DB04E83DC7C77227",
				"B5D96611BA57E978D5A2675E",
				"D210C957721242F784051874",
				"4A53598650E90C6F3C97780C",
				"AF7A0241307467E43F29CC35",
				"CD05907880B1952B1CA8E666",
				"F1F080A5A4AD980B32A69DE7",
				"6F12D6C75E7BFB57BFB1EE26",
				"1701E81E4C29C84F5E1F0C21",
				"3E71EE233E56656B699906F2",
				"A4454067FF9D581B4CB655E7",
				"85D16DCDD2ADE07C10F23B67",
				"DBA69DE81853201AEF907A88",
				"FA0A20435699BFC1CEE68997",
				"49A703593B8E016337DF7782",
				"09697209D1E08995B2DAA985",
				"D38A18B0B96C19CA055F3B13",
				"27623FACAC7686AC7616282C",
				"F66C847A3CF0DBB53326F6B7",
				"1CDB293002ECD622E1F1C1DD",
				"E3EBA5DBB9049AD4C22B5C40",
				"5C7E0B0C561932B93DC9D8FC",
				"8569668603F678050044E170",
				"B36F4ED5D4F272812766B1A4",
				"43D48F58C40752723564083E",
				"3C72F8586FDEBE10F5F603C6",
				"6BF15CF18E4514A98B55A09A",
				"BAAF472F604AF9E73F1185FC",
				"3FF34F7DDAD0C23E79CC9BAE",
				"14F06A1BBD1EA1089B0FC886",
				"4A6E5AA9BC0379369D2ECB19",
				"EBDAA1ED4A51763F27FE77EA",
				"7AE7BDF8852BC3DFB2C8E6CF",
				"FA2217A89ED014F27DEB4BF3",
				"97953CEBA2C8178E10DC0CF3",
				"A5748B2FA7D0250AE88777AD",
				"19E78E6A547867B0B713F9E0",
				"4CB1877E1E754197CB6B52D3",
				"AD7CBE1B724A594865304294",
				"EE73435E63FBDDC57CD6A1CA",
				"712C0C70FE20F1010AEFEEA9",
				"702F8EE308964875BB4B38B5",
				"D82EEC2B2ABB553E765E7759",
				"A3C31395573845E6CC0C9B6B",
				"095489D9291E5ABBDA73A535",
				"C79703411AAAF4A26138BE19",
				"6617B29CBCB470DB5E373A62",
				"158383CBE3945A5ADD3B80C6",
				"8420F5A0193E5EC5C88641DB",
				"E93ADD11E13E565D02A29F6B",
				"88EF33F8BF735F2C28F64643",
				"ED720B94005851685A09AD37",
				"DF5DFCAAB8B90933147CDA29",
				"1CFF2529FDCFCB83664CEE50",
				"C6AC48526F09D917EBA04306",
				"8FB9522295138D376AC024F8",
				"6D13290B9E0D2E2C9C085F6A",
				"21EED037A0F3C47730A88462",
				"E69128D31B7360668FEBF048",
				"2A71A3176BE2F27EB74C0948",
				"9F8183CF16CD60D173584285",
				"F8CA433C31BF9642C9E9DB09",
				"C1FD730A19040E93D0B3ADDC",
				"FEEC7109F2AC1F59B4F10EEC",
				"3D83886E608DDA05C70C8AA7",
				"EB1681993E054CF2C6B0AD70",
				"CA2B7701BE0F2BBE9BC7ABED",
				"3BDAA367A104489FA7F565F7",
				"3A38FAF01AD57C0B3126DE78",
				"E13B3FA373ACB53DD91E1247",
				"6758BBB2DCE080D63717823D",
				"4CB9316EEBEB0A751E672614",
				"A3D760452DECB82E9055B0B1",
				"DAF36F9F065553BC6C4BFB03",
				"10D73E208E7F7947ABA39AFC",
				"47DE60EA9F38E9059D73CF41",
				"59E5701B8E30C71754F81F0C",
				"CC72F6FBE4D32A128C205208",
				"49C6E0A13271C2CEA509F8A1",
				"3CB16915C2FCDF063FC81683",
				"D8338392327A41894ED44292",
				"15AFABDFB546A0AEA754EFB0",
				"EF7E53D31F18275DE006BC21",
				"94B8D622E923531EC220D30A",
				"8AE0A85ACA31DF37674ADADE");
			isa = PBXShellScriptBuildPhase;
			name = "Qt Preprocessors";
			neededFileNames = (
				"11AF19B3026E737C268E69D7",
				"EB6F14EFBF32329C15030C97",
				"1107147767FC3ADC80B0C30B",
				"0660B8324202B3E976C1A531",
				"7146FFFAA15F912A37E0CF51",
				"921D3549DADEEAC71CE8BA71",
				"5498923F9C447660CDF2E842",
				"750E1D60500E276145AC8ADD",
				"3421F4F978C3F9FA196C5677",
				"24B21F10DB04E83DC7C77227",
				"B5D96611BA57E978D5A2675E",
				"D210C957721242F784051874",
				"4A53598650E90C6F3C97780C",
				"AF7A0241307467E43F29CC35",
				"CD05907880B1952B1CA8E666",
				"F1F080A5A4AD980B32A69DE7",
				"6F12D6C75E7BFB57BFB1EE26",
				"1701E81E4C29C84F5E1F0C21",
				"3E71EE233E56656B699906F2",
				"A4454067FF9D581B4CB655E7",
				"85D16DCDD2ADE07C10F23B67",
				"DBA69DE81853201AEF907A88",
				"FA0A20435699BFC1CEE68997",
				"49A703593B8E016337DF7782",
				"09697209D1E08995B2DAA985",
				"D38A18B0B96C19CA055F3B13",
				"27623FACAC7686AC7616282C",
				"F66C847A3CF0DBB53326F6B7",
				"1CDB293002ECD622E1F1C1DD",
				"E3EBA5DBB9049AD4C22B5C40",
				"5C7E0B0C561932B93DC9D8FC",
				"8569668603F678050044E170",
				"B36F4ED5D4F272812766B1A4",
				"43D48F58C40752723564083E",
				"3C72F8586FDEBE10F5F603C6",
				"6BF15CF18E4514A98B55A09A",
				"BAAF472F604AF9E73F1185FC",
				"3FF34F7DDAD0C23E79CC9BAE",
				"14F06A1BBD1EA1089B0FC886",
				"4A6E5AA9BC0379369D2ECB19",
				"EBDAA1ED4A51763F27FE77EA",
				"7AE7BDF8852BC3DFB2C8E6CF",
				"FA2217A89ED014F27DEB4BF3",
				"97953CEBA2C8178E10DC0CF3",
				"A5748B2FA7D0250AE88777AD",
				"19E78E6A547867B0B713F9E0",
				"4CB1877E1E754197CB6B52D3",
				"AD7CBE1B724A594865304294",
				"EE73435E63FBDDC57CD6A1CA",
				"712C0C70FE20F1010AEFEEA9",
				"702F8EE308964875BB4B38B5",
				"D82EEC2B2ABB553E765E7759",
				"A3C31395573845E6CC0C9B6B",
				"095489D9291E5ABBDA73A535",
				"C79703411AAAF4A26138BE19",
				"6617B29CBCB470DB5E373A62",
				"158383CBE3945A5ADD3B80C6",
				"8420F5A0193E5EC5C88641DB",
				"E93ADD11E13E565D02A29F6B",
				"88EF33F8BF735F2C28F64643",
				"ED720B94005851685A09AD37",
				"DF5DFCAAB8B90933147CDA29",
				"1CFF2529FDCFCB83664CEE50",
				"C6AC48526F09D917EBA04306",
				"8FB9522295138D376AC024F8",
				"6D13290B9E0D2E2C9C085F6A",
				"21EED037A0F3C47730A88462",
				"E69128D31B7360668FEBF048",
				"2A71A3176BE2F27EB74C0948",
				"9F8183CF16CD60D173584285",
				"F8CA433C31BF9642C9E9DB09",
				"C1FD730A19040E93D0B3ADDC",
				"FEEC7109F2AC1F59B4F10EEC",
				"3D83886E608DDA05C70C8AA7",
				"EB1681993E054CF2C6B0AD70",
				"CA2B7701BE0F2BBE9BC7ABED",
				"3BDAA367A104489FA7F565F7",
				"3A38FAF01AD57C0B3126DE78",
				"E13B3FA373ACB53DD91E1247",
				"6758BBB2DCE080D63717823D",
				"4CB9316EEBEB0A751E672614",
				"A3D760452DECB82E9055B0B1",
				"DAF36F9F065553BC6C4BFB03",
				"10D73E208E7F7947ABA39AFC",
				"47DE60EA9F38E9059D73CF41",
				"59E5701B8E30C71754F81F0C",
				"CC72F6FBE4D32A128C205208",
				"49C6E0A13271C2CEA509F8A1",
				"3CB16915C2FCDF063FC81683",
				"D8338392327A41894ED44292",
				"15AFABDFB546A0AEA754EFB0",
				"EF7E53D31F18275DE006BC21",
				"94B8D622E923531EC220D30A",
				"8AE0A85ACA31DF37674ADADE");
			shellPath = "/bin/sh";
			shellScript = "make\ -C\ /Users/alexandre/development/Natron/ceres\ -f\ \'ceres.xcodeproj/qt_preprocess.mak\'";
		};
		C29B8785722055ED95EF7B57 = {
			buildActionMask = 2147483647;
			files = (
				"11AF19B3026E737C268E69D7",
				"EB6F14EFBF32329C15030C97",
				"1107147767FC3ADC80B0C30B",
				"0660B8324202B3E976C1A531",
				"7146FFFAA15F912A37E0CF51",
				"921D3549DADEEAC71CE8BA71",
				"5498923F9C447660CDF2E842",
				"750E1D60500E276145AC8ADD",
				"3421F4F978C3F9FA196C5677",
				"24B21F10DB04E83DC7C77227",
				"B5D96611BA57E978D5A2675E",
				"D210C957721242F784051874",
				"4A53598650E90C6F3C97780C",
				"AF7A0241307467E43F29CC35",
				"CD05907880B1952B1CA8E666",
				"F1F080A5A4AD980B32A69DE7",
				"6F12D6C75E7BFB57BFB1EE26",
				"1701E81E4C29C84F5E1F0C21",
				"3E71EE233E56656B699906F2",
				"A4454067FF9D581B4CB655E7",
				"85D16DCDD2ADE07C10F23B67",
				"DBA69DE81853201AEF907A88",
				"FA0A20435699BFC1CEE68997",
				"49A703593B8E016337DF7782",
				"09697209D1E08995B2DAA985",
				"D38A18B0B96C19CA055F3B13",
				"27623FACAC7686AC7616282C",
				"F66C847A3CF0DBB53326F6B7",
				"1CDB293002ECD622E1F1C1DD",
				"E3EBA5DBB9049AD4C22B5C40",
				"5C7E0B0C561932B93DC9D8FC",
				"8569668603F678050044E170",
				"B36F4ED5D4F272812766B1A4",
				"43D48F58C40752723564083E",
				"3C72F8586FDEBE10F5F603C6",
				"6BF15CF18E4514A98B55A09A",
				"BAAF472F604AF9E73F1185FC",
				"3FF34F7DDAD0C23E79CC9BAE",
				"14F06A1BBD1EA1089B0FC886",
				"4A6E5AA9BC0379369D2ECB19",
				"EBDAA1ED4A51763F27FE77EA",
				"7AE7BDF8852BC3DFB2C8E6CF",
				"FA2217A89ED014F27DEB4BF3",
				"97953CEBA2C8178E10DC0CF3",
				"A5748B2FA7D0250AE88777AD",
				"19E78E6A547867B0B713F9E0",
				"4CB1877E1E754197CB6B52D3",
				"AD7CBE1B724A594865304294",
				"EE73435E63FBDDC57CD6A1CA",
				"712C0C70FE20F1010AEFEEA9",
				"702F8EE308964875BB4B38B5",
				"D82EEC2B2ABB553E765E7759",
				"A3C31395573845E6CC0C9B6B",
				"095489D9291E5ABBDA73A535",
				"C79703411AAAF4A26138BE19",
				"6617B29CBCB470DB5E373A62",
				"158383CBE3945A5ADD3B80C6",
				"8420F5A0193E5EC5C88641DB",
				"E93ADD11E13E565D02A29F6B",
				"88EF33F8BF735F2C28F64643",
				"ED720B94005851685A09AD37",
				"DF5DFCAAB8B90933147CDA29",
				"1CFF2529FDCFCB83664CEE50",
				"C6AC48526F09D917EBA04306",
				"8FB9522295138D376AC024F8",
				"6D13290B9E0D2E2C9C085F6A",
				"21EED037A0F3C47730A88462",
				"E69128D31B7360668FEBF048",
				"2A71A3176BE2F27EB74C0948",
				"9F8183CF16CD60D173584285",
				"F8CA433C31BF9642C9E9DB09",
				"C1FD730A19040E93D0B3ADDC",
				"FEEC7109F2AC1F59B4F10EEC",
				"3D83886E608DDA05C70C8AA7",
				"EB1681993E054CF2C6B0AD70",
				"CA2B7701BE0F2BBE9BC7ABED",
				"3BDAA367A104489FA7F565F7",
				"3A38FAF01AD57C0B3126DE78",
				"E13B3FA373ACB53DD91E1247",
				"6758BBB2DCE080D63717823D",
				"4CB9316EEBEB0A751E672614",
				"A3D760452DECB82E9055B0B1",
				"DAF36F9F065553BC6C4BFB03",
				"10D73E208E7F7947ABA39AFC",
				"47DE60EA9F38E9059D73CF41",
				"59E5701B8E30C71754F81F0C",
				"CC72F6FBE4D32A128C205208",
				"49C6E0A13271C2CEA509F8A1",
				"3CB16915C2FCDF063FC81683",
				"D8338392327A41894ED44292",
				"15AFABDFB546A0AEA754EFB0",
				"EF7E53D31F18275DE006BC21",
				"94B8D622E923531EC220D30A",
				"8AE0A85ACA31DF37674ADADE");
			isa = PBXSourcesBuildPhase;
			name = "Build Sources";
		};
		2A1043669E6E5A7426EA502A = {
			buildActionMask = 2147483647;
			files = (
				);
			isa = PBXFrameworksBuildPhase;
			name = "Frameworks & Libraries";
		};
		05596AB53D8D521C69802C27 = {
			children = (
				"FB61758D0F0FDA4BA867C3D5",
				"883D7615C4D2DE3FA1218F12",
				"7CABE3C80E79AD2B307756D2");
			isa = PBXGroup;
			name = "ceres";
			path = "";
			refType = 4;
			sourceTree = "<Group>";
		};
		BB2596081CAD184B800CF99D = {
			isa = PBXFileReference;
			explicitFileType = "compiled.mach-o.dylib";
			path = "libceres.a";
			refType = 3;
			sourceTree = BUILT_PRODUCTS_DIR;
		};
		068F80C7519D0528FB08E821 = {
			children = (
				"BB2596081CAD184B800CF99D");
			isa = PBXGroup;
			name = "Products";
			refType = 4;
		};
		B72CC4B33C9020E72F8C7D40 = {
			buildPhases = (
				"D7BA7D76DAB5DD13389D6332",
				"A0A52A2ADF7A1E2A99738674",
				"C29B8785722055ED95EF7B57",
				"2A1043669E6E5A7426EA502A");
			buildSettings = {
				CC = "/usr/bin/clang";
				CPLUSPLUS = "/usr/bin/clang++";
				LEXFLAGS = "";
				YACCFLAGS = "-d";
				OTHER_REZFLAGS = "";
				SECTORDER_FLAGS = "";
				WARNING_CFLAGS = "";
				PREBINDING = NO;
				BUILD_ROOT = "/Users/alexandre/development/Natron/ceres";
				INSTALL_PATH = "";
				DYLIB_CURRENT_VERSION = "1.0.0";
				DYLIB_COMPATIBILITY_VERSION = "1.0";
				MACOSX_DEPLOYMENT_TARGET = "10.11";
				LIBRARY_STYLE = "STATIC";
				PRODUCT_NAME = "ceres";
			};
			conditionalBuildSettings = {
			};
			dependencies = (
				);
			productReference = "BB2596081CAD184B800CF99D";
			shouldUseHeadermap = 1;
			buildConfigurationList = 17B3380A4D6A7D415E7F2E1E;
			isa = PBXNativeTarget;
			name = "ceres";
			productName = "ceres";
			productType = "com.apple.product-type.library.static";
			startupPath = "<<ProjectDirectory>>";
		};
		4B72B24813252891014BCF61 = {
			isa = XCBuildConfiguration;
			buildSettings = {
				COPY_PHASE_STRIP = "NO";
				GCC_GENERATE_DEBUGGING_SYMBOLS = "YES";
				GCC_OPTIMIZATION_LEVEL = "0";
				PRODUCT_NAME = "ceres";
				HEADER_SEARCH_PATHS = (
					"/opt/local/include",
					"../libs/ceres/config",
					"../libs/ceres/include",
					"../libs/ceres/internal",
					"../libs/gflags",
					"../libs/gflags/src",
					"../libs/gflags/src/gflags",
					"../libs/glog/src",
					"../libs/libmv/third_party",
					"../libs/Eigen3",
					"../libs/glog/src",
					"/usr/local/include",
					"/System/Library/Frameworks/CarbonCore.framework/Headers",
					"/opt/local/libexec/qt4/share/mkspecs/macx-xcode");
				LIBRARY_SEARCH_PATHS = (
					);
				FRAMEWORK_SEARCH_PATHS = (
					);
				INFOPLIST_FILE = "Info.plist";
				OTHER_CFLAGS = (
					"-pipe",
					"-g",
					"-Wall",
					"-W",
					"-fPIC",
					"-DCERES_HAVE_PTHREAD",
					"-DCERES_NO_SUITESPARSE",
					"-DCERES_NO_CXSPARSE",
					"-DCERES_HAVE_RWLOCK",
					"-DCERES_NO_LAPACK",
					"-DCERES_RESTRICT_SCHUR_SPECIALIZATION",
					"-DWITH_LIBMV_GUARDED_ALLOC",
					"-DGOOGLE_GLOG_DLL_DECL=",
					"-DLIBMV_NO_FAST_DETECTOR=",
					"-DCERES_BOOST_SHARED_PTR",
					"-DCERES_BOOST_UNORDERED_MAP",
					"-DOFX_EXTENSIONS_NUKE",
					"-DOFX_EXTENSIONS_TUTTLE",
					"-DOFX_EXTENSIONS_VEGAS",
					"-DOFX_SUPPORTS_PARAMETRIC",
					"-DOFX_EXTENSIONS_TUTTLE",
					"-DOFX_EXTENSIONS_NATRON",
					"-DOFX_SUPPORTS_OPENGLRENDER",
					"-DOFX_SUPPORTS_MULTITHREAD",
					"-DOFX_SUPPORTS_DIALOG",
					"-DQT_NO_CAST_FROM_ASCII",
					"-DDEBUG",
					"-DNATRON_USE_BREAKPAD",
					"-DNATRON_BUILD_NUMBER=0");
				OTHER_CPLUSPLUSFLAGS = (
					"-pipe",
					"-ftemplate-depth-1024",
					"-g",
					"-Wall",
					"-W",
					"-fPIC",
					"-DCERES_HAVE_PTHREAD",
					"-DCERES_NO_SUITESPARSE",
					"-DCERES_NO_CXSPARSE",
					"-DCERES_HAVE_RWLOCK",
					"-DCERES_NO_LAPACK",
					"-DCERES_RESTRICT_SCHUR_SPECIALIZATION",
					"-DWITH_LIBMV_GUARDED_ALLOC",
					"-DGOOGLE_GLOG_DLL_DECL=",
					"-DLIBMV_NO_FAST_DETECTOR=",
					"-DCERES_BOOST_SHARED_PTR",
					"-DCERES_BOOST_UNORDERED_MAP",
					"-DOFX_EXTENSIONS_NUKE",
					"-DOFX_EXTENSIONS_TUTTLE",
					"-DOFX_EXTENSIONS_VEGAS",
					"-DOFX_SUPPORTS_PARAMETRIC",
					"-DOFX_EXTENSIONS_TUTTLE",
					"-DOFX_EXTENSIONS_NATRON",
					"-DOFX_SUPPORTS_OPENGLRENDER",
					"-DOFX_SUPPORTS_MULTITHREAD",
					"-DOFX_SUPPORTS_DIALOG",
					"-DQT_NO_CAST_FROM_ASCII",
					"-DDEBUG",
					"-DNATRON_USE_BREAKPAD",
					"-DNATRON_BUILD_NUMBER=0");
				ARCHS = "x86_64";
			};
			name = "Debug";
		};
		BEC09A62E69C3553534FF35E = {
			isa = XCBuildConfiguration;
			buildSettings = {
				COPY_PHASE_STRIP = "NO";
				GCC_GENERATE_DEBUGGING_SYMBOLS = "YES";
				GCC_OPTIMIZATION_LEVEL = "0";
				PRODUCT_NAME = "ceres";
				LIBRARY_STYLE = "STATIC";
				PRODUCT_NAME = "ceres";
			};
			name = "Debug";
		};
		2C641C3335766025DD51B7BD = {
			buildRules = (
				);
			buildSettings = {
				COPY_PHASE_STRIP = "NO";
				GCC_GENERATE_DEBUGGING_SYMBOLS = "YES";
				GCC_OPTIMIZATION_LEVEL = "0";
				PRODUCT_NAME = "ceres";
			};
			isa = "PBXBuildStyle";
			name = "Debug";
		};
		D70590BEB531B51029F711BB = {
			isa = XCBuildConfiguration;
			buildSettings = {
				COPY_PHASE_STRIP = "YES";
				GCC_GENERATE_DEBUGGING_SYMBOLS = "NO";
				PRODUCT_NAME = "ceres";
				HEADER_SEARCH_PATHS = (
					"/opt/local/include",
					"../libs/ceres/config",
					"../libs/ceres/include",
					"../libs/ceres/internal",
					"../libs/gflags",
					"../libs/gflags/src",
					"../libs/gflags/src/gflags",
					"../libs/glog/src",
					"../libs/libmv/third_party",
					"../libs/Eigen3",
					"../libs/glog/src",
					"/usr/local/include",
					"/System/Library/Frameworks/CarbonCore.framework/Headers",
					"/opt/local/libexec/qt4/share/mkspecs/macx-xcode");
				LIBRARY_SEARCH_PATHS = (
					);
				FRAMEWORK_SEARCH_PATHS = (
					);
				INFOPLIST_FILE = "Info.plist";
				OTHER_CFLAGS = (
					"-pipe",
					"-g",
					"-Wall",
					"-W",
					"-fPIC",
					"-DCERES_HAVE_PTHREAD",
					"-DCERES_NO_SUITESPARSE",
					"-DCERES_NO_CXSPARSE",
					"-DCERES_HAVE_RWLOCK",
					"-DCERES_NO_LAPACK",
					"-DCERES_RESTRICT_SCHUR_SPECIALIZATION",
					"-DWITH_LIBMV_GUARDED_ALLOC",
					"-DGOOGLE_GLOG_DLL_DECL=",
					"-DLIBMV_NO_FAST_DETECTOR=",
					"-DCERES_BOOST_SHARED_PTR",
					"-DCERES_BOOST_UNORDERED_MAP",
					"-DOFX_EXTENSIONS_NUKE",
					"-DOFX_EXTENSIONS_TUTTLE",
					"-DOFX_EXTENSIONS_VEGAS",
					"-DOFX_SUPPORTS_PARAMETRIC",
					"-DOFX_EXTENSIONS_TUTTLE",
					"-DOFX_EXTENSIONS_NATRON",
					"-DOFX_SUPPORTS_OPENGLRENDER",
					"-DOFX_SUPPORTS_MULTITHREAD",
					"-DOFX_SUPPORTS_DIALOG",
					"-DQT_NO_CAST_FROM_ASCII",
					"-DDEBUG",
					"-DNATRON_USE_BREAKPAD",
					"-DNATRON_BUILD_NUMBER=0");
				OTHER_CPLUSPLUSFLAGS = (
					"-pipe",
					"-ftemplate-depth-1024",
					"-g",
					"-Wall",
					"-W",
					"-fPIC",
					"-DCERES_HAVE_PTHREAD",
					"-DCERES_NO_SUITESPARSE",
					"-DCERES_NO_CXSPARSE",
					"-DCERES_HAVE_RWLOCK",
					"-DCERES_NO_LAPACK",
					"-DCERES_RESTRICT_SCHUR_SPECIALIZATION",
					"-DWITH_LIBMV_GUARDED_ALLOC",
					"-DGOOGLE_GLOG_DLL_DECL=",
					"-DLIBMV_NO_FAST_DETECTOR=",
					"-DCERES_BOOST_SHARED_PTR",
					"-DCERES_BOOST_UNORDERED_MAP",
					"-DOFX_EXTENSIONS_NUKE",
					"-DOFX_EXTENSIONS_TUTTLE",
					"-DOFX_EXTENSIONS_VEGAS",
					"-DOFX_SUPPORTS_PARAMETRIC",
					"-DOFX_EXTENSIONS_TUTTLE",
					"-DOFX_EXTENSIONS_NATRON",
					"-DOFX_SUPPORTS_OPENGLRENDER",
					"-DOFX_SUPPORTS_MULTITHREAD",
					"-DOFX_SUPPORTS_DIALOG",
					"-DQT_NO_CAST_FROM_ASCII",
					"-DDEBUG",
					"-DNATRON_USE_BREAKPAD",
					"-DNATRON_BUILD_NUMBER=0");
				ARCHS = "x86_64";
			};
			name = "Release";
		};
		8C7174830A1E4DCBA0332EC1 = {
			isa = XCBuildConfiguration;
			buildSettings = {
				COPY_PHASE_STRIP = "YES";
				GCC_GENERATE_DEBUGGING_SYMBOLS = "NO";
				PRODUCT_NAME = "ceres";
				LIBRARY_STYLE = "STATIC";
				PRODUCT_NAME = "ceres";
			};
			name = "Release";
		};
		26DE8D2AEA4B3714B41E931F = {
			buildRules = (
				);
			buildSettings = {
				COPY_PHASE_STRIP = "YES";
				GCC_GENERATE_DEBUGGING_SYMBOLS = "NO";
				PRODUCT_NAME = "ceres";
			};
			isa = "PBXBuildStyle";
			name = "Release";
		};
		CC82A9286117DFED018F418F = {
			isa = XCConfigurationList;
			buildConfigurations = (
				"4B72B24813252891014BCF61",
				"D70590BEB531B51029F711BB");
			defaultConfigurationIsVisible = 0;
			defaultConfigurationIsName = "Debug";
		};
		17B3380A4D6A7D415E7F2E1E = {
			isa = XCConfigurationList;
			buildConfigurations = (
				"BEC09A62E69C3553534FF35E",
				"8C7174830A1E4DCBA0332EC1");
			defaultConfigurationIsVisible = 0;
			defaultConfigurationIsName = "Debug";
		};
		91B15E841AA80083484172DE = {
			buildStyles = (
				"2C641C3335766025DD51B7BD",
				"26DE8D2AEA4B3714B41E931F");
			hasScannedForEncodings = 1;
			isa = PBXProject;
			mainGroup = "05596AB53D8D521C69802C27";
			buildConfigurationList = "CC82A9286117DFED018F418F";
			projectDirPath = "";
			targets = (
				"B72CC4B33C9020E72F8C7D40");
		};
	};
	rootObject = "91B15E841AA80083484172DE";
}
